// !$*UTF8*$!
{
	archiveVersion = 1;
	classes = {
	};
	objectVersion = 46;
	objects = {

/* Begin PBXBuildFile section */
		1025D75818CB15BA00D854BE /* ES_PieViewController.m in Sources */ = {isa = PBXBuildFile; fileRef = 1025D75718CB15BA00D854BE /* ES_PieViewController.m */; };
		10AE6C5818A30AEB0095F330 /* ES_SoundWaveProcessor.mm in Sources */ = {isa = PBXBuildFile; fileRef = 10AE6C5718A30AEB0095F330 /* ES_SoundWaveProcessor.mm */; };
		4291F1DB199A8908008EDCA4 /* ES_Activity.m in Sources */ = {isa = PBXBuildFile; fileRef = 4291F1DA199A8908008EDCA4 /* ES_Activity.m */; };
		4E5C5D94199F6C7F00B801BC /* redCircle.png in Resources */ = {isa = PBXBuildFile; fileRef = 4E5C5D93199F6C7F00B801BC /* redCircle.png */; };
		4E5C5E6919A66D4A00B801BC /* back.png in Resources */ = {isa = PBXBuildFile; fileRef = 4E5C5E6719A66D4A00B801BC /* back.png */; };
		4E5C5E6A19A66D4A00B801BC /* edit.png in Resources */ = {isa = PBXBuildFile; fileRef = 4E5C5E6819A66D4A00B801BC /* edit.png */; };
		4E71BD4A19BDA53800BA648B /* ES_SelectionFromListViewController.m in Sources */ = {isa = PBXBuildFile; fileRef = 4E71BD4919BDA53800BA648B /* ES_SelectionFromListViewController.m */; };
		4E987BB319AEA7E8008C569D /* ES_Settings.m in Sources */ = {isa = PBXBuildFile; fileRef = 4E987BB219AEA7E8008C569D /* ES_Settings.m */; };
		4EB5226B198DF0B300BBC678 /* ES_AlertViewWithUserInfo.m in Sources */ = {isa = PBXBuildFile; fileRef = 4EB5226A198DF0B200BBC678 /* ES_AlertViewWithUserInfo.m */; };
		4EFADB2F19DE1DD200262568 /* ES_FeedbackViewController.m in Sources */ = {isa = PBXBuildFile; fileRef = 4EFADB2E19DE1DD200262568 /* ES_FeedbackViewController.m */; };
		4EFADB3119F08BD800262568 /* CoreTelephony.framework in Frameworks */ = {isa = PBXBuildFile; fileRef = 4EFADB3019F08BD500262568 /* CoreTelephony.framework */; };
		7015789019FF0585003CCA95 /* libz.1.2.5.dylib in Frameworks */ = {isa = PBXBuildFile; fileRef = 7015788F19FF0585003CCA95 /* libz.1.2.5.dylib */; };
		7015789619FF1196003CCA95 /* MelFilterBank.cpp in Sources */ = {isa = PBXBuildFile; fileRef = 7015789219FF1196003CCA95 /* MelFilterBank.cpp */; };
		7015789719FF1196003CCA95 /* TriangleFilter.cpp in Sources */ = {isa = PBXBuildFile; fileRef = 7015789419FF1196003CCA95 /* TriangleFilter.cpp */; };
		70228E2B18B19FF200189063 /* ActiveFeedback.storyboard in Resources */ = {isa = PBXBuildFile; fileRef = 70228E2918B19FF200189063 /* ActiveFeedback.storyboard */; };
		703B3650196E3FA800D5D80B /* gear.png in Resources */ = {isa = PBXBuildFile; fileRef = 703B364F196E3FA800D5D80B /* gear.png */; };
		703B3652196E3FD100D5D80B /* stats_pie_chart.png in Resources */ = {isa = PBXBuildFile; fileRef = 703B3651196E3FD100D5D80B /* stats_pie_chart.png */; };
		703B3668196E477500D5D80B /* text-plus-icon.png in Resources */ = {isa = PBXBuildFile; fileRef = 703B3667196E477500D5D80B /* text-plus-icon.png */; };
		7070A64818D7B991007D660D /* ES_UserActivityLabels.m in Sources */ = {isa = PBXBuildFile; fileRef = 7070A64718D7B991007D660D /* ES_UserActivityLabels.m */; };
		707762E018CF7C9800ED0134 /* Reachability.m in Sources */ = {isa = PBXBuildFile; fileRef = 707762DF18CF7C9800ED0134 /* Reachability.m */; };
		707762E318D125BD00ED0134 /* ES_SummaryViewController.m in Sources */ = {isa = PBXBuildFile; fileRef = 707762E218D125BD00ED0134 /* ES_SummaryViewController.m */; };
		708D5FB2197C3778003FE7D3 /* Lying down.png in Resources */ = {isa = PBXBuildFile; fileRef = 708D5FAF197C3778003FE7D3 /* Lying down.png */; };
		708D5FB3197C3778003FE7D3 /* Standing.png in Resources */ = {isa = PBXBuildFile; fileRef = 708D5FB0197C3778003FE7D3 /* Standing.png */; };
		708D5FB4197C3778003FE7D3 /* Bicycling.png in Resources */ = {isa = PBXBuildFile; fileRef = 708D5FB1197C3778003FE7D3 /* Bicycling.png */; };
		709F513A19FEA6A100F3386C /* MFCCUtils.cpp in Sources */ = {isa = PBXBuildFile; fileRef = 709F513819FEA6A100F3386C /* MFCCUtils.cpp */; };
		709F513E19FEA6E700F3386C /* AudioFileReader.cpp in Sources */ = {isa = PBXBuildFile; fileRef = 709F513C19FEA6E700F3386C /* AudioFileReader.cpp */; };
		709F514119FEA72500F3386C /* MFCCProcessor.cpp in Sources */ = {isa = PBXBuildFile; fileRef = 709F513F19FEA72500F3386C /* MFCCProcessor.cpp */; };
		709F5AE919FEBFED00F3386C /* CADebugMacros.cpp in Sources */ = {isa = PBXBuildFile; fileRef = 709F5ADD19FEBFED00F3386C /* CADebugMacros.cpp */; };
		709F5AEA19FEBFED00F3386C /* CADebugPrintf.cpp in Sources */ = {isa = PBXBuildFile; fileRef = 709F5ADF19FEBFED00F3386C /* CADebugPrintf.cpp */; };
		709F5AEB19FEBFED00F3386C /* CAHostTimeBase.cpp in Sources */ = {isa = PBXBuildFile; fileRef = 709F5AE119FEBFED00F3386C /* CAHostTimeBase.cpp */; };
		709F5AEC19FEBFED00F3386C /* CAStreamBasicDescription.cpp in Sources */ = {isa = PBXBuildFile; fileRef = 709F5AE519FEBFED00F3386C /* CAStreamBasicDescription.cpp */; };
		709F5AED19FEBFED00F3386C /* CAXException.cpp in Sources */ = {isa = PBXBuildFile; fileRef = 709F5AE719FEBFED00F3386C /* CAXException.cpp */; };
		709F5AEF19FEC06F00F3386C /* Accelerate.framework in Frameworks */ = {isa = PBXBuildFile; fileRef = 709F5AEE19FEC06F00F3386C /* Accelerate.framework */; };
		709F5AF119FEC0A800F3386C /* AudioToolbox.framework in Frameworks */ = {isa = PBXBuildFile; fileRef = 709F5AF019FEC0A800F3386C /* AudioToolbox.framework */; };
		70B8A92D18F87D230076A4F5 /* 17-bar-chart.png in Resources */ = {isa = PBXBuildFile; fileRef = 70B8A8E718F87D230076A4F5 /* 17-bar-chart.png */; };
		70B8A92E18F87D230076A4F5 /* 100-coffee.png in Resources */ = {isa = PBXBuildFile; fileRef = 70B8A8E918F87D230076A4F5 /* 100-coffee.png */; };
		70B8A92F18F87D230076A4F5 /* 25-weather.png in Resources */ = {isa = PBXBuildFile; fileRef = 70B8A8EA18F87D230076A4F5 /* 25-weather.png */; };
		70B8A93018F87D230076A4F5 /* 32-iphone.png in Resources */ = {isa = PBXBuildFile; fileRef = 70B8A8EB18F87D230076A4F5 /* 32-iphone.png */; };
		70B8A93118F87D230076A4F5 /* biking.png in Resources */ = {isa = PBXBuildFile; fileRef = 70B8A8EC18F87D230076A4F5 /* biking.png */; };
		70B8A93218F87D230076A4F5 /* Bus-256.png in Resources */ = {isa = PBXBuildFile; fileRef = 70B8A8ED18F87D230076A4F5 /* Bus-256.png */; };
		70B8A93318F87D230076A4F5 /* Driving.png in Resources */ = {isa = PBXBuildFile; fileRef = 70B8A8EE18F87D230076A4F5 /* Driving.png */; };
		70B8A93418F87D230076A4F5 /* exercising.png in Resources */ = {isa = PBXBuildFile; fileRef = 70B8A8EF18F87D230076A4F5 /* exercising.png */; };
		70B8A93518F87D230076A4F5 /* house.png in Resources */ = {isa = PBXBuildFile; fileRef = 70B8A8F018F87D230076A4F5 /* house.png */; };
		70B8A93618F87D230076A4F5 /* indicator-biking.png in Resources */ = {isa = PBXBuildFile; fileRef = 70B8A8F218F87D230076A4F5 /* indicator-biking.png */; };
		70B8A93718F87D230076A4F5 /* indicator-biking@2x.png in Resources */ = {isa = PBXBuildFile; fileRef = 70B8A8F318F87D230076A4F5 /* indicator-biking@2x.png */; };
		70B8A93818F87D230076A4F5 /* indicator-driving.png in Resources */ = {isa = PBXBuildFile; fileRef = 70B8A8F418F87D230076A4F5 /* indicator-driving.png */; };
		70B8A93918F87D230076A4F5 /* indicator-driving@2x.png in Resources */ = {isa = PBXBuildFile; fileRef = 70B8A8F518F87D230076A4F5 /* indicator-driving@2x.png */; };
		70B8A93A18F87D230076A4F5 /* indicator-exercising.png in Resources */ = {isa = PBXBuildFile; fileRef = 70B8A8F618F87D230076A4F5 /* indicator-exercising.png */; };
		70B8A93B18F87D230076A4F5 /* indicator-exercising@2x.png in Resources */ = {isa = PBXBuildFile; fileRef = 70B8A8F718F87D230076A4F5 /* indicator-exercising@2x.png */; };
		70B8A93C18F87D230076A4F5 /* indicator-housework.png in Resources */ = {isa = PBXBuildFile; fileRef = 70B8A8F818F87D230076A4F5 /* indicator-housework.png */; };
		70B8A93D18F87D230076A4F5 /* indicator-housework@2x.png in Resources */ = {isa = PBXBuildFile; fileRef = 70B8A8F918F87D230076A4F5 /* indicator-housework@2x.png */; };
		70B8A93E18F87D230076A4F5 /* indicator-party.png in Resources */ = {isa = PBXBuildFile; fileRef = 70B8A8FA18F87D230076A4F5 /* indicator-party.png */; };
		70B8A93F18F87D230076A4F5 /* indicator-party@2x.png in Resources */ = {isa = PBXBuildFile; fileRef = 70B8A8FB18F87D230076A4F5 /* indicator-party@2x.png */; };
		70B8A94018F87D230076A4F5 /* indicator-running.png in Resources */ = {isa = PBXBuildFile; fileRef = 70B8A8FC18F87D230076A4F5 /* indicator-running.png */; };
		70B8A94118F87D230076A4F5 /* indicator-running@2x.png in Resources */ = {isa = PBXBuildFile; fileRef = 70B8A8FD18F87D230076A4F5 /* indicator-running@2x.png */; };
		70B8A94218F87D230076A4F5 /* indicator-sitting.png in Resources */ = {isa = PBXBuildFile; fileRef = 70B8A8FE18F87D230076A4F5 /* indicator-sitting.png */; };
		70B8A94318F87D230076A4F5 /* indicator-sitting@2x.png in Resources */ = {isa = PBXBuildFile; fileRef = 70B8A8FF18F87D230076A4F5 /* indicator-sitting@2x.png */; };
		70B8A94418F87D230076A4F5 /* indicator-talking.png in Resources */ = {isa = PBXBuildFile; fileRef = 70B8A90018F87D230076A4F5 /* indicator-talking.png */; };
		70B8A94518F87D230076A4F5 /* indicator-talking@2x.png in Resources */ = {isa = PBXBuildFile; fileRef = 70B8A90118F87D230076A4F5 /* indicator-talking@2x.png */; };
		70B8A94618F87D230076A4F5 /* indicator-walking.png in Resources */ = {isa = PBXBuildFile; fileRef = 70B8A90218F87D230076A4F5 /* indicator-walking.png */; };
		70B8A94718F87D230076A4F5 /* indicator-walking@2x.png in Resources */ = {isa = PBXBuildFile; fileRef = 70B8A90318F87D230076A4F5 /* indicator-walking@2x.png */; };
		70B8A94818F87D230076A4F5 /* party-small.png in Resources */ = {isa = PBXBuildFile; fileRef = 70B8A90418F87D230076A4F5 /* party-small.png */; };
		70B8A94918F87D230076A4F5 /* party.png in Resources */ = {isa = PBXBuildFile; fileRef = 70B8A90518F87D230076A4F5 /* party.png */; };
		70B8A94A18F87D230076A4F5 /* Running.png in Resources */ = {isa = PBXBuildFile; fileRef = 70B8A90618F87D230076A4F5 /* Running.png */; };
		70B8A94B18F87D230076A4F5 /* Sitting.png in Resources */ = {isa = PBXBuildFile; fileRef = 70B8A90718F87D230076A4F5 /* Sitting.png */; };
		70B8A94C18F87D230076A4F5 /* studying-small.png in Resources */ = {isa = PBXBuildFile; fileRef = 70B8A90818F87D230076A4F5 /* studying-small.png */; };
		70B8A94D18F87D230076A4F5 /* studying.png in Resources */ = {isa = PBXBuildFile; fileRef = 70B8A90918F87D230076A4F5 /* studying.png */; };
		70B8A94E18F87D230076A4F5 /* talking.png in Resources */ = {isa = PBXBuildFile; fileRef = 70B8A90A18F87D230076A4F5 /* talking.png */; };
		70B8A94F18F87D230076A4F5 /* Walking.png in Resources */ = {isa = PBXBuildFile; fileRef = 70B8A90B18F87D230076A4F5 /* Walking.png */; };
		70B8A95018F87D230076A4F5 /* activity_button.png in Resources */ = {isa = PBXBuildFile; fileRef = 70B8A90C18F87D230076A4F5 /* activity_button.png */; };
		70B8A95118F87D230076A4F5 /* activity_button@2x.png in Resources */ = {isa = PBXBuildFile; fileRef = 70B8A90D18F87D230076A4F5 /* activity_button@2x.png */; };
		70B8A95218F87D230076A4F5 /* album-art-small.png in Resources */ = {isa = PBXBuildFile; fileRef = 70B8A90E18F87D230076A4F5 /* album-art-small.png */; };
		70B8A95318F87D230076A4F5 /* album-art.png in Resources */ = {isa = PBXBuildFile; fileRef = 70B8A90F18F87D230076A4F5 /* album-art.png */; };
		70B8A95418F87D230076A4F5 /* alert.wav in Resources */ = {isa = PBXBuildFile; fileRef = 70B8A91118F87D230076A4F5 /* alert.wav */; };
		70B8A95518F87D230076A4F5 /* network.png in Resources */ = {isa = PBXBuildFile; fileRef = 70B8A91218F87D230076A4F5 /* network.png */; };
		70B8A95618F87D230076A4F5 /* success.png in Resources */ = {isa = PBXBuildFile; fileRef = 70B8A91318F87D230076A4F5 /* success.png */; };
		70B8A95718F87D230076A4F5 /* black-linen.png in Resources */ = {isa = PBXBuildFile; fileRef = 70B8A91418F87D230076A4F5 /* black-linen.png */; };
		70B8A95818F87D230076A4F5 /* black-linenold.png in Resources */ = {isa = PBXBuildFile; fileRef = 70B8A91518F87D230076A4F5 /* black-linenold.png */; };
		70B8A95918F87D230076A4F5 /* button-bg.png in Resources */ = {isa = PBXBuildFile; fileRef = 70B8A91618F87D230076A4F5 /* button-bg.png */; };
		70B8A95A18F87D230076A4F5 /* danger-btn-bg.png in Resources */ = {isa = PBXBuildFile; fileRef = 70B8A91718F87D230076A4F5 /* danger-btn-bg.png */; };
		70B8A95B18F87D230076A4F5 /* default_playlist.json in Resources */ = {isa = PBXBuildFile; fileRef = 70B8A91818F87D230076A4F5 /* default_playlist.json */; };
		70B8A95C18F87D230076A4F5 /* icon-ipad.png in Resources */ = {isa = PBXBuildFile; fileRef = 70B8A91918F87D230076A4F5 /* icon-ipad.png */; };
		70B8A95D18F87D230076A4F5 /* icon.png in Resources */ = {isa = PBXBuildFile; fileRef = 70B8A91A18F87D230076A4F5 /* icon.png */; };
		70B8A95E18F87D230076A4F5 /* icon@2x.png in Resources */ = {isa = PBXBuildFile; fileRef = 70B8A91B18F87D230076A4F5 /* icon@2x.png */; };
		70B8A95F18F87D230076A4F5 /* music-note.png in Resources */ = {isa = PBXBuildFile; fileRef = 70B8A91C18F87D230076A4F5 /* music-note.png */; };
		70B8A96018F87D230076A4F5 /* favorite.png in Resources */ = {isa = PBXBuildFile; fileRef = 70B8A91E18F87D230076A4F5 /* favorite.png */; };
		70B8A96118F87D230076A4F5 /* feed-icon.png in Resources */ = {isa = PBXBuildFile; fileRef = 70B8A91F18F87D230076A4F5 /* feed-icon.png */; };
		70B8A96218F87D230076A4F5 /* header-bg.png in Resources */ = {isa = PBXBuildFile; fileRef = 70B8A92018F87D230076A4F5 /* header-bg.png */; };
		70B8A96318F87D230076A4F5 /* profile-icon.png in Resources */ = {isa = PBXBuildFile; fileRef = 70B8A92118F87D230076A4F5 /* profile-icon.png */; };
		70B8A96418F87D230076A4F5 /* settings-icon.png in Resources */ = {isa = PBXBuildFile; fileRef = 70B8A92218F87D230076A4F5 /* settings-icon.png */; };
		70B8A96518F87D230076A4F5 /* table-bg.png in Resources */ = {isa = PBXBuildFile; fileRef = 70B8A92318F87D230076A4F5 /* table-bg.png */; };
		70B8A96618F87D230076A4F5 /* trending-icon.png in Resources */ = {isa = PBXBuildFile; fileRef = 70B8A92418F87D230076A4F5 /* trending-icon.png */; };
		70B8A96718F87D230076A4F5 /* nav-menu-icon.png in Resources */ = {isa = PBXBuildFile; fileRef = 70B8A92518F87D230076A4F5 /* nav-menu-icon.png */; };
		70B8A96818F87D230076A4F5 /* play_btn.png in Resources */ = {isa = PBXBuildFile; fileRef = 70B8A92618F87D230076A4F5 /* play_btn.png */; };
		70B8A96918F87D230076A4F5 /* primary-btn-bg.png in Resources */ = {isa = PBXBuildFile; fileRef = 70B8A92718F87D230076A4F5 /* primary-btn-bg.png */; };
		70B8A96A18F87D230076A4F5 /* rdio-logo.png in Resources */ = {isa = PBXBuildFile; fileRef = 70B8A92818F87D230076A4F5 /* rdio-logo.png */; };
		70B8A96B18F87D230076A4F5 /* rdio-logo@2x.png in Resources */ = {isa = PBXBuildFile; fileRef = 70B8A92918F87D230076A4F5 /* rdio-logo@2x.png */; };
		70B8A96C18F87D230076A4F5 /* silent-on.png in Resources */ = {isa = PBXBuildFile; fileRef = 70B8A92A18F87D230076A4F5 /* silent-on.png */; };
		70B8A96D18F87D230076A4F5 /* smiley.png in Resources */ = {isa = PBXBuildFile; fileRef = 70B8A92B18F87D230076A4F5 /* smiley.png */; };
		70B8A96E18F87D230076A4F5 /* success-btn-bg.png in Resources */ = {isa = PBXBuildFile; fileRef = 70B8A92C18F87D230076A4F5 /* success-btn-bg.png */; };
		70C156BE18D526EB007CCB39 /* ES_ContainerViewController.m in Sources */ = {isa = PBXBuildFile; fileRef = 70C156BD18D526EB007CCB39 /* ES_ContainerViewController.m */; };
		70C156C418D52864007CCB39 /* Empty.m in Sources */ = {isa = PBXBuildFile; fileRef = 70C156C318D52864007CCB39 /* Empty.m */; };
		70C156C718D52BD1007CCB39 /* ES_SwapViewController.m in Sources */ = {isa = PBXBuildFile; fileRef = 70C156C618D52BD1007CCB39 /* ES_SwapViewController.m */; };
		70C156D118D75E34007CCB39 /* RaisedTabBarController.m in Sources */ = {isa = PBXBuildFile; fileRef = 70C156D018D75E34007CCB39 /* RaisedTabBarController.m */; };
		70FE414818B695D900F277FB /* ES_ActivitiesStrings.m in Sources */ = {isa = PBXBuildFile; fileRef = 70FE414718B695D900F277FB /* ES_ActivitiesStrings.m */; };
		9307CBB517F1A78A00D95E05 /* Foundation.framework in Frameworks */ = {isa = PBXBuildFile; fileRef = 9307CBB417F1A78A00D95E05 /* Foundation.framework */; };
		9307CBB717F1A78A00D95E05 /* CoreGraphics.framework in Frameworks */ = {isa = PBXBuildFile; fileRef = 9307CBB617F1A78A00D95E05 /* CoreGraphics.framework */; };
		9307CBB917F1A78A00D95E05 /* UIKit.framework in Frameworks */ = {isa = PBXBuildFile; fileRef = 9307CBB817F1A78A00D95E05 /* UIKit.framework */; };
		9307CBBF17F1A78A00D95E05 /* InfoPlist.strings in Resources */ = {isa = PBXBuildFile; fileRef = 9307CBBD17F1A78A00D95E05 /* InfoPlist.strings */; };
		9307CBC117F1A78A00D95E05 /* main.m in Sources */ = {isa = PBXBuildFile; fileRef = 9307CBC017F1A78A00D95E05 /* main.m */; };
		9307CBC517F1A78A00D95E05 /* ES_AppDelegate.m in Sources */ = {isa = PBXBuildFile; fileRef = 9307CBC417F1A78A00D95E05 /* ES_AppDelegate.m */; };
		9307CBC817F1A78A00D95E05 /* Main.storyboard in Resources */ = {isa = PBXBuildFile; fileRef = 9307CBC617F1A78A00D95E05 /* Main.storyboard */; };
		9307CBCD17F1A78A00D95E05 /* Images.xcassets in Resources */ = {isa = PBXBuildFile; fileRef = 9307CBCC17F1A78A00D95E05 /* Images.xcassets */; };
		9307CBD417F1A78A00D95E05 /* XCTest.framework in Frameworks */ = {isa = PBXBuildFile; fileRef = 9307CBD317F1A78A00D95E05 /* XCTest.framework */; };
		9307CBD517F1A78A00D95E05 /* Foundation.framework in Frameworks */ = {isa = PBXBuildFile; fileRef = 9307CBB417F1A78A00D95E05 /* Foundation.framework */; };
		9307CBD617F1A78A00D95E05 /* UIKit.framework in Frameworks */ = {isa = PBXBuildFile; fileRef = 9307CBB817F1A78A00D95E05 /* UIKit.framework */; };
		9307CBDE17F1A78A00D95E05 /* InfoPlist.strings in Resources */ = {isa = PBXBuildFile; fileRef = 9307CBDC17F1A78A00D95E05 /* InfoPlist.strings */; };
		9307CBE017F1A78A00D95E05 /* ExtraSensoryTests.m in Sources */ = {isa = PBXBuildFile; fileRef = 9307CBDF17F1A78A00D95E05 /* ExtraSensoryTests.m */; };
		9307CBEA17F1CA9E00D95E05 /* CoreMotion.framework in Frameworks */ = {isa = PBXBuildFile; fileRef = 9307CBE917F1CA9E00D95E05 /* CoreMotion.framework */; };
		9307CC3517F2075C00D95E05 /* ES_UserDataModel.xcdatamodeld in Sources */ = {isa = PBXBuildFile; fileRef = 9307CC3317F2075C00D95E05 /* ES_UserDataModel.xcdatamodeld */; };
		93146B8B18024A9D00F2AAC7 /* ES_ActivityStatistic.m in Sources */ = {isa = PBXBuildFile; fileRef = 93146B8A18024A9D00F2AAC7 /* ES_ActivityStatistic.m */; };
		933F7CCB17F4C80B00B05C96 /* ES_SensorManager.m in Sources */ = {isa = PBXBuildFile; fileRef = 933F7CCA17F4C80B00B05C96 /* ES_SensorManager.m */; };
		939562FD1806481800BF448E /* ES_PieChartView.m in Sources */ = {isa = PBXBuildFile; fileRef = 939562FC1806481800BF448E /* ES_PieChartView.m */; };
		939600A5181B0194006221C6 /* ES_User.m in Sources */ = {isa = PBXBuildFile; fileRef = 939600A4181B0194006221C6 /* ES_User.m */; };
		939600A8181B0195006221C6 /* ES_UserPopulation.m in Sources */ = {isa = PBXBuildFile; fileRef = 939600A7181B0195006221C6 /* ES_UserPopulation.m */; };
		93AC71A7180878A000D58E77 /* ES_SettingsViewController.m in Sources */ = {isa = PBXBuildFile; fileRef = 93AC71A6180878A000D58E77 /* ES_SettingsViewController.m */; };
		93AC71AA1808A91800D58E77 /* ES_CalendarViewCell.m in Sources */ = {isa = PBXBuildFile; fileRef = 93AC71A91808A91800D58E77 /* ES_CalendarViewCell.m */; };
		93AC71AD1808D41000D58E77 /* ES_Format.m in Sources */ = {isa = PBXBuildFile; fileRef = 93AC71AC1808D41000D58E77 /* ES_Format.m */; };
		93BC42BC17FB4C2900F06844 /* ES_Scheduler.m in Sources */ = {isa = PBXBuildFile; fileRef = 93BC42BB17FB4C2900F06844 /* ES_Scheduler.m */; };
		93E29C1D17FE1D3800BE0AD2 /* ES_CalendarViewTableViewController.m in Sources */ = {isa = PBXBuildFile; fileRef = 93E29C1C17FE1D3800BE0AD2 /* ES_CalendarViewTableViewController.m */; };
		93F659D717F6857B000638CB /* ES_DataBaseAccessor.m in Sources */ = {isa = PBXBuildFile; fileRef = 93F659D617F6857B000638CB /* ES_DataBaseAccessor.m */; };
		93F659DE17F6B280000638CB /* ES_NetworkAccessor.m in Sources */ = {isa = PBXBuildFile; fileRef = 93F659DD17F6B280000638CB /* ES_NetworkAccessor.m */; };
		93F678EE17F81F42000638CB /* ES_HomeViewController.m in Sources */ = {isa = PBXBuildFile; fileRef = 93F678ED17F81F42000638CB /* ES_HomeViewController.m */; };
		93F679C317F978AF000638CB /* ioapi.c in Sources */ = {isa = PBXBuildFile; fileRef = 93F679B917F978AF000638CB /* ioapi.c */; };
		93F679C417F978AF000638CB /* mztools.c in Sources */ = {isa = PBXBuildFile; fileRef = 93F679BB17F978AF000638CB /* mztools.c */; };
		93F679C517F978AF000638CB /* unzip.c in Sources */ = {isa = PBXBuildFile; fileRef = 93F679BD17F978AF000638CB /* unzip.c */; };
		93F679C617F978AF000638CB /* zip.c in Sources */ = {isa = PBXBuildFile; fileRef = 93F679BF17F978AF000638CB /* zip.c */; };
		93F679C717F978AF000638CB /* ZipArchive.mm in Sources */ = {isa = PBXBuildFile; fileRef = 93F679C217F978AF000638CB /* ZipArchive.mm */; };
		9F59F66718A9A9C5002C94B9 /* ES_HistoryTableViewController.m in Sources */ = {isa = PBXBuildFile; fileRef = 9F59F66618A9A9C5002C94B9 /* ES_HistoryTableViewController.m */; };
		9F59F66818A9A9C5002C94B9 /* ES_HistoryTableViewController.m in Sources */ = {isa = PBXBuildFile; fileRef = 9F59F66618A9A9C5002C94B9 /* ES_HistoryTableViewController.m */; };
		9F90A5CA18AD7A6700E6E29B /* ES_ActivityEventTableCell.m in Sources */ = {isa = PBXBuildFile; fileRef = 9F90A5C918AD7A6700E6E29B /* ES_ActivityEventTableCell.m */; };
		9FA74F5718AAF3A50095834B /* ES_ActivityEvent.m in Sources */ = {isa = PBXBuildFile; fileRef = 9FA74F5618AAF3A50095834B /* ES_ActivityEvent.m */; };
/* End PBXBuildFile section */

/* Begin PBXContainerItemProxy section */
		9307CBD717F1A78A00D95E05 /* PBXContainerItemProxy */ = {
			isa = PBXContainerItemProxy;
			containerPortal = 9307CBA917F1A78A00D95E05 /* Project object */;
			proxyType = 1;
			remoteGlobalIDString = 9307CBB017F1A78A00D95E05;
			remoteInfo = ExtraSensory;
		};
/* End PBXContainerItemProxy section */

/* Begin PBXFileReference section */
		1025D75618CB15BA00D854BE /* ES_PieViewController.h */ = {isa = PBXFileReference; fileEncoding = 4; lastKnownFileType = sourcecode.c.h; path = ES_PieViewController.h; sourceTree = "<group>"; };
		1025D75718CB15BA00D854BE /* ES_PieViewController.m */ = {isa = PBXFileReference; fileEncoding = 4; lastKnownFileType = sourcecode.c.objc; path = ES_PieViewController.m; sourceTree = "<group>"; };
		10AE6C5618A30AEB0095F330 /* ES_SoundWaveProcessor.h */ = {isa = PBXFileReference; fileEncoding = 4; lastKnownFileType = sourcecode.c.h; path = ES_SoundWaveProcessor.h; sourceTree = "<group>"; };
		10AE6C5718A30AEB0095F330 /* ES_SoundWaveProcessor.mm */ = {isa = PBXFileReference; fileEncoding = 4; lastKnownFileType = sourcecode.cpp.objcpp; path = ES_SoundWaveProcessor.mm; sourceTree = "<group>"; };
		4291F1D9199A8908008EDCA4 /* ES_Activity.h */ = {isa = PBXFileReference; fileEncoding = 4; lastKnownFileType = sourcecode.c.h; path = ES_Activity.h; sourceTree = "<group>"; };
		4291F1DA199A8908008EDCA4 /* ES_Activity.m */ = {isa = PBXFileReference; fileEncoding = 4; lastKnownFileType = sourcecode.c.objc; path = ES_Activity.m; sourceTree = "<group>"; };
		4E5C5D93199F6C7F00B801BC /* redCircle.png */ = {isa = PBXFileReference; lastKnownFileType = image.png; path = redCircle.png; sourceTree = "<group>"; };
		4E5C5E6719A66D4A00B801BC /* back.png */ = {isa = PBXFileReference; lastKnownFileType = image.png; path = back.png; sourceTree = "<group>"; };
		4E5C5E6819A66D4A00B801BC /* edit.png */ = {isa = PBXFileReference; lastKnownFileType = image.png; path = edit.png; sourceTree = "<group>"; };
		4E71BD4819BDA53800BA648B /* ES_SelectionFromListViewController.h */ = {isa = PBXFileReference; fileEncoding = 4; lastKnownFileType = sourcecode.c.h; path = ES_SelectionFromListViewController.h; sourceTree = "<group>"; };
		4E71BD4919BDA53800BA648B /* ES_SelectionFromListViewController.m */ = {isa = PBXFileReference; fileEncoding = 4; lastKnownFileType = sourcecode.c.objc; path = ES_SelectionFromListViewController.m; sourceTree = "<group>"; };
		4E987BB119AEA7E8008C569D /* ES_Settings.h */ = {isa = PBXFileReference; fileEncoding = 4; lastKnownFileType = sourcecode.c.h; path = ES_Settings.h; sourceTree = SOURCE_ROOT; };
		4E987BB219AEA7E8008C569D /* ES_Settings.m */ = {isa = PBXFileReference; fileEncoding = 4; lastKnownFileType = sourcecode.c.objc; path = ES_Settings.m; sourceTree = SOURCE_ROOT; };
		4EB52269198DF0B200BBC678 /* ES_AlertViewWithUserInfo.h */ = {isa = PBXFileReference; fileEncoding = 4; lastKnownFileType = sourcecode.c.h; path = ES_AlertViewWithUserInfo.h; sourceTree = "<group>"; };
		4EB5226A198DF0B200BBC678 /* ES_AlertViewWithUserInfo.m */ = {isa = PBXFileReference; fileEncoding = 4; lastKnownFileType = sourcecode.c.objc; path = ES_AlertViewWithUserInfo.m; sourceTree = "<group>"; };
		4EFADB2D19DE1DD200262568 /* ES_FeedbackViewController.h */ = {isa = PBXFileReference; fileEncoding = 4; lastKnownFileType = sourcecode.c.h; path = ES_FeedbackViewController.h; sourceTree = "<group>"; };
		4EFADB2E19DE1DD200262568 /* ES_FeedbackViewController.m */ = {isa = PBXFileReference; fileEncoding = 4; lastKnownFileType = sourcecode.c.objc; path = ES_FeedbackViewController.m; sourceTree = "<group>"; };
		4EFADB3019F08BD500262568 /* CoreTelephony.framework */ = {isa = PBXFileReference; lastKnownFileType = wrapper.framework; name = CoreTelephony.framework; path = System/Library/Frameworks/CoreTelephony.framework; sourceTree = SDKROOT; };
		7015788F19FF0585003CCA95 /* libz.1.2.5.dylib */ = {isa = PBXFileReference; lastKnownFileType = "compiled.mach-o.dylib"; name = libz.1.2.5.dylib; path = usr/lib/libz.1.2.5.dylib; sourceTree = SDKROOT; };
		7015789219FF1196003CCA95 /* MelFilterBank.cpp */ = {isa = PBXFileReference; fileEncoding = 4; lastKnownFileType = sourcecode.cpp.cpp; name = MelFilterBank.cpp; path = ../../../matchbox/Xcode/WordMatch/MelFilterBank.cpp; sourceTree = "<group>"; };
		7015789319FF1196003CCA95 /* MelFilterBank.hpp */ = {isa = PBXFileReference; fileEncoding = 4; lastKnownFileType = sourcecode.cpp.h; name = MelFilterBank.hpp; path = ../../../matchbox/Xcode/WordMatch/MelFilterBank.hpp; sourceTree = "<group>"; };
		7015789419FF1196003CCA95 /* TriangleFilter.cpp */ = {isa = PBXFileReference; fileEncoding = 4; lastKnownFileType = sourcecode.cpp.cpp; name = TriangleFilter.cpp; path = ../../../matchbox/Xcode/WordMatch/TriangleFilter.cpp; sourceTree = "<group>"; };
		7015789519FF1196003CCA95 /* TriangleFilter.hpp */ = {isa = PBXFileReference; fileEncoding = 4; lastKnownFileType = sourcecode.cpp.h; name = TriangleFilter.hpp; path = ../../../matchbox/Xcode/WordMatch/TriangleFilter.hpp; sourceTree = "<group>"; };
		70228E2A18B19FF200189063 /* Base */ = {isa = PBXFileReference; lastKnownFileType = file.storyboard; name = Base; path = ExtraSensory/Base.lproj/ActiveFeedback.storyboard; sourceTree = "<group>"; };
		703B364F196E3FA800D5D80B /* gear.png */ = {isa = PBXFileReference; lastKnownFileType = image.png; name = gear.png; path = ../gear.png; sourceTree = "<group>"; };
		703B3651196E3FD100D5D80B /* stats_pie_chart.png */ = {isa = PBXFileReference; lastKnownFileType = image.png; name = stats_pie_chart.png; path = ../stats_pie_chart.png; sourceTree = "<group>"; };
		703B3667196E477500D5D80B /* text-plus-icon.png */ = {isa = PBXFileReference; lastKnownFileType = image.png; path = "text-plus-icon.png"; sourceTree = "<group>"; };
		7070A64618D7B991007D660D /* ES_UserActivityLabels.h */ = {isa = PBXFileReference; fileEncoding = 4; lastKnownFileType = sourcecode.c.h; path = ES_UserActivityLabels.h; sourceTree = "<group>"; };
		7070A64718D7B991007D660D /* ES_UserActivityLabels.m */ = {isa = PBXFileReference; fileEncoding = 4; lastKnownFileType = sourcecode.c.objc; path = ES_UserActivityLabels.m; sourceTree = "<group>"; };
		707762DE18CF7C9800ED0134 /* Reachability.h */ = {isa = PBXFileReference; fileEncoding = 4; lastKnownFileType = sourcecode.c.h; path = Reachability.h; sourceTree = "<group>"; };
		707762DF18CF7C9800ED0134 /* Reachability.m */ = {isa = PBXFileReference; fileEncoding = 4; lastKnownFileType = sourcecode.c.objc; path = Reachability.m; sourceTree = "<group>"; };
		707762E118D125BD00ED0134 /* ES_SummaryViewController.h */ = {isa = PBXFileReference; fileEncoding = 4; lastKnownFileType = sourcecode.c.h; path = ES_SummaryViewController.h; sourceTree = "<group>"; };
		707762E218D125BD00ED0134 /* ES_SummaryViewController.m */ = {isa = PBXFileReference; fileEncoding = 4; lastKnownFileType = sourcecode.c.objc; path = ES_SummaryViewController.m; sourceTree = "<group>"; };
		708D5FAF197C3778003FE7D3 /* Lying down.png */ = {isa = PBXFileReference; lastKnownFileType = image.png; path = "Lying down.png"; sourceTree = "<group>"; };
		708D5FB0197C3778003FE7D3 /* Standing.png */ = {isa = PBXFileReference; lastKnownFileType = image.png; path = Standing.png; sourceTree = "<group>"; };
		708D5FB1197C3778003FE7D3 /* Bicycling.png */ = {isa = PBXFileReference; lastKnownFileType = image.png; path = Bicycling.png; sourceTree = "<group>"; };
		709F513819FEA6A100F3386C /* MFCCUtils.cpp */ = {isa = PBXFileReference; fileEncoding = 4; lastKnownFileType = sourcecode.cpp.cpp; path = MFCCUtils.cpp; sourceTree = "<group>"; };
		709F513919FEA6A100F3386C /* MFCCUtils.h */ = {isa = PBXFileReference; fileEncoding = 4; lastKnownFileType = sourcecode.c.h; path = MFCCUtils.h; sourceTree = "<group>"; };
		709F513C19FEA6E700F3386C /* AudioFileReader.cpp */ = {isa = PBXFileReference; fileEncoding = 4; lastKnownFileType = sourcecode.cpp.cpp; path = AudioFileReader.cpp; sourceTree = "<group>"; };
		709F513D19FEA6E700F3386C /* AudioFileReader.hpp */ = {isa = PBXFileReference; fileEncoding = 4; lastKnownFileType = sourcecode.cpp.h; path = AudioFileReader.hpp; sourceTree = "<group>"; };
		709F513F19FEA72500F3386C /* MFCCProcessor.cpp */ = {isa = PBXFileReference; fileEncoding = 4; lastKnownFileType = sourcecode.cpp.cpp; path = MFCCProcessor.cpp; sourceTree = "<group>"; };
		709F514019FEA72500F3386C /* MFCCProcessor.hpp */ = {isa = PBXFileReference; fileEncoding = 4; lastKnownFileType = sourcecode.cpp.h; path = MFCCProcessor.hpp; sourceTree = "<group>"; };
		709F5ADA19FEB4BC00F3386C /* Types.h */ = {isa = PBXFileReference; fileEncoding = 4; lastKnownFileType = sourcecode.c.h; path = Types.h; sourceTree = "<group>"; };
		709F5ADC19FEBFED00F3386C /* CABitOperations.h */ = {isa = PBXFileReference; fileEncoding = 4; lastKnownFileType = sourcecode.c.h; path = CABitOperations.h; sourceTree = "<group>"; };
		709F5ADD19FEBFED00F3386C /* CADebugMacros.cpp */ = {isa = PBXFileReference; fileEncoding = 4; lastKnownFileType = sourcecode.cpp.cpp; path = CADebugMacros.cpp; sourceTree = "<group>"; };
		709F5ADE19FEBFED00F3386C /* CADebugMacros.h */ = {isa = PBXFileReference; fileEncoding = 4; lastKnownFileType = sourcecode.c.h; path = CADebugMacros.h; sourceTree = "<group>"; };
		709F5ADF19FEBFED00F3386C /* CADebugPrintf.cpp */ = {isa = PBXFileReference; fileEncoding = 4; lastKnownFileType = sourcecode.cpp.cpp; path = CADebugPrintf.cpp; sourceTree = "<group>"; };
		709F5AE019FEBFED00F3386C /* CADebugPrintf.h */ = {isa = PBXFileReference; fileEncoding = 4; lastKnownFileType = sourcecode.c.h; path = CADebugPrintf.h; sourceTree = "<group>"; };
		709F5AE119FEBFED00F3386C /* CAHostTimeBase.cpp */ = {isa = PBXFileReference; fileEncoding = 4; lastKnownFileType = sourcecode.cpp.cpp; path = CAHostTimeBase.cpp; sourceTree = "<group>"; };
		709F5AE219FEBFED00F3386C /* CAHostTimeBase.h */ = {isa = PBXFileReference; fileEncoding = 4; lastKnownFileType = sourcecode.c.h; path = CAHostTimeBase.h; sourceTree = "<group>"; };
		709F5AE319FEBFED00F3386C /* CALogMacros.h */ = {isa = PBXFileReference; fileEncoding = 4; lastKnownFileType = sourcecode.c.h; path = CALogMacros.h; sourceTree = "<group>"; };
		709F5AE419FEBFED00F3386C /* CAMath.h */ = {isa = PBXFileReference; fileEncoding = 4; lastKnownFileType = sourcecode.c.h; path = CAMath.h; sourceTree = "<group>"; };
		709F5AE519FEBFED00F3386C /* CAStreamBasicDescription.cpp */ = {isa = PBXFileReference; fileEncoding = 4; lastKnownFileType = sourcecode.cpp.cpp; path = CAStreamBasicDescription.cpp; sourceTree = "<group>"; };
		709F5AE619FEBFED00F3386C /* CAStreamBasicDescription.h */ = {isa = PBXFileReference; fileEncoding = 4; lastKnownFileType = sourcecode.c.h; path = CAStreamBasicDescription.h; sourceTree = "<group>"; };
		709F5AE719FEBFED00F3386C /* CAXException.cpp */ = {isa = PBXFileReference; fileEncoding = 4; lastKnownFileType = sourcecode.cpp.cpp; path = CAXException.cpp; sourceTree = "<group>"; };
		709F5AE819FEBFED00F3386C /* CAXException.h */ = {isa = PBXFileReference; fileEncoding = 4; lastKnownFileType = sourcecode.c.h; path = CAXException.h; sourceTree = "<group>"; };
		709F5AEE19FEC06F00F3386C /* Accelerate.framework */ = {isa = PBXFileReference; lastKnownFileType = wrapper.framework; name = Accelerate.framework; path = System/Library/Frameworks/Accelerate.framework; sourceTree = SDKROOT; };
		709F5AF019FEC0A800F3386C /* AudioToolbox.framework */ = {isa = PBXFileReference; lastKnownFileType = wrapper.framework; name = AudioToolbox.framework; path = System/Library/Frameworks/AudioToolbox.framework; sourceTree = SDKROOT; };
		70B8A8E718F87D230076A4F5 /* 17-bar-chart.png */ = {isa = PBXFileReference; lastKnownFileType = image.png; path = "17-bar-chart.png"; sourceTree = "<group>"; };
		70B8A8E918F87D230076A4F5 /* 100-coffee.png */ = {isa = PBXFileReference; lastKnownFileType = image.png; path = "100-coffee.png"; sourceTree = "<group>"; };
		70B8A8EA18F87D230076A4F5 /* 25-weather.png */ = {isa = PBXFileReference; lastKnownFileType = image.png; path = "25-weather.png"; sourceTree = "<group>"; };
		70B8A8EB18F87D230076A4F5 /* 32-iphone.png */ = {isa = PBXFileReference; lastKnownFileType = image.png; path = "32-iphone.png"; sourceTree = "<group>"; };
		70B8A8EC18F87D230076A4F5 /* biking.png */ = {isa = PBXFileReference; lastKnownFileType = image.png; path = biking.png; sourceTree = "<group>"; };
		70B8A8ED18F87D230076A4F5 /* Bus-256.png */ = {isa = PBXFileReference; lastKnownFileType = image.png; path = "Bus-256.png"; sourceTree = "<group>"; };
		70B8A8EE18F87D230076A4F5 /* Driving.png */ = {isa = PBXFileReference; lastKnownFileType = image.png; path = Driving.png; sourceTree = "<group>"; };
		70B8A8EF18F87D230076A4F5 /* exercising.png */ = {isa = PBXFileReference; lastKnownFileType = image.png; path = exercising.png; sourceTree = "<group>"; };
		70B8A8F018F87D230076A4F5 /* house.png */ = {isa = PBXFileReference; lastKnownFileType = image.png; path = house.png; sourceTree = "<group>"; };
		70B8A8F218F87D230076A4F5 /* indicator-biking.png */ = {isa = PBXFileReference; lastKnownFileType = image.png; path = "indicator-biking.png"; sourceTree = "<group>"; };
		70B8A8F318F87D230076A4F5 /* indicator-biking@2x.png */ = {isa = PBXFileReference; lastKnownFileType = image.png; path = "indicator-biking@2x.png"; sourceTree = "<group>"; };
		70B8A8F418F87D230076A4F5 /* indicator-driving.png */ = {isa = PBXFileReference; lastKnownFileType = image.png; path = "indicator-driving.png"; sourceTree = "<group>"; };
		70B8A8F518F87D230076A4F5 /* indicator-driving@2x.png */ = {isa = PBXFileReference; lastKnownFileType = image.png; path = "indicator-driving@2x.png"; sourceTree = "<group>"; };
		70B8A8F618F87D230076A4F5 /* indicator-exercising.png */ = {isa = PBXFileReference; lastKnownFileType = image.png; path = "indicator-exercising.png"; sourceTree = "<group>"; };
		70B8A8F718F87D230076A4F5 /* indicator-exercising@2x.png */ = {isa = PBXFileReference; lastKnownFileType = image.png; path = "indicator-exercising@2x.png"; sourceTree = "<group>"; };
		70B8A8F818F87D230076A4F5 /* indicator-housework.png */ = {isa = PBXFileReference; lastKnownFileType = image.png; path = "indicator-housework.png"; sourceTree = "<group>"; };
		70B8A8F918F87D230076A4F5 /* indicator-housework@2x.png */ = {isa = PBXFileReference; lastKnownFileType = image.png; path = "indicator-housework@2x.png"; sourceTree = "<group>"; };
		70B8A8FA18F87D230076A4F5 /* indicator-party.png */ = {isa = PBXFileReference; lastKnownFileType = image.png; path = "indicator-party.png"; sourceTree = "<group>"; };
		70B8A8FB18F87D230076A4F5 /* indicator-party@2x.png */ = {isa = PBXFileReference; lastKnownFileType = image.png; path = "indicator-party@2x.png"; sourceTree = "<group>"; };
		70B8A8FC18F87D230076A4F5 /* indicator-running.png */ = {isa = PBXFileReference; lastKnownFileType = image.png; path = "indicator-running.png"; sourceTree = "<group>"; };
		70B8A8FD18F87D230076A4F5 /* indicator-running@2x.png */ = {isa = PBXFileReference; lastKnownFileType = image.png; path = "indicator-running@2x.png"; sourceTree = "<group>"; };
		70B8A8FE18F87D230076A4F5 /* indicator-sitting.png */ = {isa = PBXFileReference; lastKnownFileType = image.png; path = "indicator-sitting.png"; sourceTree = "<group>"; };
		70B8A8FF18F87D230076A4F5 /* indicator-sitting@2x.png */ = {isa = PBXFileReference; lastKnownFileType = image.png; path = "indicator-sitting@2x.png"; sourceTree = "<group>"; };
		70B8A90018F87D230076A4F5 /* indicator-talking.png */ = {isa = PBXFileReference; lastKnownFileType = image.png; path = "indicator-talking.png"; sourceTree = "<group>"; };
		70B8A90118F87D230076A4F5 /* indicator-talking@2x.png */ = {isa = PBXFileReference; lastKnownFileType = image.png; path = "indicator-talking@2x.png"; sourceTree = "<group>"; };
		70B8A90218F87D230076A4F5 /* indicator-walking.png */ = {isa = PBXFileReference; lastKnownFileType = image.png; path = "indicator-walking.png"; sourceTree = "<group>"; };
		70B8A90318F87D230076A4F5 /* indicator-walking@2x.png */ = {isa = PBXFileReference; lastKnownFileType = image.png; path = "indicator-walking@2x.png"; sourceTree = "<group>"; };
		70B8A90418F87D230076A4F5 /* party-small.png */ = {isa = PBXFileReference; lastKnownFileType = image.png; path = "party-small.png"; sourceTree = "<group>"; };
		70B8A90518F87D230076A4F5 /* party.png */ = {isa = PBXFileReference; lastKnownFileType = image.png; path = party.png; sourceTree = "<group>"; };
		70B8A90618F87D230076A4F5 /* Running.png */ = {isa = PBXFileReference; lastKnownFileType = image.png; path = Running.png; sourceTree = "<group>"; };
		70B8A90718F87D230076A4F5 /* Sitting.png */ = {isa = PBXFileReference; lastKnownFileType = image.png; path = Sitting.png; sourceTree = "<group>"; };
		70B8A90818F87D230076A4F5 /* studying-small.png */ = {isa = PBXFileReference; lastKnownFileType = image.png; path = "studying-small.png"; sourceTree = "<group>"; };
		70B8A90918F87D230076A4F5 /* studying.png */ = {isa = PBXFileReference; lastKnownFileType = image.png; path = studying.png; sourceTree = "<group>"; };
		70B8A90A18F87D230076A4F5 /* talking.png */ = {isa = PBXFileReference; lastKnownFileType = image.png; path = talking.png; sourceTree = "<group>"; };
		70B8A90B18F87D230076A4F5 /* Walking.png */ = {isa = PBXFileReference; lastKnownFileType = image.png; path = Walking.png; sourceTree = "<group>"; };
		70B8A90C18F87D230076A4F5 /* activity_button.png */ = {isa = PBXFileReference; lastKnownFileType = image.png; path = activity_button.png; sourceTree = "<group>"; };
		70B8A90D18F87D230076A4F5 /* activity_button@2x.png */ = {isa = PBXFileReference; lastKnownFileType = image.png; path = "activity_button@2x.png"; sourceTree = "<group>"; };
		70B8A90E18F87D230076A4F5 /* album-art-small.png */ = {isa = PBXFileReference; lastKnownFileType = image.png; path = "album-art-small.png"; sourceTree = "<group>"; };
		70B8A90F18F87D230076A4F5 /* album-art.png */ = {isa = PBXFileReference; lastKnownFileType = image.png; path = "album-art.png"; sourceTree = "<group>"; };
		70B8A91118F87D230076A4F5 /* alert.wav */ = {isa = PBXFileReference; lastKnownFileType = audio.wav; path = alert.wav; sourceTree = "<group>"; };
		70B8A91218F87D230076A4F5 /* network.png */ = {isa = PBXFileReference; lastKnownFileType = image.png; path = network.png; sourceTree = "<group>"; };
		70B8A91318F87D230076A4F5 /* success.png */ = {isa = PBXFileReference; lastKnownFileType = image.png; path = success.png; sourceTree = "<group>"; };
		70B8A91418F87D230076A4F5 /* black-linen.png */ = {isa = PBXFileReference; lastKnownFileType = image.png; path = "black-linen.png"; sourceTree = "<group>"; };
		70B8A91518F87D230076A4F5 /* black-linenold.png */ = {isa = PBXFileReference; lastKnownFileType = image.png; path = "black-linenold.png"; sourceTree = "<group>"; };
		70B8A91618F87D230076A4F5 /* button-bg.png */ = {isa = PBXFileReference; lastKnownFileType = image.png; path = "button-bg.png"; sourceTree = "<group>"; };
		70B8A91718F87D230076A4F5 /* danger-btn-bg.png */ = {isa = PBXFileReference; lastKnownFileType = image.png; path = "danger-btn-bg.png"; sourceTree = "<group>"; };
		70B8A91818F87D230076A4F5 /* default_playlist.json */ = {isa = PBXFileReference; fileEncoding = 4; lastKnownFileType = text.json; path = default_playlist.json; sourceTree = "<group>"; };
		70B8A91918F87D230076A4F5 /* icon-ipad.png */ = {isa = PBXFileReference; lastKnownFileType = image.png; path = "icon-ipad.png"; sourceTree = "<group>"; };
		70B8A91A18F87D230076A4F5 /* icon.png */ = {isa = PBXFileReference; lastKnownFileType = image.png; path = icon.png; sourceTree = "<group>"; };
		70B8A91B18F87D230076A4F5 /* icon@2x.png */ = {isa = PBXFileReference; lastKnownFileType = image.png; path = "icon@2x.png"; sourceTree = "<group>"; };
		70B8A91C18F87D230076A4F5 /* music-note.png */ = {isa = PBXFileReference; lastKnownFileType = image.png; path = "music-note.png"; sourceTree = "<group>"; };
		70B8A91E18F87D230076A4F5 /* favorite.png */ = {isa = PBXFileReference; lastKnownFileType = image.png; path = favorite.png; sourceTree = "<group>"; };
		70B8A91F18F87D230076A4F5 /* feed-icon.png */ = {isa = PBXFileReference; lastKnownFileType = image.png; path = "feed-icon.png"; sourceTree = "<group>"; };
		70B8A92018F87D230076A4F5 /* header-bg.png */ = {isa = PBXFileReference; lastKnownFileType = image.png; path = "header-bg.png"; sourceTree = "<group>"; };
		70B8A92118F87D230076A4F5 /* profile-icon.png */ = {isa = PBXFileReference; lastKnownFileType = image.png; path = "profile-icon.png"; sourceTree = "<group>"; };
		70B8A92218F87D230076A4F5 /* settings-icon.png */ = {isa = PBXFileReference; lastKnownFileType = image.png; path = "settings-icon.png"; sourceTree = "<group>"; };
		70B8A92318F87D230076A4F5 /* table-bg.png */ = {isa = PBXFileReference; lastKnownFileType = image.png; path = "table-bg.png"; sourceTree = "<group>"; };
		70B8A92418F87D230076A4F5 /* trending-icon.png */ = {isa = PBXFileReference; lastKnownFileType = image.png; path = "trending-icon.png"; sourceTree = "<group>"; };
		70B8A92518F87D230076A4F5 /* nav-menu-icon.png */ = {isa = PBXFileReference; lastKnownFileType = image.png; path = "nav-menu-icon.png"; sourceTree = "<group>"; };
		70B8A92618F87D230076A4F5 /* play_btn.png */ = {isa = PBXFileReference; lastKnownFileType = image.png; path = play_btn.png; sourceTree = "<group>"; };
		70B8A92718F87D230076A4F5 /* primary-btn-bg.png */ = {isa = PBXFileReference; lastKnownFileType = image.png; path = "primary-btn-bg.png"; sourceTree = "<group>"; };
		70B8A92818F87D230076A4F5 /* rdio-logo.png */ = {isa = PBXFileReference; lastKnownFileType = image.png; path = "rdio-logo.png"; sourceTree = "<group>"; };
		70B8A92918F87D230076A4F5 /* rdio-logo@2x.png */ = {isa = PBXFileReference; lastKnownFileType = image.png; path = "rdio-logo@2x.png"; sourceTree = "<group>"; };
		70B8A92A18F87D230076A4F5 /* silent-on.png */ = {isa = PBXFileReference; lastKnownFileType = image.png; path = "silent-on.png"; sourceTree = "<group>"; };
		70B8A92B18F87D230076A4F5 /* smiley.png */ = {isa = PBXFileReference; lastKnownFileType = image.png; path = smiley.png; sourceTree = "<group>"; };
		70B8A92C18F87D230076A4F5 /* success-btn-bg.png */ = {isa = PBXFileReference; lastKnownFileType = image.png; path = "success-btn-bg.png"; sourceTree = "<group>"; };
		70C156BC18D526EB007CCB39 /* ES_ContainerViewController.h */ = {isa = PBXFileReference; fileEncoding = 4; lastKnownFileType = sourcecode.c.h; name = ES_ContainerViewController.h; path = ../ES_ContainerViewController.h; sourceTree = "<group>"; };
		70C156BD18D526EB007CCB39 /* ES_ContainerViewController.m */ = {isa = PBXFileReference; fileEncoding = 4; lastKnownFileType = sourcecode.c.objc; name = ES_ContainerViewController.m; path = ../ES_ContainerViewController.m; sourceTree = "<group>"; };
		70C156C218D52864007CCB39 /* Empty.h */ = {isa = PBXFileReference; fileEncoding = 4; lastKnownFileType = sourcecode.c.h; name = Empty.h; path = ../Empty.h; sourceTree = "<group>"; };
		70C156C318D52864007CCB39 /* Empty.m */ = {isa = PBXFileReference; fileEncoding = 4; lastKnownFileType = sourcecode.c.objc; name = Empty.m; path = ../Empty.m; sourceTree = "<group>"; };
		70C156C518D52BD1007CCB39 /* ES_SwapViewController.h */ = {isa = PBXFileReference; fileEncoding = 4; lastKnownFileType = sourcecode.c.h; path = ES_SwapViewController.h; sourceTree = "<group>"; };
		70C156C618D52BD1007CCB39 /* ES_SwapViewController.m */ = {isa = PBXFileReference; fileEncoding = 4; lastKnownFileType = sourcecode.c.objc; path = ES_SwapViewController.m; sourceTree = "<group>"; };
		70C156CF18D75E34007CCB39 /* RaisedTabBarController.h */ = {isa = PBXFileReference; fileEncoding = 4; lastKnownFileType = sourcecode.c.h; path = RaisedTabBarController.h; sourceTree = "<group>"; };
		70C156D018D75E34007CCB39 /* RaisedTabBarController.m */ = {isa = PBXFileReference; fileEncoding = 4; lastKnownFileType = sourcecode.c.objc; path = RaisedTabBarController.m; sourceTree = "<group>"; };
		70FE414618B695D900F277FB /* ES_ActivitiesStrings.h */ = {isa = PBXFileReference; fileEncoding = 4; lastKnownFileType = sourcecode.c.h; path = ES_ActivitiesStrings.h; sourceTree = "<group>"; };
		70FE414718B695D900F277FB /* ES_ActivitiesStrings.m */ = {isa = PBXFileReference; fileEncoding = 4; lastKnownFileType = sourcecode.c.objc; path = ES_ActivitiesStrings.m; sourceTree = "<group>"; };
		9307CBB117F1A78A00D95E05 /* ExtraSensory.app */ = {isa = PBXFileReference; explicitFileType = wrapper.application; includeInIndex = 0; path = ExtraSensory.app; sourceTree = BUILT_PRODUCTS_DIR; };
		9307CBB417F1A78A00D95E05 /* Foundation.framework */ = {isa = PBXFileReference; lastKnownFileType = wrapper.framework; name = Foundation.framework; path = System/Library/Frameworks/Foundation.framework; sourceTree = SDKROOT; };
		9307CBB617F1A78A00D95E05 /* CoreGraphics.framework */ = {isa = PBXFileReference; lastKnownFileType = wrapper.framework; name = CoreGraphics.framework; path = System/Library/Frameworks/CoreGraphics.framework; sourceTree = SDKROOT; };
		9307CBB817F1A78A00D95E05 /* UIKit.framework */ = {isa = PBXFileReference; lastKnownFileType = wrapper.framework; name = UIKit.framework; path = System/Library/Frameworks/UIKit.framework; sourceTree = SDKROOT; };
		9307CBBC17F1A78A00D95E05 /* ExtraSensory-Info.plist */ = {isa = PBXFileReference; lastKnownFileType = text.plist.xml; path = "ExtraSensory-Info.plist"; sourceTree = "<group>"; };
		9307CBBE17F1A78A00D95E05 /* en */ = {isa = PBXFileReference; lastKnownFileType = text.plist.strings; name = en; path = en.lproj/InfoPlist.strings; sourceTree = "<group>"; };
		9307CBC017F1A78A00D95E05 /* main.m */ = {isa = PBXFileReference; lastKnownFileType = sourcecode.c.objc; path = main.m; sourceTree = "<group>"; };
		9307CBC217F1A78A00D95E05 /* ExtraSensory-Prefix.pch */ = {isa = PBXFileReference; lastKnownFileType = sourcecode.c.h; path = "ExtraSensory-Prefix.pch"; sourceTree = "<group>"; };
		9307CBC317F1A78A00D95E05 /* ES_AppDelegate.h */ = {isa = PBXFileReference; lastKnownFileType = sourcecode.c.h; path = ES_AppDelegate.h; sourceTree = "<group>"; };
		9307CBC417F1A78A00D95E05 /* ES_AppDelegate.m */ = {isa = PBXFileReference; lastKnownFileType = sourcecode.c.objc; path = ES_AppDelegate.m; sourceTree = "<group>"; };
		9307CBC717F1A78A00D95E05 /* Base */ = {isa = PBXFileReference; lastKnownFileType = file.storyboard; name = Base; path = Base.lproj/Main.storyboard; sourceTree = "<group>"; };
		9307CBCC17F1A78A00D95E05 /* Images.xcassets */ = {isa = PBXFileReference; lastKnownFileType = folder.assetcatalog; path = Images.xcassets; sourceTree = "<group>"; };
		9307CBD217F1A78A00D95E05 /* ExtraSensoryTests.xctest */ = {isa = PBXFileReference; explicitFileType = wrapper.cfbundle; includeInIndex = 0; path = ExtraSensoryTests.xctest; sourceTree = BUILT_PRODUCTS_DIR; };
		9307CBD317F1A78A00D95E05 /* XCTest.framework */ = {isa = PBXFileReference; lastKnownFileType = wrapper.framework; name = XCTest.framework; path = Library/Frameworks/XCTest.framework; sourceTree = DEVELOPER_DIR; };
		9307CBDB17F1A78A00D95E05 /* ExtraSensoryTests-Info.plist */ = {isa = PBXFileReference; lastKnownFileType = text.plist.xml; path = "ExtraSensoryTests-Info.plist"; sourceTree = "<group>"; };
		9307CBDD17F1A78A00D95E05 /* en */ = {isa = PBXFileReference; lastKnownFileType = text.plist.strings; name = en; path = en.lproj/InfoPlist.strings; sourceTree = "<group>"; };
		9307CBDF17F1A78A00D95E05 /* ExtraSensoryTests.m */ = {isa = PBXFileReference; lastKnownFileType = sourcecode.c.objc; path = ExtraSensoryTests.m; sourceTree = "<group>"; };
		9307CBE917F1CA9E00D95E05 /* CoreMotion.framework */ = {isa = PBXFileReference; lastKnownFileType = wrapper.framework; name = CoreMotion.framework; path = System/Library/Frameworks/CoreMotion.framework; sourceTree = SDKROOT; };
		9307CC3417F2075C00D95E05 /* ES_UserDataModel.xcdatamodel */ = {isa = PBXFileReference; lastKnownFileType = wrapper.xcdatamodel; path = ES_UserDataModel.xcdatamodel; sourceTree = "<group>"; };
		93146B8918024A9D00F2AAC7 /* ES_ActivityStatistic.h */ = {isa = PBXFileReference; fileEncoding = 4; lastKnownFileType = sourcecode.c.h; name = ES_ActivityStatistic.h; path = ../ES_ActivityStatistic.h; sourceTree = "<group>"; };
		93146B8A18024A9D00F2AAC7 /* ES_ActivityStatistic.m */ = {isa = PBXFileReference; fileEncoding = 4; lastKnownFileType = sourcecode.c.objc; name = ES_ActivityStatistic.m; path = ../ES_ActivityStatistic.m; sourceTree = "<group>"; };
		933F7CC917F4C80B00B05C96 /* ES_SensorManager.h */ = {isa = PBXFileReference; fileEncoding = 4; lastKnownFileType = sourcecode.c.h; path = ES_SensorManager.h; sourceTree = "<group>"; };
		933F7CCA17F4C80B00B05C96 /* ES_SensorManager.m */ = {isa = PBXFileReference; fileEncoding = 4; lastKnownFileType = sourcecode.c.objc; path = ES_SensorManager.m; sourceTree = "<group>"; };
		939562FB1806481800BF448E /* ES_PieChartView.h */ = {isa = PBXFileReference; fileEncoding = 4; lastKnownFileType = sourcecode.c.h; path = ES_PieChartView.h; sourceTree = "<group>"; };
		939562FC1806481800BF448E /* ES_PieChartView.m */ = {isa = PBXFileReference; fileEncoding = 4; lastKnownFileType = sourcecode.c.objc; path = ES_PieChartView.m; sourceTree = "<group>"; };
		939600A3181B0194006221C6 /* ES_User.h */ = {isa = PBXFileReference; fileEncoding = 4; lastKnownFileType = sourcecode.c.h; path = ES_User.h; sourceTree = "<group>"; };
		939600A4181B0194006221C6 /* ES_User.m */ = {isa = PBXFileReference; fileEncoding = 4; lastKnownFileType = sourcecode.c.objc; path = ES_User.m; sourceTree = "<group>"; };
		939600A6181B0195006221C6 /* ES_UserPopulation.h */ = {isa = PBXFileReference; fileEncoding = 4; lastKnownFileType = sourcecode.c.h; path = ES_UserPopulation.h; sourceTree = "<group>"; };
		939600A7181B0195006221C6 /* ES_UserPopulation.m */ = {isa = PBXFileReference; fileEncoding = 4; lastKnownFileType = sourcecode.c.objc; path = ES_UserPopulation.m; sourceTree = "<group>"; };
		93AC71A5180878A000D58E77 /* ES_SettingsViewController.h */ = {isa = PBXFileReference; fileEncoding = 4; lastKnownFileType = sourcecode.c.h; path = ES_SettingsViewController.h; sourceTree = "<group>"; };
		93AC71A6180878A000D58E77 /* ES_SettingsViewController.m */ = {isa = PBXFileReference; fileEncoding = 4; lastKnownFileType = sourcecode.c.objc; path = ES_SettingsViewController.m; sourceTree = "<group>"; };
		93AC71A81808A91800D58E77 /* ES_CalendarViewCell.h */ = {isa = PBXFileReference; fileEncoding = 4; lastKnownFileType = sourcecode.c.h; path = ES_CalendarViewCell.h; sourceTree = "<group>"; };
		93AC71A91808A91800D58E77 /* ES_CalendarViewCell.m */ = {isa = PBXFileReference; fileEncoding = 4; lastKnownFileType = sourcecode.c.objc; path = ES_CalendarViewCell.m; sourceTree = "<group>"; };
		93AC71AB1808D41000D58E77 /* ES_Format.h */ = {isa = PBXFileReference; fileEncoding = 4; lastKnownFileType = sourcecode.c.h; path = ES_Format.h; sourceTree = "<group>"; };
		93AC71AC1808D41000D58E77 /* ES_Format.m */ = {isa = PBXFileReference; fileEncoding = 4; lastKnownFileType = sourcecode.c.objc; path = ES_Format.m; sourceTree = "<group>"; };
		93BC42BA17FB4C2900F06844 /* ES_Scheduler.h */ = {isa = PBXFileReference; fileEncoding = 4; lastKnownFileType = sourcecode.c.h; path = ES_Scheduler.h; sourceTree = "<group>"; };
		93BC42BB17FB4C2900F06844 /* ES_Scheduler.m */ = {isa = PBXFileReference; fileEncoding = 4; lastKnownFileType = sourcecode.c.objc; path = ES_Scheduler.m; sourceTree = "<group>"; };
		93E29C1B17FE1D3800BE0AD2 /* ES_CalendarViewTableViewController.h */ = {isa = PBXFileReference; fileEncoding = 4; lastKnownFileType = sourcecode.c.h; path = ES_CalendarViewTableViewController.h; sourceTree = "<group>"; };
		93E29C1C17FE1D3800BE0AD2 /* ES_CalendarViewTableViewController.m */ = {isa = PBXFileReference; fileEncoding = 4; lastKnownFileType = sourcecode.c.objc; path = ES_CalendarViewTableViewController.m; sourceTree = "<group>"; };
		93F659D517F6857B000638CB /* ES_DataBaseAccessor.h */ = {isa = PBXFileReference; fileEncoding = 4; lastKnownFileType = sourcecode.c.h; path = ES_DataBaseAccessor.h; sourceTree = "<group>"; };
		93F659D617F6857B000638CB /* ES_DataBaseAccessor.m */ = {isa = PBXFileReference; fileEncoding = 4; lastKnownFileType = sourcecode.c.objc; path = ES_DataBaseAccessor.m; sourceTree = "<group>"; };
		93F659DC17F6B280000638CB /* ES_NetworkAccessor.h */ = {isa = PBXFileReference; fileEncoding = 4; lastKnownFileType = sourcecode.c.h; path = ES_NetworkAccessor.h; sourceTree = "<group>"; };
		93F659DD17F6B280000638CB /* ES_NetworkAccessor.m */ = {isa = PBXFileReference; fileEncoding = 4; lastKnownFileType = sourcecode.c.objc; path = ES_NetworkAccessor.m; sourceTree = "<group>"; };
		93F678EC17F81F42000638CB /* ES_HomeViewController.h */ = {isa = PBXFileReference; fileEncoding = 4; lastKnownFileType = sourcecode.c.h; name = ES_HomeViewController.h; path = ../ES_HomeViewController.h; sourceTree = "<group>"; };
		93F678ED17F81F42000638CB /* ES_HomeViewController.m */ = {isa = PBXFileReference; fileEncoding = 4; lastKnownFileType = sourcecode.c.objc; name = ES_HomeViewController.m; path = ../ES_HomeViewController.m; sourceTree = "<group>"; };
		93F679B817F978AF000638CB /* crypt.h */ = {isa = PBXFileReference; fileEncoding = 4; lastKnownFileType = sourcecode.c.h; path = crypt.h; sourceTree = "<group>"; };
		93F679B917F978AF000638CB /* ioapi.c */ = {isa = PBXFileReference; fileEncoding = 4; lastKnownFileType = sourcecode.c.c; path = ioapi.c; sourceTree = "<group>"; };
		93F679BA17F978AF000638CB /* ioapi.h */ = {isa = PBXFileReference; fileEncoding = 4; lastKnownFileType = sourcecode.c.h; path = ioapi.h; sourceTree = "<group>"; };
		93F679BB17F978AF000638CB /* mztools.c */ = {isa = PBXFileReference; fileEncoding = 4; lastKnownFileType = sourcecode.c.c; path = mztools.c; sourceTree = "<group>"; };
		93F679BC17F978AF000638CB /* mztools.h */ = {isa = PBXFileReference; fileEncoding = 4; lastKnownFileType = sourcecode.c.h; path = mztools.h; sourceTree = "<group>"; };
		93F679BD17F978AF000638CB /* unzip.c */ = {isa = PBXFileReference; fileEncoding = 4; lastKnownFileType = sourcecode.c.c; path = unzip.c; sourceTree = "<group>"; };
		93F679BE17F978AF000638CB /* unzip.h */ = {isa = PBXFileReference; fileEncoding = 4; lastKnownFileType = sourcecode.c.h; path = unzip.h; sourceTree = "<group>"; };
		93F679BF17F978AF000638CB /* zip.c */ = {isa = PBXFileReference; fileEncoding = 4; lastKnownFileType = sourcecode.c.c; path = zip.c; sourceTree = "<group>"; };
		93F679C017F978AF000638CB /* zip.h */ = {isa = PBXFileReference; fileEncoding = 4; lastKnownFileType = sourcecode.c.h; path = zip.h; sourceTree = "<group>"; };
		93F679C117F978AF000638CB /* ZipArchive.h */ = {isa = PBXFileReference; fileEncoding = 4; lastKnownFileType = sourcecode.c.h; path = ZipArchive.h; sourceTree = "<group>"; };
		93F679C217F978AF000638CB /* ZipArchive.mm */ = {isa = PBXFileReference; fileEncoding = 4; lastKnownFileType = sourcecode.cpp.objcpp; path = ZipArchive.mm; sourceTree = "<group>"; };
		9F59F66518A9A9C5002C94B9 /* ES_HistoryTableViewController.h */ = {isa = PBXFileReference; fileEncoding = 4; lastKnownFileType = sourcecode.c.h; path = ES_HistoryTableViewController.h; sourceTree = SOURCE_ROOT; };
		9F59F66618A9A9C5002C94B9 /* ES_HistoryTableViewController.m */ = {isa = PBXFileReference; fileEncoding = 4; lastKnownFileType = sourcecode.c.objc; path = ES_HistoryTableViewController.m; sourceTree = SOURCE_ROOT; };
		9F90A5C818AD7A6700E6E29B /* ES_ActivityEventTableCell.h */ = {isa = PBXFileReference; fileEncoding = 4; lastKnownFileType = sourcecode.c.h; path = ES_ActivityEventTableCell.h; sourceTree = "<group>"; };
		9F90A5C918AD7A6700E6E29B /* ES_ActivityEventTableCell.m */ = {isa = PBXFileReference; fileEncoding = 4; lastKnownFileType = sourcecode.c.objc; path = ES_ActivityEventTableCell.m; sourceTree = "<group>"; };
		9FA74F5518AAF3A50095834B /* ES_ActivityEvent.h */ = {isa = PBXFileReference; fileEncoding = 4; lastKnownFileType = sourcecode.c.h; path = ES_ActivityEvent.h; sourceTree = "<group>"; };
		9FA74F5618AAF3A50095834B /* ES_ActivityEvent.m */ = {isa = PBXFileReference; fileEncoding = 4; lastKnownFileType = sourcecode.c.objc; path = ES_ActivityEvent.m; sourceTree = "<group>"; };
/* End PBXFileReference section */

/* Begin PBXFrameworksBuildPhase section */
		9307CBAE17F1A78A00D95E05 /* Frameworks */ = {
			isa = PBXFrameworksBuildPhase;
			buildActionMask = 2147483647;
			files = (
				7015789019FF0585003CCA95 /* libz.1.2.5.dylib in Frameworks */,
				709F5AF119FEC0A800F3386C /* AudioToolbox.framework in Frameworks */,
				709F5AEF19FEC06F00F3386C /* Accelerate.framework in Frameworks */,
				4EFADB3119F08BD800262568 /* CoreTelephony.framework in Frameworks */,
				9307CBEA17F1CA9E00D95E05 /* CoreMotion.framework in Frameworks */,
				9307CBB717F1A78A00D95E05 /* CoreGraphics.framework in Frameworks */,
				9307CBB917F1A78A00D95E05 /* UIKit.framework in Frameworks */,
				9307CBB517F1A78A00D95E05 /* Foundation.framework in Frameworks */,
			);
			runOnlyForDeploymentPostprocessing = 0;
		};
		9307CBCF17F1A78A00D95E05 /* Frameworks */ = {
			isa = PBXFrameworksBuildPhase;
			buildActionMask = 2147483647;
			files = (
				9307CBD417F1A78A00D95E05 /* XCTest.framework in Frameworks */,
				9307CBD617F1A78A00D95E05 /* UIKit.framework in Frameworks */,
				9307CBD517F1A78A00D95E05 /* Foundation.framework in Frameworks */,
			);
			runOnlyForDeploymentPostprocessing = 0;
		};
/* End PBXFrameworksBuildPhase section */

/* Begin PBXGroup section */
		4291F1C4199A7F29008EDCA4 /* calendar */ = {
			isa = PBXGroup;
			children = (
				4E5C5E6719A66D4A00B801BC /* back.png */,
				4E5C5E6819A66D4A00B801BC /* edit.png */,
			);
			name = calendar;
			sourceTree = "<group>";
		};
		707762DD18CF7C9800ED0134 /* Reachability */ = {
			isa = PBXGroup;
			children = (
				707762DE18CF7C9800ED0134 /* Reachability.h */,
				707762DF18CF7C9800ED0134 /* Reachability.m */,
			);
			path = Reachability;
			sourceTree = "<group>";
		};
		709F513B19FEA6B200F3386C /* MFCC */ = {
			isa = PBXGroup;
			children = (
				7015789219FF1196003CCA95 /* MelFilterBank.cpp */,
				7015789319FF1196003CCA95 /* MelFilterBank.hpp */,
				7015789419FF1196003CCA95 /* TriangleFilter.cpp */,
				7015789519FF1196003CCA95 /* TriangleFilter.hpp */,
				709F5ADA19FEB4BC00F3386C /* Types.h */,
				709F513F19FEA72500F3386C /* MFCCProcessor.cpp */,
				709F514019FEA72500F3386C /* MFCCProcessor.hpp */,
				709F513C19FEA6E700F3386C /* AudioFileReader.cpp */,
				709F513D19FEA6E700F3386C /* AudioFileReader.hpp */,
				709F513819FEA6A100F3386C /* MFCCUtils.cpp */,
				709F513919FEA6A100F3386C /* MFCCUtils.h */,
			);
			name = MFCC;
			sourceTree = "<group>";
		};
		709F5ADB19FEBFEC00F3386C /* CAPublicUtility */ = {
			isa = PBXGroup;
			children = (
				709F5ADC19FEBFED00F3386C /* CABitOperations.h */,
				709F5ADD19FEBFED00F3386C /* CADebugMacros.cpp */,
				709F5ADE19FEBFED00F3386C /* CADebugMacros.h */,
				709F5ADF19FEBFED00F3386C /* CADebugPrintf.cpp */,
				709F5AE019FEBFED00F3386C /* CADebugPrintf.h */,
				709F5AE119FEBFED00F3386C /* CAHostTimeBase.cpp */,
				709F5AE219FEBFED00F3386C /* CAHostTimeBase.h */,
				709F5AE319FEBFED00F3386C /* CALogMacros.h */,
				709F5AE419FEBFED00F3386C /* CAMath.h */,
				709F5AE519FEBFED00F3386C /* CAStreamBasicDescription.cpp */,
				709F5AE619FEBFED00F3386C /* CAStreamBasicDescription.h */,
				709F5AE719FEBFED00F3386C /* CAXException.cpp */,
				709F5AE819FEBFED00F3386C /* CAXException.h */,
			);
			path = CAPublicUtility;
			sourceTree = "<group>";
		};
		70B8A8E618F87D230076A4F5 /* Resources */ = {
			isa = PBXGroup;
			children = (
				4E5C5D93199F6C7F00B801BC /* redCircle.png */,
				4291F1C4199A7F29008EDCA4 /* calendar */,
				708D5FAF197C3778003FE7D3 /* Lying down.png */,
				708D5FB0197C3778003FE7D3 /* Standing.png */,
				708D5FB1197C3778003FE7D3 /* Bicycling.png */,
				703B3667196E477500D5D80B /* text-plus-icon.png */,
				703B3651196E3FD100D5D80B /* stats_pie_chart.png */,
				703B364F196E3FA800D5D80B /* gear.png */,
				70B8A8E718F87D230076A4F5 /* 17-bar-chart.png */,
				70B8A8E818F87D230076A4F5 /* activities */,
				70B8A90C18F87D230076A4F5 /* activity_button.png */,
				70B8A90D18F87D230076A4F5 /* activity_button@2x.png */,
				70B8A90E18F87D230076A4F5 /* album-art-small.png */,
				70B8A90F18F87D230076A4F5 /* album-art.png */,
				70B8A91018F87D230076A4F5 /* alerts */,
				70B8A91418F87D230076A4F5 /* black-linen.png */,
				70B8A91518F87D230076A4F5 /* black-linenold.png */,
				70B8A91618F87D230076A4F5 /* button-bg.png */,
				70B8A91718F87D230076A4F5 /* danger-btn-bg.png */,
				70B8A91818F87D230076A4F5 /* default_playlist.json */,
				70B8A91918F87D230076A4F5 /* icon-ipad.png */,
				70B8A91A18F87D230076A4F5 /* icon.png */,
				70B8A91B18F87D230076A4F5 /* icon@2x.png */,
				70B8A91C18F87D230076A4F5 /* music-note.png */,
				70B8A91D18F87D230076A4F5 /* nav-menu */,
				70B8A92518F87D230076A4F5 /* nav-menu-icon.png */,
				70B8A92618F87D230076A4F5 /* play_btn.png */,
				70B8A92718F87D230076A4F5 /* primary-btn-bg.png */,
				70B8A92818F87D230076A4F5 /* rdio-logo.png */,
				70B8A92918F87D230076A4F5 /* rdio-logo@2x.png */,
				70B8A92A18F87D230076A4F5 /* silent-on.png */,
				70B8A92B18F87D230076A4F5 /* smiley.png */,
				70B8A92C18F87D230076A4F5 /* success-btn-bg.png */,
			);
			path = Resources;
			sourceTree = "<group>";
		};
		70B8A8E818F87D230076A4F5 /* activities */ = {
			isa = PBXGroup;
			children = (
				70B8A8E918F87D230076A4F5 /* 100-coffee.png */,
				70B8A8EA18F87D230076A4F5 /* 25-weather.png */,
				70B8A8EB18F87D230076A4F5 /* 32-iphone.png */,
				70B8A8EC18F87D230076A4F5 /* biking.png */,
				70B8A8ED18F87D230076A4F5 /* Bus-256.png */,
				70B8A8EE18F87D230076A4F5 /* Driving.png */,
				70B8A8EF18F87D230076A4F5 /* exercising.png */,
				70B8A8F018F87D230076A4F5 /* house.png */,
				70B8A8F118F87D230076A4F5 /* indicators */,
				70B8A90418F87D230076A4F5 /* party-small.png */,
				70B8A90518F87D230076A4F5 /* party.png */,
				70B8A90618F87D230076A4F5 /* Running.png */,
				70B8A90718F87D230076A4F5 /* Sitting.png */,
				70B8A90818F87D230076A4F5 /* studying-small.png */,
				70B8A90918F87D230076A4F5 /* studying.png */,
				70B8A90A18F87D230076A4F5 /* talking.png */,
				70B8A90B18F87D230076A4F5 /* Walking.png */,
			);
			path = activities;
			sourceTree = "<group>";
		};
		70B8A8F118F87D230076A4F5 /* indicators */ = {
			isa = PBXGroup;
			children = (
				70B8A8F218F87D230076A4F5 /* indicator-biking.png */,
				70B8A8F318F87D230076A4F5 /* indicator-biking@2x.png */,
				70B8A8F418F87D230076A4F5 /* indicator-driving.png */,
				70B8A8F518F87D230076A4F5 /* indicator-driving@2x.png */,
				70B8A8F618F87D230076A4F5 /* indicator-exercising.png */,
				70B8A8F718F87D230076A4F5 /* indicator-exercising@2x.png */,
				70B8A8F818F87D230076A4F5 /* indicator-housework.png */,
				70B8A8F918F87D230076A4F5 /* indicator-housework@2x.png */,
				70B8A8FA18F87D230076A4F5 /* indicator-party.png */,
				70B8A8FB18F87D230076A4F5 /* indicator-party@2x.png */,
				70B8A8FC18F87D230076A4F5 /* indicator-running.png */,
				70B8A8FD18F87D230076A4F5 /* indicator-running@2x.png */,
				70B8A8FE18F87D230076A4F5 /* indicator-sitting.png */,
				70B8A8FF18F87D230076A4F5 /* indicator-sitting@2x.png */,
				70B8A90018F87D230076A4F5 /* indicator-talking.png */,
				70B8A90118F87D230076A4F5 /* indicator-talking@2x.png */,
				70B8A90218F87D230076A4F5 /* indicator-walking.png */,
				70B8A90318F87D230076A4F5 /* indicator-walking@2x.png */,
			);
			path = indicators;
			sourceTree = "<group>";
		};
		70B8A91018F87D230076A4F5 /* alerts */ = {
			isa = PBXGroup;
			children = (
				70B8A91118F87D230076A4F5 /* alert.wav */,
				70B8A91218F87D230076A4F5 /* network.png */,
				70B8A91318F87D230076A4F5 /* success.png */,
			);
			path = alerts;
			sourceTree = "<group>";
		};
		70B8A91D18F87D230076A4F5 /* nav-menu */ = {
			isa = PBXGroup;
			children = (
				70B8A91E18F87D230076A4F5 /* favorite.png */,
				70B8A91F18F87D230076A4F5 /* feed-icon.png */,
				70B8A92018F87D230076A4F5 /* header-bg.png */,
				70B8A92118F87D230076A4F5 /* profile-icon.png */,
				70B8A92218F87D230076A4F5 /* settings-icon.png */,
				70B8A92318F87D230076A4F5 /* table-bg.png */,
				70B8A92418F87D230076A4F5 /* trending-icon.png */,
			);
			path = "nav-menu";
			sourceTree = "<group>";
		};
		70C156C918D6656C007CCB39 /* Summary */ = {
			isa = PBXGroup;
			children = (
				70C156BC18D526EB007CCB39 /* ES_ContainerViewController.h */,
				70C156BD18D526EB007CCB39 /* ES_ContainerViewController.m */,
				70C156C518D52BD1007CCB39 /* ES_SwapViewController.h */,
				70C156C618D52BD1007CCB39 /* ES_SwapViewController.m */,
				707762E118D125BD00ED0134 /* ES_SummaryViewController.h */,
				707762E218D125BD00ED0134 /* ES_SummaryViewController.m */,
				1025D75618CB15BA00D854BE /* ES_PieViewController.h */,
				1025D75718CB15BA00D854BE /* ES_PieViewController.m */,
			);
			name = Summary;
			sourceTree = "<group>";
		};
		70C156CA18D665A8007CCB39 /* Settings */ = {
			isa = PBXGroup;
			children = (
				93AC71A5180878A000D58E77 /* ES_SettingsViewController.h */,
				93AC71A6180878A000D58E77 /* ES_SettingsViewController.m */,
			);
			name = Settings;
			sourceTree = "<group>";
		};
		70C156CB18D665D7007CCB39 /* Feedback */ = {
			isa = PBXGroup;
			children = (
				4EFADB2D19DE1DD200262568 /* ES_FeedbackViewController.h */,
				4EFADB2E19DE1DD200262568 /* ES_FeedbackViewController.m */,
				4E71BD4819BDA53800BA648B /* ES_SelectionFromListViewController.h */,
				4E71BD4919BDA53800BA648B /* ES_SelectionFromListViewController.m */,
			);
			name = Feedback;
			sourceTree = "<group>";
		};
		70C156CC18D665F1007CCB39 /* Home */ = {
			isa = PBXGroup;
			children = (
				93F678EC17F81F42000638CB /* ES_HomeViewController.h */,
				93F678ED17F81F42000638CB /* ES_HomeViewController.m */,
			);
			name = Home;
			sourceTree = "<group>";
		};
		70C156CD18D66623007CCB39 /* History */ = {
			isa = PBXGroup;
			children = (
				93E29C1B17FE1D3800BE0AD2 /* ES_CalendarViewTableViewController.h */,
				93E29C1C17FE1D3800BE0AD2 /* ES_CalendarViewTableViewController.m */,
				93AC71A81808A91800D58E77 /* ES_CalendarViewCell.h */,
				93AC71A91808A91800D58E77 /* ES_CalendarViewCell.m */,
			);
			name = History;
			sourceTree = "<group>";
		};
		70C156CE18D6669F007CCB39 /* Calendar */ = {
			isa = PBXGroup;
			children = (
				9F59F66518A9A9C5002C94B9 /* ES_HistoryTableViewController.h */,
				9F59F66618A9A9C5002C94B9 /* ES_HistoryTableViewController.m */,
				9F90A5C818AD7A6700E6E29B /* ES_ActivityEventTableCell.h */,
				9F90A5C918AD7A6700E6E29B /* ES_ActivityEventTableCell.m */,
				9FA74F5518AAF3A50095834B /* ES_ActivityEvent.h */,
				9FA74F5618AAF3A50095834B /* ES_ActivityEvent.m */,
			);
			name = Calendar;
			sourceTree = "<group>";
		};
		9307CBA817F1A78A00D95E05 = {
			isa = PBXGroup;
			children = (
				709F5ADB19FEBFEC00F3386C /* CAPublicUtility */,
				9307CBBA17F1A78A00D95E05 /* ExtraSensory */,
				9307CBD917F1A78A00D95E05 /* ExtraSensoryTests */,
				9307CBB317F1A78A00D95E05 /* Frameworks */,
				9307CBB217F1A78A00D95E05 /* Products */,
			);
			sourceTree = "<group>";
		};
		9307CBB217F1A78A00D95E05 /* Products */ = {
			isa = PBXGroup;
			children = (
				9307CBB117F1A78A00D95E05 /* ExtraSensory.app */,
				9307CBD217F1A78A00D95E05 /* ExtraSensoryTests.xctest */,
			);
			name = Products;
			sourceTree = "<group>";
		};
		9307CBB317F1A78A00D95E05 /* Frameworks */ = {
			isa = PBXGroup;
			children = (
				7015788F19FF0585003CCA95 /* libz.1.2.5.dylib */,
				709F5AF019FEC0A800F3386C /* AudioToolbox.framework */,
				709F5AEE19FEC06F00F3386C /* Accelerate.framework */,
				4EFADB3019F08BD500262568 /* CoreTelephony.framework */,
				9307CBE917F1CA9E00D95E05 /* CoreMotion.framework */,
				9307CBB417F1A78A00D95E05 /* Foundation.framework */,
				9307CBB617F1A78A00D95E05 /* CoreGraphics.framework */,
				9307CBB817F1A78A00D95E05 /* UIKit.framework */,
				9307CBD317F1A78A00D95E05 /* XCTest.framework */,
			);
			name = Frameworks;
			sourceTree = "<group>";
		};
		9307CBBA17F1A78A00D95E05 /* ExtraSensory */ = {
			isa = PBXGroup;
			children = (
				4EB52269198DF0B200BBC678 /* ES_AlertViewWithUserInfo.h */,
				4EB5226A198DF0B200BBC678 /* ES_AlertViewWithUserInfo.m */,
				9307CBC317F1A78A00D95E05 /* ES_AppDelegate.h */,
				9307CBC417F1A78A00D95E05 /* ES_AppDelegate.m */,
				93AC71AB1808D41000D58E77 /* ES_Format.h */,
				93AC71AC1808D41000D58E77 /* ES_Format.m */,
				70228E2918B19FF200189063 /* ActiveFeedback.storyboard */,
				9307CBC617F1A78A00D95E05 /* Main.storyboard */,
				70B8A8E618F87D230076A4F5 /* Resources */,
				9307CC6A17F220FE00D95E05 /* ViewControllers */,
				939562FE1806482200BF448E /* Views */,
				93F659DF17F6B299000638CB /* Network */,
				933F7CCF17F4D7C700B05C96 /* Sensors */,
				93F659DB17F6B1BE000638CB /* Data */,
				9307CBCC17F1A78A00D95E05 /* Images.xcassets */,
				9307CBBB17F1A78A00D95E05 /* Supporting Files */,
			);
			path = ExtraSensory;
			sourceTree = "<group>";
		};
		9307CBBB17F1A78A00D95E05 /* Supporting Files */ = {
			isa = PBXGroup;
			children = (
				70C156C218D52864007CCB39 /* Empty.h */,
				70C156C318D52864007CCB39 /* Empty.m */,
				9307CBBC17F1A78A00D95E05 /* ExtraSensory-Info.plist */,
				9307CBBD17F1A78A00D95E05 /* InfoPlist.strings */,
				9307CBC017F1A78A00D95E05 /* main.m */,
				9307CBC217F1A78A00D95E05 /* ExtraSensory-Prefix.pch */,
			);
			name = "Supporting Files";
			sourceTree = "<group>";
		};
		9307CBD917F1A78A00D95E05 /* ExtraSensoryTests */ = {
			isa = PBXGroup;
			children = (
				9307CBDF17F1A78A00D95E05 /* ExtraSensoryTests.m */,
				9307CBDA17F1A78A00D95E05 /* Supporting Files */,
			);
			path = ExtraSensoryTests;
			sourceTree = "<group>";
		};
		9307CBDA17F1A78A00D95E05 /* Supporting Files */ = {
			isa = PBXGroup;
			children = (
				9307CBDB17F1A78A00D95E05 /* ExtraSensoryTests-Info.plist */,
				9307CBDC17F1A78A00D95E05 /* InfoPlist.strings */,
			);
			name = "Supporting Files";
			sourceTree = "<group>";
		};
		9307CC6A17F220FE00D95E05 /* ViewControllers */ = {
			isa = PBXGroup;
			children = (
				70C156CF18D75E34007CCB39 /* RaisedTabBarController.h */,
				70C156D018D75E34007CCB39 /* RaisedTabBarController.m */,
				70C156CE18D6669F007CCB39 /* Calendar */,
				70C156C918D6656C007CCB39 /* Summary */,
				70C156CB18D665D7007CCB39 /* Feedback */,
				70C156CC18D665F1007CCB39 /* Home */,
				70C156CD18D66623007CCB39 /* History */,
				70C156CA18D665A8007CCB39 /* Settings */,
			);
			name = ViewControllers;
			sourceTree = "<group>";
		};
		933F7CCF17F4D7C700B05C96 /* Sensors */ = {
			isa = PBXGroup;
			children = (
				709F513B19FEA6B200F3386C /* MFCC */,
				93BC42BA17FB4C2900F06844 /* ES_Scheduler.h */,
				93BC42BB17FB4C2900F06844 /* ES_Scheduler.m */,
				933F7CC917F4C80B00B05C96 /* ES_SensorManager.h */,
				933F7CCA17F4C80B00B05C96 /* ES_SensorManager.m */,
				10AE6C5618A30AEB0095F330 /* ES_SoundWaveProcessor.h */,
				10AE6C5718A30AEB0095F330 /* ES_SoundWaveProcessor.mm */,
			);
			name = Sensors;
			sourceTree = "<group>";
		};
		934377A017FEE27E00521B0D /* DataModels */ = {
			isa = PBXGroup;
			children = (
				4E987BB119AEA7E8008C569D /* ES_Settings.h */,
				4E987BB219AEA7E8008C569D /* ES_Settings.m */,
				4291F1D9199A8908008EDCA4 /* ES_Activity.h */,
				4291F1DA199A8908008EDCA4 /* ES_Activity.m */,
				9307CC3317F2075C00D95E05 /* ES_UserDataModel.xcdatamodeld */,
				7070A64618D7B991007D660D /* ES_UserActivityLabels.h */,
				7070A64718D7B991007D660D /* ES_UserActivityLabels.m */,
				939600A6181B0195006221C6 /* ES_UserPopulation.h */,
				939600A7181B0195006221C6 /* ES_UserPopulation.m */,
				939600A3181B0194006221C6 /* ES_User.h */,
				939600A4181B0194006221C6 /* ES_User.m */,
				93146B8918024A9D00F2AAC7 /* ES_ActivityStatistic.h */,
				93146B8A18024A9D00F2AAC7 /* ES_ActivityStatistic.m */,
			);
			name = DataModels;
			sourceTree = "<group>";
		};
		939562FE1806482200BF448E /* Views */ = {
			isa = PBXGroup;
			children = (
				939562FB1806481800BF448E /* ES_PieChartView.h */,
				939562FC1806481800BF448E /* ES_PieChartView.m */,
			);
			name = Views;
			sourceTree = "<group>";
		};
		93F659DB17F6B1BE000638CB /* Data */ = {
			isa = PBXGroup;
			children = (
				70FE414618B695D900F277FB /* ES_ActivitiesStrings.h */,
				70FE414718B695D900F277FB /* ES_ActivitiesStrings.m */,
				93F659D517F6857B000638CB /* ES_DataBaseAccessor.h */,
				93F659D617F6857B000638CB /* ES_DataBaseAccessor.m */,
				934377A017FEE27E00521B0D /* DataModels */,
				93F679B617F97878000638CB /* ZipArchiver */,
			);
			name = Data;
			sourceTree = "<group>";
		};
		93F659DF17F6B299000638CB /* Network */ = {
			isa = PBXGroup;
			children = (
				707762DD18CF7C9800ED0134 /* Reachability */,
				93F659DC17F6B280000638CB /* ES_NetworkAccessor.h */,
				93F659DD17F6B280000638CB /* ES_NetworkAccessor.m */,
			);
			name = Network;
			sourceTree = "<group>";
		};
		93F679B617F97878000638CB /* ZipArchiver */ = {
			isa = PBXGroup;
			children = (
				93F679B717F978AF000638CB /* minizip */,
				93F679C117F978AF000638CB /* ZipArchive.h */,
				93F679C217F978AF000638CB /* ZipArchive.mm */,
			);
			name = ZipArchiver;
			sourceTree = "<group>";
		};
		93F679B717F978AF000638CB /* minizip */ = {
			isa = PBXGroup;
			children = (
				93F679B817F978AF000638CB /* crypt.h */,
				93F679B917F978AF000638CB /* ioapi.c */,
				93F679BA17F978AF000638CB /* ioapi.h */,
				93F679BB17F978AF000638CB /* mztools.c */,
				93F679BC17F978AF000638CB /* mztools.h */,
				93F679BD17F978AF000638CB /* unzip.c */,
				93F679BE17F978AF000638CB /* unzip.h */,
				93F679BF17F978AF000638CB /* zip.c */,
				93F679C017F978AF000638CB /* zip.h */,
			);
			path = minizip;
			sourceTree = "<group>";
		};
/* End PBXGroup section */

/* Begin PBXNativeTarget section */
		9307CBB017F1A78A00D95E05 /* ExtraSensory */ = {
			isa = PBXNativeTarget;
			buildConfigurationList = 9307CBE317F1A78A00D95E05 /* Build configuration list for PBXNativeTarget "ExtraSensory" */;
			buildPhases = (
				9307CBAD17F1A78A00D95E05 /* Sources */,
				9307CBAE17F1A78A00D95E05 /* Frameworks */,
				9307CBAF17F1A78A00D95E05 /* Resources */,
			);
			buildRules = (
			);
			dependencies = (
			);
			name = ExtraSensory;
			productName = ExtraSensory;
			productReference = 9307CBB117F1A78A00D95E05 /* ExtraSensory.app */;
			productType = "com.apple.product-type.application";
		};
		9307CBD117F1A78A00D95E05 /* ExtraSensoryTests */ = {
			isa = PBXNativeTarget;
			buildConfigurationList = 9307CBE617F1A78A00D95E05 /* Build configuration list for PBXNativeTarget "ExtraSensoryTests" */;
			buildPhases = (
				9307CBCE17F1A78A00D95E05 /* Sources */,
				9307CBCF17F1A78A00D95E05 /* Frameworks */,
				9307CBD017F1A78A00D95E05 /* Resources */,
			);
			buildRules = (
			);
			dependencies = (
				9307CBD817F1A78A00D95E05 /* PBXTargetDependency */,
			);
			name = ExtraSensoryTests;
			productName = ExtraSensoryTests;
			productReference = 9307CBD217F1A78A00D95E05 /* ExtraSensoryTests.xctest */;
			productType = "com.apple.product-type.bundle.unit-test";
		};
/* End PBXNativeTarget section */

/* Begin PBXProject section */
		9307CBA917F1A78A00D95E05 /* Project object */ = {
			isa = PBXProject;
			attributes = {
				CLASSPREFIX = ES_;
				LastUpgradeCheck = 0510;
				ORGANIZATIONNAME = "Bryan Grounds";
				TargetAttributes = {
					9307CBB017F1A78A00D95E05 = {
						DevelopmentTeam = AG7H7A9P2Q;
						SystemCapabilities = {
							com.apple.BackgroundModes = {
								enabled = 1;
							};
						};
					};
					9307CBD117F1A78A00D95E05 = {
						TestTargetID = 9307CBB017F1A78A00D95E05;
					};
				};
			};
			buildConfigurationList = 9307CBAC17F1A78A00D95E05 /* Build configuration list for PBXProject "ExtraSensory" */;
			compatibilityVersion = "Xcode 3.2";
			developmentRegion = English;
			hasScannedForEncodings = 0;
			knownRegions = (
				en,
				Base,
			);
			mainGroup = 9307CBA817F1A78A00D95E05;
			productRefGroup = 9307CBB217F1A78A00D95E05 /* Products */;
			projectDirPath = "";
			projectRoot = "";
			targets = (
				9307CBB017F1A78A00D95E05 /* ExtraSensory */,
				9307CBD117F1A78A00D95E05 /* ExtraSensoryTests */,
			);
		};
/* End PBXProject section */

/* Begin PBXResourcesBuildPhase section */
		9307CBAF17F1A78A00D95E05 /* Resources */ = {
			isa = PBXResourcesBuildPhase;
			buildActionMask = 2147483647;
			files = (
				70B8A96918F87D230076A4F5 /* primary-btn-bg.png in Resources */,
				70B8A96B18F87D230076A4F5 /* rdio-logo@2x.png in Resources */,
				708D5FB2197C3778003FE7D3 /* Lying down.png in Resources */,
				70B8A94318F87D230076A4F5 /* indicator-sitting@2x.png in Resources */,
				70B8A93C18F87D230076A4F5 /* indicator-housework.png in Resources */,
				70B8A96418F87D230076A4F5 /* settings-icon.png in Resources */,
				70B8A96D18F87D230076A4F5 /* smiley.png in Resources */,
				70B8A93818F87D230076A4F5 /* indicator-driving.png in Resources */,
				70B8A96218F87D230076A4F5 /* header-bg.png in Resources */,
				708D5FB4197C3778003FE7D3 /* Bicycling.png in Resources */,
				70B8A94718F87D230076A4F5 /* indicator-walking@2x.png in Resources */,
				70B8A95F18F87D230076A4F5 /* music-note.png in Resources */,
				70B8A96C18F87D230076A4F5 /* silent-on.png in Resources */,
				70B8A96318F87D230076A4F5 /* profile-icon.png in Resources */,
				703B3650196E3FA800D5D80B /* gear.png in Resources */,
				70B8A92F18F87D230076A4F5 /* 25-weather.png in Resources */,
				70B8A94F18F87D230076A4F5 /* Walking.png in Resources */,
				70B8A92E18F87D230076A4F5 /* 100-coffee.png in Resources */,
				70B8A96E18F87D230076A4F5 /* success-btn-bg.png in Resources */,
				70B8A93518F87D230076A4F5 /* house.png in Resources */,
				708D5FB3197C3778003FE7D3 /* Standing.png in Resources */,
				70B8A95618F87D230076A4F5 /* success.png in Resources */,
				70B8A95818F87D230076A4F5 /* black-linenold.png in Resources */,
				70B8A95218F87D230076A4F5 /* album-art-small.png in Resources */,
				70B8A94418F87D230076A4F5 /* indicator-talking.png in Resources */,
				70B8A94018F87D230076A4F5 /* indicator-running.png in Resources */,
				70B8A94C18F87D230076A4F5 /* studying-small.png in Resources */,
				70228E2B18B19FF200189063 /* ActiveFeedback.storyboard in Resources */,
				4E5C5D94199F6C7F00B801BC /* redCircle.png in Resources */,
				70B8A93318F87D230076A4F5 /* Driving.png in Resources */,
				70B8A96818F87D230076A4F5 /* play_btn.png in Resources */,
				70B8A95E18F87D230076A4F5 /* icon@2x.png in Resources */,
				4E5C5E6A19A66D4A00B801BC /* edit.png in Resources */,
				703B3652196E3FD100D5D80B /* stats_pie_chart.png in Resources */,
				70B8A94B18F87D230076A4F5 /* Sitting.png in Resources */,
				70B8A93918F87D230076A4F5 /* indicator-driving@2x.png in Resources */,
				70B8A95518F87D230076A4F5 /* network.png in Resources */,
				70B8A94D18F87D230076A4F5 /* studying.png in Resources */,
				70B8A96518F87D230076A4F5 /* table-bg.png in Resources */,
				70B8A96A18F87D230076A4F5 /* rdio-logo.png in Resources */,
				70B8A95918F87D230076A4F5 /* button-bg.png in Resources */,
				9307CBCD17F1A78A00D95E05 /* Images.xcassets in Resources */,
				70B8A93018F87D230076A4F5 /* 32-iphone.png in Resources */,
				70B8A95118F87D230076A4F5 /* activity_button@2x.png in Resources */,
				70B8A93218F87D230076A4F5 /* Bus-256.png in Resources */,
				9307CBBF17F1A78A00D95E05 /* InfoPlist.strings in Resources */,
				70B8A94818F87D230076A4F5 /* party-small.png in Resources */,
				70B8A95018F87D230076A4F5 /* activity_button.png in Resources */,
				70B8A95318F87D230076A4F5 /* album-art.png in Resources */,
				70B8A94E18F87D230076A4F5 /* talking.png in Resources */,
				70B8A93D18F87D230076A4F5 /* indicator-housework@2x.png in Resources */,
				70B8A94118F87D230076A4F5 /* indicator-running@2x.png in Resources */,
				70B8A96718F87D230076A4F5 /* nav-menu-icon.png in Resources */,
				70B8A93118F87D230076A4F5 /* biking.png in Resources */,
				70B8A95718F87D230076A4F5 /* black-linen.png in Resources */,
				4E5C5E6919A66D4A00B801BC /* back.png in Resources */,
				70B8A96018F87D230076A4F5 /* favorite.png in Resources */,
				70B8A95B18F87D230076A4F5 /* default_playlist.json in Resources */,
				70B8A95C18F87D230076A4F5 /* icon-ipad.png in Resources */,
				70B8A93418F87D230076A4F5 /* exercising.png in Resources */,
				703B3668196E477500D5D80B /* text-plus-icon.png in Resources */,
				9307CBC817F1A78A00D95E05 /* Main.storyboard in Resources */,
				70B8A94618F87D230076A4F5 /* indicator-walking.png in Resources */,
				70B8A94A18F87D230076A4F5 /* Running.png in Resources */,
				70B8A95D18F87D230076A4F5 /* icon.png in Resources */,
				70B8A96618F87D230076A4F5 /* trending-icon.png in Resources */,
				70B8A93718F87D230076A4F5 /* indicator-biking@2x.png in Resources */,
				70B8A94918F87D230076A4F5 /* party.png in Resources */,
				70B8A96118F87D230076A4F5 /* feed-icon.png in Resources */,
				70B8A93F18F87D230076A4F5 /* indicator-party@2x.png in Resources */,
				70B8A94518F87D230076A4F5 /* indicator-talking@2x.png in Resources */,
				70B8A94218F87D230076A4F5 /* indicator-sitting.png in Resources */,
				70B8A95418F87D230076A4F5 /* alert.wav in Resources */,
				70B8A95A18F87D230076A4F5 /* danger-btn-bg.png in Resources */,
				70B8A93B18F87D230076A4F5 /* indicator-exercising@2x.png in Resources */,
				70B8A92D18F87D230076A4F5 /* 17-bar-chart.png in Resources */,
				70B8A93E18F87D230076A4F5 /* indicator-party.png in Resources */,
				70B8A93618F87D230076A4F5 /* indicator-biking.png in Resources */,
				70B8A93A18F87D230076A4F5 /* indicator-exercising.png in Resources */,
			);
			runOnlyForDeploymentPostprocessing = 0;
		};
		9307CBD017F1A78A00D95E05 /* Resources */ = {
			isa = PBXResourcesBuildPhase;
			buildActionMask = 2147483647;
			files = (
				9307CBDE17F1A78A00D95E05 /* InfoPlist.strings in Resources */,
			);
			runOnlyForDeploymentPostprocessing = 0;
		};
/* End PBXResourcesBuildPhase section */

/* Begin PBXSourcesBuildPhase section */
		9307CBAD17F1A78A00D95E05 /* Sources */ = {
			isa = PBXSourcesBuildPhase;
			buildActionMask = 2147483647;
			files = (
				1025D75818CB15BA00D854BE /* ES_PieViewController.m in Sources */,
				70C156C718D52BD1007CCB39 /* ES_SwapViewController.m in Sources */,
				9307CC3517F2075C00D95E05 /* ES_UserDataModel.xcdatamodeld in Sources */,
				933F7CCB17F4C80B00B05C96 /* ES_SensorManager.m in Sources */,
				9FA74F5718AAF3A50095834B /* ES_ActivityEvent.m in Sources */,
				4291F1DB199A8908008EDCA4 /* ES_Activity.m in Sources */,
				7070A64818D7B991007D660D /* ES_UserActivityLabels.m in Sources */,
				7015789719FF1196003CCA95 /* TriangleFilter.cpp in Sources */,
				939562FD1806481800BF448E /* ES_PieChartView.m in Sources */,
				93E29C1D17FE1D3800BE0AD2 /* ES_CalendarViewTableViewController.m in Sources */,
				709F5AEB19FEBFED00F3386C /* CAHostTimeBase.cpp in Sources */,
				707762E018CF7C9800ED0134 /* Reachability.m in Sources */,
				9F59F66718A9A9C5002C94B9 /* ES_HistoryTableViewController.m in Sources */,
				93F679C417F978AF000638CB /* mztools.c in Sources */,
				93F679C717F978AF000638CB /* ZipArchive.mm in Sources */,
				4EFADB2F19DE1DD200262568 /* ES_FeedbackViewController.m in Sources */,
				93F679C517F978AF000638CB /* unzip.c in Sources */,
				93146B8B18024A9D00F2AAC7 /* ES_ActivityStatistic.m in Sources */,
				939600A5181B0194006221C6 /* ES_User.m in Sources */,
				7015789619FF1196003CCA95 /* MelFilterBank.cpp in Sources */,
				4EB5226B198DF0B300BBC678 /* ES_AlertViewWithUserInfo.m in Sources */,
				709F5AEC19FEBFED00F3386C /* CAStreamBasicDescription.cpp in Sources */,
				93BC42BC17FB4C2900F06844 /* ES_Scheduler.m in Sources */,
				93F659DE17F6B280000638CB /* ES_NetworkAccessor.m in Sources */,
				10AE6C5818A30AEB0095F330 /* ES_SoundWaveProcessor.mm in Sources */,
				939600A8181B0195006221C6 /* ES_UserPopulation.m in Sources */,
				709F5AEA19FEBFED00F3386C /* CADebugPrintf.cpp in Sources */,
				707762E318D125BD00ED0134 /* ES_SummaryViewController.m in Sources */,
				4E987BB319AEA7E8008C569D /* ES_Settings.m in Sources */,
				9307CBC517F1A78A00D95E05 /* ES_AppDelegate.m in Sources */,
				93F678EE17F81F42000638CB /* ES_HomeViewController.m in Sources */,
				9307CBC117F1A78A00D95E05 /* main.m in Sources */,
				93F679C317F978AF000638CB /* ioapi.c in Sources */,
				70FE414818B695D900F277FB /* ES_ActivitiesStrings.m in Sources */,
				70C156BE18D526EB007CCB39 /* ES_ContainerViewController.m in Sources */,
				93AC71AD1808D41000D58E77 /* ES_Format.m in Sources */,
				70C156C418D52864007CCB39 /* Empty.m in Sources */,
				709F513E19FEA6E700F3386C /* AudioFileReader.cpp in Sources */,
				709F513A19FEA6A100F3386C /* MFCCUtils.cpp in Sources */,
				93F679C617F978AF000638CB /* zip.c in Sources */,
				709F514119FEA72500F3386C /* MFCCProcessor.cpp in Sources */,
				709F5AED19FEBFED00F3386C /* CAXException.cpp in Sources */,
				93AC71A7180878A000D58E77 /* ES_SettingsViewController.m in Sources */,
				4E71BD4A19BDA53800BA648B /* ES_SelectionFromListViewController.m in Sources */,
				93AC71AA1808A91800D58E77 /* ES_CalendarViewCell.m in Sources */,
				93F659D717F6857B000638CB /* ES_DataBaseAccessor.m in Sources */,
				9F90A5CA18AD7A6700E6E29B /* ES_ActivityEventTableCell.m in Sources */,
				709F5AE919FEBFED00F3386C /* CADebugMacros.cpp in Sources */,
				70C156D118D75E34007CCB39 /* RaisedTabBarController.m in Sources */,
			);
			runOnlyForDeploymentPostprocessing = 0;
		};
		9307CBCE17F1A78A00D95E05 /* Sources */ = {
			isa = PBXSourcesBuildPhase;
			buildActionMask = 2147483647;
			files = (
				9F59F66818A9A9C5002C94B9 /* ES_HistoryTableViewController.m in Sources */,
				9307CBE017F1A78A00D95E05 /* ExtraSensoryTests.m in Sources */,
			);
			runOnlyForDeploymentPostprocessing = 0;
		};
/* End PBXSourcesBuildPhase section */

/* Begin PBXTargetDependency section */
		9307CBD817F1A78A00D95E05 /* PBXTargetDependency */ = {
			isa = PBXTargetDependency;
			target = 9307CBB017F1A78A00D95E05 /* ExtraSensory */;
			targetProxy = 9307CBD717F1A78A00D95E05 /* PBXContainerItemProxy */;
		};
/* End PBXTargetDependency section */

/* Begin PBXVariantGroup section */
		70228E2918B19FF200189063 /* ActiveFeedback.storyboard */ = {
			isa = PBXVariantGroup;
			children = (
				70228E2A18B19FF200189063 /* Base */,
			);
			name = ActiveFeedback.storyboard;
			path = ..;
			sourceTree = "<group>";
		};
		9307CBBD17F1A78A00D95E05 /* InfoPlist.strings */ = {
			isa = PBXVariantGroup;
			children = (
				9307CBBE17F1A78A00D95E05 /* en */,
			);
			name = InfoPlist.strings;
			sourceTree = "<group>";
		};
		9307CBC617F1A78A00D95E05 /* Main.storyboard */ = {
			isa = PBXVariantGroup;
			children = (
				9307CBC717F1A78A00D95E05 /* Base */,
			);
			name = Main.storyboard;
			sourceTree = "<group>";
		};
		9307CBDC17F1A78A00D95E05 /* InfoPlist.strings */ = {
			isa = PBXVariantGroup;
			children = (
				9307CBDD17F1A78A00D95E05 /* en */,
			);
			name = InfoPlist.strings;
			sourceTree = "<group>";
		};
/* End PBXVariantGroup section */

/* Begin XCBuildConfiguration section */
		9307CBE117F1A78A00D95E05 /* Debug */ = {
			isa = XCBuildConfiguration;
			buildSettings = {
				ALWAYS_SEARCH_USER_PATHS = YES;
				CLANG_CXX_LANGUAGE_STANDARD = "gnu++0x";
				CLANG_CXX_LIBRARY = "libstdc++";
				CLANG_ENABLE_MODULES = YES;
				CLANG_ENABLE_OBJC_ARC = YES;
				CLANG_WARN_BOOL_CONVERSION = YES;
				CLANG_WARN_CONSTANT_CONVERSION = YES;
				CLANG_WARN_DIRECT_OBJC_ISA_USAGE = YES_ERROR;
				CLANG_WARN_EMPTY_BODY = YES;
				CLANG_WARN_ENUM_CONVERSION = YES;
				CLANG_WARN_INT_CONVERSION = YES;
				CLANG_WARN_OBJC_ROOT_CLASS = YES_ERROR;
				CLANG_WARN__DUPLICATE_METHOD_MATCH = YES;
				"CODE_SIGN_IDENTITY[sdk=iphoneos*]" = "iPhone Developer";
				COPY_PHASE_STRIP = NO;
				GCC_C_LANGUAGE_STANDARD = "compiler-default";
				GCC_DYNAMIC_NO_PIC = NO;
				GCC_INPUT_FILETYPE = automatic;
				GCC_OPTIMIZATION_LEVEL = 0;
				GCC_PREPROCESSOR_DEFINITIONS = (
					"DEBUG=1",
					"$(inherited)",
				);
				GCC_SYMBOLS_PRIVATE_EXTERN = NO;
				GCC_WARN_64_TO_32_BIT_CONVERSION = YES;
				GCC_WARN_ABOUT_RETURN_TYPE = YES_ERROR;
				GCC_WARN_UNDECLARED_SELECTOR = YES;
				GCC_WARN_UNINITIALIZED_AUTOS = YES;
				GCC_WARN_UNUSED_FUNCTION = YES;
				GCC_WARN_UNUSED_VARIABLE = YES;
				IPHONEOS_DEPLOYMENT_TARGET = 7.0;
				ONLY_ACTIVE_ARCH = YES;
				"OTHER_LDFLAGS[arch=*]" = "";
				SDKROOT = iphoneos;
			};
			name = Debug;
		};
		9307CBE217F1A78A00D95E05 /* Release */ = {
			isa = XCBuildConfiguration;
			buildSettings = {
				ALWAYS_SEARCH_USER_PATHS = YES;
				CLANG_CXX_LANGUAGE_STANDARD = "gnu++0x";
				CLANG_CXX_LIBRARY = "libstdc++";
				CLANG_ENABLE_MODULES = YES;
				CLANG_ENABLE_OBJC_ARC = YES;
				CLANG_WARN_BOOL_CONVERSION = YES;
				CLANG_WARN_CONSTANT_CONVERSION = YES;
				CLANG_WARN_DIRECT_OBJC_ISA_USAGE = YES_ERROR;
				CLANG_WARN_EMPTY_BODY = YES;
				CLANG_WARN_ENUM_CONVERSION = YES;
				CLANG_WARN_INT_CONVERSION = YES;
				CLANG_WARN_OBJC_ROOT_CLASS = YES_ERROR;
				CLANG_WARN__DUPLICATE_METHOD_MATCH = YES;
				"CODE_SIGN_IDENTITY[sdk=iphoneos*]" = "iPhone Developer";
				COPY_PHASE_STRIP = YES;
				ENABLE_NS_ASSERTIONS = NO;
				GCC_C_LANGUAGE_STANDARD = "compiler-default";
				GCC_INPUT_FILETYPE = automatic;
				GCC_WARN_64_TO_32_BIT_CONVERSION = YES;
				GCC_WARN_ABOUT_RETURN_TYPE = YES_ERROR;
				GCC_WARN_UNDECLARED_SELECTOR = YES;
				GCC_WARN_UNINITIALIZED_AUTOS = YES;
				GCC_WARN_UNUSED_FUNCTION = YES;
				GCC_WARN_UNUSED_VARIABLE = YES;
				IPHONEOS_DEPLOYMENT_TARGET = 7.0;
				SDKROOT = iphoneos;
				VALIDATE_PRODUCT = YES;
			};
			name = Release;
		};
		9307CBE417F1A78A00D95E05 /* Debug */ = {
			isa = XCBuildConfiguration;
			buildSettings = {
				ASSETCATALOG_COMPILER_APPICON_NAME = AppIcon;
				ASSETCATALOG_COMPILER_LAUNCHIMAGE_NAME = LaunchImage;
				CODE_SIGN_IDENTITY = "iPhone Developer";
				"CODE_SIGN_IDENTITY[sdk=iphoneos*]" = "iPhone Developer";
				GCC_PRECOMPILE_PREFIX_HEADER = YES;
				GCC_PREFIX_HEADER = "ExtraSensory/ExtraSensory-Prefix.pch";
				"HEADER_SEARCH_PATHS[arch=*]" = "\"$(SRCROOT)/../boost_ext/include\"";
				INFOPLIST_FILE = "ExtraSensory/ExtraSensory-Info.plist";
				IPHONEOS_DEPLOYMENT_TARGET = 8.0;
				LIBRARY_SEARCH_PATHS = (
					"$(inherited)",
					"$(PROJECT_DIR)/ExtraSensory/boost_ext/lib",
				);
				New_Setting = "";
				"OTHER_LDFLAGS[arch=*]" = "";
				PRODUCT_NAME = "$(TARGET_NAME)";
				PROVISIONING_PROFILE = "de337dc2-92fe-487b-a162-1d5c942517e4";
				WRAPPER_EXTENSION = app;
			};
			name = Debug;
		};
		9307CBE517F1A78A00D95E05 /* Release */ = {
			isa = XCBuildConfiguration;
			buildSettings = {
				ASSETCATALOG_COMPILER_APPICON_NAME = AppIcon;
				ASSETCATALOG_COMPILER_LAUNCHIMAGE_NAME = LaunchImage;
				CODE_SIGN_IDENTITY = "iPhone Distribution";
				"CODE_SIGN_IDENTITY[sdk=iphoneos*]" = "iPhone Distribution";
				GCC_PRECOMPILE_PREFIX_HEADER = YES;
				GCC_PREFIX_HEADER = "ExtraSensory/ExtraSensory-Prefix.pch";
				"HEADER_SEARCH_PATHS[arch=*]" = "\"$(SRCROOT)/../boost_ext/include\"";
				INFOPLIST_FILE = "ExtraSensory/ExtraSensory-Info.plist";
				IPHONEOS_DEPLOYMENT_TARGET = 7.0;
				PRODUCT_NAME = "$(TARGET_NAME)";
				PROVISIONING_PROFILE = "3d57104f-c222-4574-8233-7b270d30d9ee";
				WRAPPER_EXTENSION = app;
			};
			name = Release;
		};
		9307CBE717F1A78A00D95E05 /* Debug */ = {
			isa = XCBuildConfiguration;
			buildSettings = {
				BUNDLE_LOADER = "$(BUILT_PRODUCTS_DIR)/ExtraSensory.app/ExtraSensory";
				FRAMEWORK_SEARCH_PATHS = (
					"$(SDKROOT)/Developer/Library/Frameworks",
					"$(inherited)",
					"$(DEVELOPER_FRAMEWORKS_DIR)",
				);
				GCC_PRECOMPILE_PREFIX_HEADER = YES;
				GCC_PREFIX_HEADER = "ExtraSensory/ExtraSensory-Prefix.pch";
				GCC_PREPROCESSOR_DEFINITIONS = (
					"DEBUG=1",
					"$(inherited)",
				);
				INFOPLIST_FILE = "ExtraSensoryTests/ExtraSensoryTests-Info.plist";
				PRODUCT_NAME = "$(TARGET_NAME)";
				TEST_HOST = "$(BUNDLE_LOADER)";
				WRAPPER_EXTENSION = xctest;
			};
			name = Debug;
		};
		9307CBE817F1A78A00D95E05 /* Release */ = {
			isa = XCBuildConfiguration;
			buildSettings = {
				BUNDLE_LOADER = "$(BUILT_PRODUCTS_DIR)/ExtraSensory.app/ExtraSensory";
				FRAMEWORK_SEARCH_PATHS = (
					"$(SDKROOT)/Developer/Library/Frameworks",
					"$(inherited)",
					"$(DEVELOPER_FRAMEWORKS_DIR)",
				);
				GCC_PRECOMPILE_PREFIX_HEADER = YES;
				GCC_PREFIX_HEADER = "ExtraSensory/ExtraSensory-Prefix.pch";
				INFOPLIST_FILE = "ExtraSensoryTests/ExtraSensoryTests-Info.plist";
				PRODUCT_NAME = "$(TARGET_NAME)";
				TEST_HOST = "$(BUNDLE_LOADER)";
				WRAPPER_EXTENSION = xctest;
			};
			name = Release;
		};
/* End XCBuildConfiguration section */

/* Begin XCConfigurationList section */
		9307CBAC17F1A78A00D95E05 /* Build configuration list for PBXProject "ExtraSensory" */ = {
			isa = XCConfigurationList;
			buildConfigurations = (
				9307CBE117F1A78A00D95E05 /* Debug */,
				9307CBE217F1A78A00D95E05 /* Release */,
			);
			defaultConfigurationIsVisible = 0;
			defaultConfigurationName = Release;
		};
		9307CBE317F1A78A00D95E05 /* Build configuration list for PBXNativeTarget "ExtraSensory" */ = {
			isa = XCConfigurationList;
			buildConfigurations = (
				9307CBE417F1A78A00D95E05 /* Debug */,
				9307CBE517F1A78A00D95E05 /* Release */,
			);
			defaultConfigurationIsVisible = 0;
			defaultConfigurationName = Release;
		};
		9307CBE617F1A78A00D95E05 /* Build configuration list for PBXNativeTarget "ExtraSensoryTests" */ = {
			isa = XCConfigurationList;
			buildConfigurations = (
				9307CBE717F1A78A00D95E05 /* Debug */,
				9307CBE817F1A78A00D95E05 /* Release */,
			);
			defaultConfigurationIsVisible = 0;
			defaultConfigurationName = Release;
		};
/* End XCConfigurationList section */

/* Begin XCVersionGroup section */
		9307CC3317F2075C00D95E05 /* ES_UserDataModel.xcdatamodeld */ = {
			isa = XCVersionGroup;
			children = (
				9307CC3417F2075C00D95E05 /* ES_UserDataModel.xcdatamodel */,
			);
			currentVersion = 9307CC3417F2075C00D95E05 /* ES_UserDataModel.xcdatamodel */;
			path = ES_UserDataModel.xcdatamodeld;
			sourceTree = "<group>";
			versionGroupType = wrapper.xcdatamodel;
		};
/* End XCVersionGroup section */
	};
	rootObject = 9307CBA917F1A78A00D95E05 /* Project object */;
}
