// !$*UTF8*$!
{
	archiveVersion = 1;
	classes = {
	};
	objectVersion = 46;
	objects = {

/* Begin PBXBuildFile section */
		70F883311806FAEF00F02411 /* 100-coffee.png in Resources */ = {isa = PBXBuildFile; fileRef = 70F882EC1806FAEE00F02411 /* 100-coffee.png */; };
		70F883321806FAEF00F02411 /* 25-weather.png in Resources */ = {isa = PBXBuildFile; fileRef = 70F882ED1806FAEE00F02411 /* 25-weather.png */; };
		70F883331806FAEF00F02411 /* 32-iphone.png in Resources */ = {isa = PBXBuildFile; fileRef = 70F882EE1806FAEE00F02411 /* 32-iphone.png */; };
		70F883341806FAEF00F02411 /* biking.png in Resources */ = {isa = PBXBuildFile; fileRef = 70F882EF1806FAEE00F02411 /* biking.png */; };
		70F883351806FAEF00F02411 /* Bus-256.png in Resources */ = {isa = PBXBuildFile; fileRef = 70F882F01806FAEE00F02411 /* Bus-256.png */; };
		70F883361806FAEF00F02411 /* driving.png in Resources */ = {isa = PBXBuildFile; fileRef = 70F882F11806FAEE00F02411 /* driving.png */; };
		70F883371806FAEF00F02411 /* exercising.png in Resources */ = {isa = PBXBuildFile; fileRef = 70F882F21806FAEE00F02411 /* exercising.png */; };
		70F883381806FAEF00F02411 /* house.png in Resources */ = {isa = PBXBuildFile; fileRef = 70F882F31806FAEE00F02411 /* house.png */; };
		70F883391806FAEF00F02411 /* indicator-biking.png in Resources */ = {isa = PBXBuildFile; fileRef = 70F882F51806FAEE00F02411 /* indicator-biking.png */; };
		70F8833A1806FAEF00F02411 /* indicator-biking@2x.png in Resources */ = {isa = PBXBuildFile; fileRef = 70F882F61806FAEE00F02411 /* indicator-biking@2x.png */; };
		70F8833B1806FAEF00F02411 /* indicator-driving.png in Resources */ = {isa = PBXBuildFile; fileRef = 70F882F71806FAEE00F02411 /* indicator-driving.png */; };
		70F8833C1806FAEF00F02411 /* indicator-driving@2x.png in Resources */ = {isa = PBXBuildFile; fileRef = 70F882F81806FAEE00F02411 /* indicator-driving@2x.png */; };
		70F8833D1806FAEF00F02411 /* indicator-exercising.png in Resources */ = {isa = PBXBuildFile; fileRef = 70F882F91806FAEE00F02411 /* indicator-exercising.png */; };
		70F8833E1806FAEF00F02411 /* indicator-exercising@2x.png in Resources */ = {isa = PBXBuildFile; fileRef = 70F882FA1806FAEE00F02411 /* indicator-exercising@2x.png */; };
		70F8833F1806FAEF00F02411 /* indicator-housework.png in Resources */ = {isa = PBXBuildFile; fileRef = 70F882FB1806FAEE00F02411 /* indicator-housework.png */; };
		70F883401806FAEF00F02411 /* indicator-housework@2x.png in Resources */ = {isa = PBXBuildFile; fileRef = 70F882FC1806FAEE00F02411 /* indicator-housework@2x.png */; };
		70F883411806FAEF00F02411 /* indicator-party.png in Resources */ = {isa = PBXBuildFile; fileRef = 70F882FD1806FAEE00F02411 /* indicator-party.png */; };
		70F883421806FAEF00F02411 /* indicator-party@2x.png in Resources */ = {isa = PBXBuildFile; fileRef = 70F882FE1806FAEE00F02411 /* indicator-party@2x.png */; };
		70F883431806FAEF00F02411 /* indicator-running.png in Resources */ = {isa = PBXBuildFile; fileRef = 70F882FF1806FAEE00F02411 /* indicator-running.png */; };
		70F883441806FAEF00F02411 /* indicator-running@2x.png in Resources */ = {isa = PBXBuildFile; fileRef = 70F883001806FAEE00F02411 /* indicator-running@2x.png */; };
		70F883451806FAEF00F02411 /* indicator-sitting.png in Resources */ = {isa = PBXBuildFile; fileRef = 70F883011806FAEE00F02411 /* indicator-sitting.png */; };
		70F883461806FAEF00F02411 /* indicator-sitting@2x.png in Resources */ = {isa = PBXBuildFile; fileRef = 70F883021806FAEE00F02411 /* indicator-sitting@2x.png */; };
		70F883471806FAEF00F02411 /* indicator-talking.png in Resources */ = {isa = PBXBuildFile; fileRef = 70F883031806FAEE00F02411 /* indicator-talking.png */; };
		70F883481806FAEF00F02411 /* indicator-talking@2x.png in Resources */ = {isa = PBXBuildFile; fileRef = 70F883041806FAEE00F02411 /* indicator-talking@2x.png */; };
		70F883491806FAEF00F02411 /* indicator-walking.png in Resources */ = {isa = PBXBuildFile; fileRef = 70F883051806FAEE00F02411 /* indicator-walking.png */; };
		70F8834A1806FAEF00F02411 /* indicator-walking@2x.png in Resources */ = {isa = PBXBuildFile; fileRef = 70F883061806FAEE00F02411 /* indicator-walking@2x.png */; };
		70F8834B1806FAEF00F02411 /* party-small.png in Resources */ = {isa = PBXBuildFile; fileRef = 70F883071806FAEE00F02411 /* party-small.png */; };
		70F8834C1806FAEF00F02411 /* party.png in Resources */ = {isa = PBXBuildFile; fileRef = 70F883081806FAEE00F02411 /* party.png */; };
		70F8834D1806FAEF00F02411 /* running.png in Resources */ = {isa = PBXBuildFile; fileRef = 70F883091806FAEE00F02411 /* running.png */; };
		70F8834E1806FAEF00F02411 /* sitting.png in Resources */ = {isa = PBXBuildFile; fileRef = 70F8830A1806FAEE00F02411 /* sitting.png */; };
		70F8834F1806FAEF00F02411 /* studying-small.png in Resources */ = {isa = PBXBuildFile; fileRef = 70F8830B1806FAEE00F02411 /* studying-small.png */; };
		70F883501806FAEF00F02411 /* studying.png in Resources */ = {isa = PBXBuildFile; fileRef = 70F8830C1806FAEE00F02411 /* studying.png */; };
		70F883511806FAEF00F02411 /* talking.png in Resources */ = {isa = PBXBuildFile; fileRef = 70F8830D1806FAEE00F02411 /* talking.png */; };
		70F883521806FAEF00F02411 /* walking.png in Resources */ = {isa = PBXBuildFile; fileRef = 70F8830E1806FAEE00F02411 /* walking.png */; };
		70F883531806FAEF00F02411 /* activity_button.png in Resources */ = {isa = PBXBuildFile; fileRef = 70F8830F1806FAEE00F02411 /* activity_button.png */; };
		70F883541806FAEF00F02411 /* activity_button@2x.png in Resources */ = {isa = PBXBuildFile; fileRef = 70F883101806FAEE00F02411 /* activity_button@2x.png */; };
		70F883551806FAEF00F02411 /* album-art-small.png in Resources */ = {isa = PBXBuildFile; fileRef = 70F883111806FAEE00F02411 /* album-art-small.png */; };
		70F883561806FAEF00F02411 /* album-art.png in Resources */ = {isa = PBXBuildFile; fileRef = 70F883121806FAEE00F02411 /* album-art.png */; };
		70F883571806FAEF00F02411 /* alert.wav in Resources */ = {isa = PBXBuildFile; fileRef = 70F883141806FAEE00F02411 /* alert.wav */; };
		70F883581806FAEF00F02411 /* network.png in Resources */ = {isa = PBXBuildFile; fileRef = 70F883151806FAEE00F02411 /* network.png */; };
		70F883591806FAEF00F02411 /* success.png in Resources */ = {isa = PBXBuildFile; fileRef = 70F883161806FAEE00F02411 /* success.png */; };
		70F8835A1806FAEF00F02411 /* black-linen.png in Resources */ = {isa = PBXBuildFile; fileRef = 70F883171806FAEE00F02411 /* black-linen.png */; };
		70F8835B1806FAEF00F02411 /* black-linenold.png in Resources */ = {isa = PBXBuildFile; fileRef = 70F883181806FAEE00F02411 /* black-linenold.png */; };
		70F8835C1806FAEF00F02411 /* button-bg.png in Resources */ = {isa = PBXBuildFile; fileRef = 70F883191806FAEE00F02411 /* button-bg.png */; };
		70F8835D1806FAEF00F02411 /* danger-btn-bg.png in Resources */ = {isa = PBXBuildFile; fileRef = 70F8831A1806FAEE00F02411 /* danger-btn-bg.png */; };
		70F8835E1806FAEF00F02411 /* default_playlist.json in Resources */ = {isa = PBXBuildFile; fileRef = 70F8831B1806FAEE00F02411 /* default_playlist.json */; };
		70F883621806FAEF00F02411 /* music-note.png in Resources */ = {isa = PBXBuildFile; fileRef = 70F8831F1806FAEF00F02411 /* music-note.png */; };
		70F883631806FAEF00F02411 /* favorite.png in Resources */ = {isa = PBXBuildFile; fileRef = 70F883211806FAEF00F02411 /* favorite.png */; };
		70F883641806FAEF00F02411 /* feed-icon.png in Resources */ = {isa = PBXBuildFile; fileRef = 70F883221806FAEF00F02411 /* feed-icon.png */; };
		70F883651806FAEF00F02411 /* gear.png in Resources */ = {isa = PBXBuildFile; fileRef = 70F883231806FAEF00F02411 /* gear.png */; };
		70F883661806FAEF00F02411 /* header-bg.png in Resources */ = {isa = PBXBuildFile; fileRef = 70F883241806FAEF00F02411 /* header-bg.png */; };
		70F883671806FAEF00F02411 /* profile-icon.png in Resources */ = {isa = PBXBuildFile; fileRef = 70F883251806FAEF00F02411 /* profile-icon.png */; };
		70F883681806FAEF00F02411 /* settings-icon.png in Resources */ = {isa = PBXBuildFile; fileRef = 70F883261806FAEF00F02411 /* settings-icon.png */; };
		70F883691806FAEF00F02411 /* table-bg.png in Resources */ = {isa = PBXBuildFile; fileRef = 70F883271806FAEF00F02411 /* table-bg.png */; };
		70F8836A1806FAEF00F02411 /* trending-icon.png in Resources */ = {isa = PBXBuildFile; fileRef = 70F883281806FAEF00F02411 /* trending-icon.png */; };
		70F8836B1806FAEF00F02411 /* nav-menu-icon.png in Resources */ = {isa = PBXBuildFile; fileRef = 70F883291806FAEF00F02411 /* nav-menu-icon.png */; };
		70F8836C1806FAEF00F02411 /* play_btn.png in Resources */ = {isa = PBXBuildFile; fileRef = 70F8832A1806FAEF00F02411 /* play_btn.png */; };
		70F8836D1806FAEF00F02411 /* primary-btn-bg.png in Resources */ = {isa = PBXBuildFile; fileRef = 70F8832B1806FAEF00F02411 /* primary-btn-bg.png */; };
		70F8836E1806FAEF00F02411 /* rdio-logo.png in Resources */ = {isa = PBXBuildFile; fileRef = 70F8832C1806FAEF00F02411 /* rdio-logo.png */; };
		70F8836F1806FAEF00F02411 /* rdio-logo@2x.png in Resources */ = {isa = PBXBuildFile; fileRef = 70F8832D1806FAEF00F02411 /* rdio-logo@2x.png */; };
		70F883701806FAEF00F02411 /* silent-on.png in Resources */ = {isa = PBXBuildFile; fileRef = 70F8832E1806FAEF00F02411 /* silent-on.png */; };
		70F883711806FAEF00F02411 /* smiley.png in Resources */ = {isa = PBXBuildFile; fileRef = 70F8832F1806FAEF00F02411 /* smiley.png */; };
		70F883721806FAEF00F02411 /* success-btn-bg.png in Resources */ = {isa = PBXBuildFile; fileRef = 70F883301806FAEF00F02411 /* success-btn-bg.png */; };
		70F883741808626F00F02411 /* blue-fabric.png in Resources */ = {isa = PBXBuildFile; fileRef = 70F883731808626F00F02411 /* blue-fabric.png */; };
		70F883761808640200F02411 /* iOS7-blue.png in Resources */ = {isa = PBXBuildFile; fileRef = 70F883751808640200F02411 /* iOS7-blue.png */; };
		9307CBB517F1A78A00D95E05 /* Foundation.framework in Frameworks */ = {isa = PBXBuildFile; fileRef = 9307CBB417F1A78A00D95E05 /* Foundation.framework */; };
		9307CBB717F1A78A00D95E05 /* CoreGraphics.framework in Frameworks */ = {isa = PBXBuildFile; fileRef = 9307CBB617F1A78A00D95E05 /* CoreGraphics.framework */; };
		9307CBB917F1A78A00D95E05 /* UIKit.framework in Frameworks */ = {isa = PBXBuildFile; fileRef = 9307CBB817F1A78A00D95E05 /* UIKit.framework */; };
		9307CBBF17F1A78A00D95E05 /* InfoPlist.strings in Resources */ = {isa = PBXBuildFile; fileRef = 9307CBBD17F1A78A00D95E05 /* InfoPlist.strings */; };
		9307CBC117F1A78A00D95E05 /* main.m in Sources */ = {isa = PBXBuildFile; fileRef = 9307CBC017F1A78A00D95E05 /* main.m */; };
		9307CBC517F1A78A00D95E05 /* ES_AppDelegate.m in Sources */ = {isa = PBXBuildFile; fileRef = 9307CBC417F1A78A00D95E05 /* ES_AppDelegate.m */; };
		9307CBC817F1A78A00D95E05 /* Main.storyboard in Resources */ = {isa = PBXBuildFile; fileRef = 9307CBC617F1A78A00D95E05 /* Main.storyboard */; };
		9307CBCD17F1A78A00D95E05 /* Images.xcassets in Resources */ = {isa = PBXBuildFile; fileRef = 9307CBCC17F1A78A00D95E05 /* Images.xcassets */; };
		9307CBD417F1A78A00D95E05 /* XCTest.framework in Frameworks */ = {isa = PBXBuildFile; fileRef = 9307CBD317F1A78A00D95E05 /* XCTest.framework */; };
		9307CBD517F1A78A00D95E05 /* Foundation.framework in Frameworks */ = {isa = PBXBuildFile; fileRef = 9307CBB417F1A78A00D95E05 /* Foundation.framework */; };
		9307CBD617F1A78A00D95E05 /* UIKit.framework in Frameworks */ = {isa = PBXBuildFile; fileRef = 9307CBB817F1A78A00D95E05 /* UIKit.framework */; };
		9307CBDE17F1A78A00D95E05 /* InfoPlist.strings in Resources */ = {isa = PBXBuildFile; fileRef = 9307CBDC17F1A78A00D95E05 /* InfoPlist.strings */; };
		9307CBE017F1A78A00D95E05 /* ExtraSensoryTests.m in Sources */ = {isa = PBXBuildFile; fileRef = 9307CBDF17F1A78A00D95E05 /* ExtraSensoryTests.m */; };
		9307CBEA17F1CA9E00D95E05 /* CoreMotion.framework in Frameworks */ = {isa = PBXBuildFile; fileRef = 9307CBE917F1CA9E00D95E05 /* CoreMotion.framework */; };
		9307CC3517F2075C00D95E05 /* ES_UserDataModel.xcdatamodeld in Sources */ = {isa = PBXBuildFile; fileRef = 9307CC3317F2075C00D95E05 /* ES_UserDataModel.xcdatamodeld */; };
		93146B8218024A9C00F2AAC7 /* ES_SensorSample.m in Sources */ = {isa = PBXBuildFile; fileRef = 93146B8118024A9C00F2AAC7 /* ES_SensorSample.m */; };
		93146B8518024A9D00F2AAC7 /* ES_Settings.m in Sources */ = {isa = PBXBuildFile; fileRef = 93146B8418024A9D00F2AAC7 /* ES_Settings.m */; };
		93146B8818024A9D00F2AAC7 /* ES_Activity.m in Sources */ = {isa = PBXBuildFile; fileRef = 93146B8718024A9D00F2AAC7 /* ES_Activity.m */; };
		93146B8B18024A9D00F2AAC7 /* ES_ActivityStatistic.m in Sources */ = {isa = PBXBuildFile; fileRef = 93146B8A18024A9D00F2AAC7 /* ES_ActivityStatistic.m */; };
		93146B8E18024A9D00F2AAC7 /* ES_UserActivityLabel.m in Sources */ = {isa = PBXBuildFile; fileRef = 93146B8D18024A9D00F2AAC7 /* ES_UserActivityLabel.m */; };
		93146B9118024A9D00F2AAC7 /* ES_User.m in Sources */ = {isa = PBXBuildFile; fileRef = 93146B9018024A9D00F2AAC7 /* ES_User.m */; };
		93146B9F1802CD9F00F2AAC7 /* libz.dylib in Frameworks */ = {isa = PBXBuildFile; fileRef = 93146B9E1802CD9F00F2AAC7 /* libz.dylib */; };
		933F7CCB17F4C80B00B05C96 /* ES_SensorManager.m in Sources */ = {isa = PBXBuildFile; fileRef = 933F7CCA17F4C80B00B05C96 /* ES_SensorManager.m */; };
		934377B517FF94E200521B0D /* ES_FeedbackViewController.m in Sources */ = {isa = PBXBuildFile; fileRef = 934377B417FF94E200521B0D /* ES_FeedbackViewController.m */; };
		93BC42BC17FB4C2900F06844 /* ES_Scheduler.m in Sources */ = {isa = PBXBuildFile; fileRef = 93BC42BB17FB4C2900F06844 /* ES_Scheduler.m */; };
		93E29C1D17FE1D3800BE0AD2 /* ES_CalendarViewTableViewController.m in Sources */ = {isa = PBXBuildFile; fileRef = 93E29C1C17FE1D3800BE0AD2 /* ES_CalendarViewTableViewController.m */; };
		93F659D717F6857B000638CB /* ES_DataBaseAccessor.m in Sources */ = {isa = PBXBuildFile; fileRef = 93F659D617F6857B000638CB /* ES_DataBaseAccessor.m */; };
		93F659DE17F6B280000638CB /* ES_NetworkAccessor.m in Sources */ = {isa = PBXBuildFile; fileRef = 93F659DD17F6B280000638CB /* ES_NetworkAccessor.m */; };
		93F678EE17F81F42000638CB /* ES_HomeViewController.m in Sources */ = {isa = PBXBuildFile; fileRef = 93F678ED17F81F42000638CB /* ES_HomeViewController.m */; };
		93F679C317F978AF000638CB /* ioapi.c in Sources */ = {isa = PBXBuildFile; fileRef = 93F679B917F978AF000638CB /* ioapi.c */; };
		93F679C417F978AF000638CB /* mztools.c in Sources */ = {isa = PBXBuildFile; fileRef = 93F679BB17F978AF000638CB /* mztools.c */; };
		93F679C517F978AF000638CB /* unzip.c in Sources */ = {isa = PBXBuildFile; fileRef = 93F679BD17F978AF000638CB /* unzip.c */; };
		93F679C617F978AF000638CB /* zip.c in Sources */ = {isa = PBXBuildFile; fileRef = 93F679BF17F978AF000638CB /* zip.c */; };
		93F679C717F978AF000638CB /* ZipArchive.mm in Sources */ = {isa = PBXBuildFile; fileRef = 93F679C217F978AF000638CB /* ZipArchive.mm */; };
/* End PBXBuildFile section */

/* Begin PBXContainerItemProxy section */
		9307CBD717F1A78A00D95E05 /* PBXContainerItemProxy */ = {
			isa = PBXContainerItemProxy;
			containerPortal = 9307CBA917F1A78A00D95E05 /* Project object */;
			proxyType = 1;
			remoteGlobalIDString = 9307CBB017F1A78A00D95E05;
			remoteInfo = ExtraSensory;
		};
/* End PBXContainerItemProxy section */

/* Begin PBXFileReference section */
		70F882EC1806FAEE00F02411 /* 100-coffee.png */ = {isa = PBXFileReference; lastKnownFileType = image.png; path = "100-coffee.png"; sourceTree = "<group>"; };
		70F882ED1806FAEE00F02411 /* 25-weather.png */ = {isa = PBXFileReference; lastKnownFileType = image.png; path = "25-weather.png"; sourceTree = "<group>"; };
		70F882EE1806FAEE00F02411 /* 32-iphone.png */ = {isa = PBXFileReference; lastKnownFileType = image.png; path = "32-iphone.png"; sourceTree = "<group>"; };
		70F882EF1806FAEE00F02411 /* biking.png */ = {isa = PBXFileReference; lastKnownFileType = image.png; path = biking.png; sourceTree = "<group>"; };
		70F882F01806FAEE00F02411 /* Bus-256.png */ = {isa = PBXFileReference; lastKnownFileType = image.png; path = "Bus-256.png"; sourceTree = "<group>"; };
		70F882F11806FAEE00F02411 /* driving.png */ = {isa = PBXFileReference; lastKnownFileType = image.png; path = driving.png; sourceTree = "<group>"; };
		70F882F21806FAEE00F02411 /* exercising.png */ = {isa = PBXFileReference; lastKnownFileType = image.png; path = exercising.png; sourceTree = "<group>"; };
		70F882F31806FAEE00F02411 /* house.png */ = {isa = PBXFileReference; lastKnownFileType = image.png; path = house.png; sourceTree = "<group>"; };
		70F882F51806FAEE00F02411 /* indicator-biking.png */ = {isa = PBXFileReference; lastKnownFileType = image.png; path = "indicator-biking.png"; sourceTree = "<group>"; };
		70F882F61806FAEE00F02411 /* indicator-biking@2x.png */ = {isa = PBXFileReference; lastKnownFileType = image.png; path = "indicator-biking@2x.png"; sourceTree = "<group>"; };
		70F882F71806FAEE00F02411 /* indicator-driving.png */ = {isa = PBXFileReference; lastKnownFileType = image.png; path = "indicator-driving.png"; sourceTree = "<group>"; };
		70F882F81806FAEE00F02411 /* indicator-driving@2x.png */ = {isa = PBXFileReference; lastKnownFileType = image.png; path = "indicator-driving@2x.png"; sourceTree = "<group>"; };
		70F882F91806FAEE00F02411 /* indicator-exercising.png */ = {isa = PBXFileReference; lastKnownFileType = image.png; path = "indicator-exercising.png"; sourceTree = "<group>"; };
		70F882FA1806FAEE00F02411 /* indicator-exercising@2x.png */ = {isa = PBXFileReference; lastKnownFileType = image.png; path = "indicator-exercising@2x.png"; sourceTree = "<group>"; };
		70F882FB1806FAEE00F02411 /* indicator-housework.png */ = {isa = PBXFileReference; lastKnownFileType = image.png; path = "indicator-housework.png"; sourceTree = "<group>"; };
		70F882FC1806FAEE00F02411 /* indicator-housework@2x.png */ = {isa = PBXFileReference; lastKnownFileType = image.png; path = "indicator-housework@2x.png"; sourceTree = "<group>"; };
		70F882FD1806FAEE00F02411 /* indicator-party.png */ = {isa = PBXFileReference; lastKnownFileType = image.png; path = "indicator-party.png"; sourceTree = "<group>"; };
		70F882FE1806FAEE00F02411 /* indicator-party@2x.png */ = {isa = PBXFileReference; lastKnownFileType = image.png; path = "indicator-party@2x.png"; sourceTree = "<group>"; };
		70F882FF1806FAEE00F02411 /* indicator-running.png */ = {isa = PBXFileReference; lastKnownFileType = image.png; path = "indicator-running.png"; sourceTree = "<group>"; };
		70F883001806FAEE00F02411 /* indicator-running@2x.png */ = {isa = PBXFileReference; lastKnownFileType = image.png; path = "indicator-running@2x.png"; sourceTree = "<group>"; };
		70F883011806FAEE00F02411 /* indicator-sitting.png */ = {isa = PBXFileReference; lastKnownFileType = image.png; path = "indicator-sitting.png"; sourceTree = "<group>"; };
		70F883021806FAEE00F02411 /* indicator-sitting@2x.png */ = {isa = PBXFileReference; lastKnownFileType = image.png; path = "indicator-sitting@2x.png"; sourceTree = "<group>"; };
		70F883031806FAEE00F02411 /* indicator-talking.png */ = {isa = PBXFileReference; lastKnownFileType = image.png; path = "indicator-talking.png"; sourceTree = "<group>"; };
		70F883041806FAEE00F02411 /* indicator-talking@2x.png */ = {isa = PBXFileReference; lastKnownFileType = image.png; path = "indicator-talking@2x.png"; sourceTree = "<group>"; };
		70F883051806FAEE00F02411 /* indicator-walking.png */ = {isa = PBXFileReference; lastKnownFileType = image.png; path = "indicator-walking.png"; sourceTree = "<group>"; };
		70F883061806FAEE00F02411 /* indicator-walking@2x.png */ = {isa = PBXFileReference; lastKnownFileType = image.png; path = "indicator-walking@2x.png"; sourceTree = "<group>"; };
		70F883071806FAEE00F02411 /* party-small.png */ = {isa = PBXFileReference; lastKnownFileType = image.png; path = "party-small.png"; sourceTree = "<group>"; };
		70F883081806FAEE00F02411 /* party.png */ = {isa = PBXFileReference; lastKnownFileType = image.png; path = party.png; sourceTree = "<group>"; };
		70F883091806FAEE00F02411 /* running.png */ = {isa = PBXFileReference; lastKnownFileType = image.png; path = running.png; sourceTree = "<group>"; };
		70F8830A1806FAEE00F02411 /* sitting.png */ = {isa = PBXFileReference; lastKnownFileType = image.png; path = sitting.png; sourceTree = "<group>"; };
		70F8830B1806FAEE00F02411 /* studying-small.png */ = {isa = PBXFileReference; lastKnownFileType = image.png; path = "studying-small.png"; sourceTree = "<group>"; };
		70F8830C1806FAEE00F02411 /* studying.png */ = {isa = PBXFileReference; lastKnownFileType = image.png; path = studying.png; sourceTree = "<group>"; };
		70F8830D1806FAEE00F02411 /* talking.png */ = {isa = PBXFileReference; lastKnownFileType = image.png; path = talking.png; sourceTree = "<group>"; };
		70F8830E1806FAEE00F02411 /* walking.png */ = {isa = PBXFileReference; lastKnownFileType = image.png; path = walking.png; sourceTree = "<group>"; };
		70F8830F1806FAEE00F02411 /* activity_button.png */ = {isa = PBXFileReference; lastKnownFileType = image.png; path = activity_button.png; sourceTree = "<group>"; };
		70F883101806FAEE00F02411 /* activity_button@2x.png */ = {isa = PBXFileReference; lastKnownFileType = image.png; path = "activity_button@2x.png"; sourceTree = "<group>"; };
		70F883111806FAEE00F02411 /* album-art-small.png */ = {isa = PBXFileReference; lastKnownFileType = image.png; path = "album-art-small.png"; sourceTree = "<group>"; };
		70F883121806FAEE00F02411 /* album-art.png */ = {isa = PBXFileReference; lastKnownFileType = image.png; path = "album-art.png"; sourceTree = "<group>"; };
		70F883141806FAEE00F02411 /* alert.wav */ = {isa = PBXFileReference; lastKnownFileType = audio.wav; path = alert.wav; sourceTree = "<group>"; };
		70F883151806FAEE00F02411 /* network.png */ = {isa = PBXFileReference; lastKnownFileType = image.png; path = network.png; sourceTree = "<group>"; };
		70F883161806FAEE00F02411 /* success.png */ = {isa = PBXFileReference; lastKnownFileType = image.png; path = success.png; sourceTree = "<group>"; };
		70F883171806FAEE00F02411 /* black-linen.png */ = {isa = PBXFileReference; lastKnownFileType = image.png; path = "black-linen.png"; sourceTree = "<group>"; };
		70F883181806FAEE00F02411 /* black-linenold.png */ = {isa = PBXFileReference; lastKnownFileType = image.png; path = "black-linenold.png"; sourceTree = "<group>"; };
		70F883191806FAEE00F02411 /* button-bg.png */ = {isa = PBXFileReference; lastKnownFileType = image.png; path = "button-bg.png"; sourceTree = "<group>"; };
		70F8831A1806FAEE00F02411 /* danger-btn-bg.png */ = {isa = PBXFileReference; lastKnownFileType = image.png; path = "danger-btn-bg.png"; sourceTree = "<group>"; };
		70F8831B1806FAEE00F02411 /* default_playlist.json */ = {isa = PBXFileReference; fileEncoding = 4; lastKnownFileType = text.json; path = default_playlist.json; sourceTree = "<group>"; };
		70F8831F1806FAEF00F02411 /* music-note.png */ = {isa = PBXFileReference; lastKnownFileType = image.png; path = "music-note.png"; sourceTree = "<group>"; };
		70F883211806FAEF00F02411 /* favorite.png */ = {isa = PBXFileReference; lastKnownFileType = image.png; path = favorite.png; sourceTree = "<group>"; };
		70F883221806FAEF00F02411 /* feed-icon.png */ = {isa = PBXFileReference; lastKnownFileType = image.png; path = "feed-icon.png"; sourceTree = "<group>"; };
		70F883231806FAEF00F02411 /* gear.png */ = {isa = PBXFileReference; lastKnownFileType = image.png; path = gear.png; sourceTree = "<group>"; };
		70F883241806FAEF00F02411 /* header-bg.png */ = {isa = PBXFileReference; lastKnownFileType = image.png; path = "header-bg.png"; sourceTree = "<group>"; };
		70F883251806FAEF00F02411 /* profile-icon.png */ = {isa = PBXFileReference; lastKnownFileType = image.png; path = "profile-icon.png"; sourceTree = "<group>"; };
		70F883261806FAEF00F02411 /* settings-icon.png */ = {isa = PBXFileReference; lastKnownFileType = image.png; path = "settings-icon.png"; sourceTree = "<group>"; };
		70F883271806FAEF00F02411 /* table-bg.png */ = {isa = PBXFileReference; lastKnownFileType = image.png; path = "table-bg.png"; sourceTree = "<group>"; };
		70F883281806FAEF00F02411 /* trending-icon.png */ = {isa = PBXFileReference; lastKnownFileType = image.png; path = "trending-icon.png"; sourceTree = "<group>"; };
		70F883291806FAEF00F02411 /* nav-menu-icon.png */ = {isa = PBXFileReference; lastKnownFileType = image.png; path = "nav-menu-icon.png"; sourceTree = "<group>"; };
		70F8832A1806FAEF00F02411 /* play_btn.png */ = {isa = PBXFileReference; lastKnownFileType = image.png; path = play_btn.png; sourceTree = "<group>"; };
		70F8832B1806FAEF00F02411 /* primary-btn-bg.png */ = {isa = PBXFileReference; lastKnownFileType = image.png; path = "primary-btn-bg.png"; sourceTree = "<group>"; };
		70F8832C1806FAEF00F02411 /* rdio-logo.png */ = {isa = PBXFileReference; lastKnownFileType = image.png; path = "rdio-logo.png"; sourceTree = "<group>"; };
		70F8832D1806FAEF00F02411 /* rdio-logo@2x.png */ = {isa = PBXFileReference; lastKnownFileType = image.png; path = "rdio-logo@2x.png"; sourceTree = "<group>"; };
		70F8832E1806FAEF00F02411 /* silent-on.png */ = {isa = PBXFileReference; lastKnownFileType = image.png; path = "silent-on.png"; sourceTree = "<group>"; };
		70F8832F1806FAEF00F02411 /* smiley.png */ = {isa = PBXFileReference; lastKnownFileType = image.png; path = smiley.png; sourceTree = "<group>"; };
		70F883301806FAEF00F02411 /* success-btn-bg.png */ = {isa = PBXFileReference; lastKnownFileType = image.png; path = "success-btn-bg.png"; sourceTree = "<group>"; };
		70F883731808626F00F02411 /* blue-fabric.png */ = {isa = PBXFileReference; lastKnownFileType = image.png; path = "blue-fabric.png"; sourceTree = "<group>"; };
		70F883751808640200F02411 /* iOS7-blue.png */ = {isa = PBXFileReference; lastKnownFileType = image.png; path = "iOS7-blue.png"; sourceTree = "<group>"; };
		9307CBB117F1A78A00D95E05 /* ExtraSensory.app */ = {isa = PBXFileReference; explicitFileType = wrapper.application; includeInIndex = 0; path = ExtraSensory.app; sourceTree = BUILT_PRODUCTS_DIR; };
		9307CBB417F1A78A00D95E05 /* Foundation.framework */ = {isa = PBXFileReference; lastKnownFileType = wrapper.framework; name = Foundation.framework; path = System/Library/Frameworks/Foundation.framework; sourceTree = SDKROOT; };
		9307CBB617F1A78A00D95E05 /* CoreGraphics.framework */ = {isa = PBXFileReference; lastKnownFileType = wrapper.framework; name = CoreGraphics.framework; path = System/Library/Frameworks/CoreGraphics.framework; sourceTree = SDKROOT; };
		9307CBB817F1A78A00D95E05 /* UIKit.framework */ = {isa = PBXFileReference; lastKnownFileType = wrapper.framework; name = UIKit.framework; path = System/Library/Frameworks/UIKit.framework; sourceTree = SDKROOT; };
		9307CBBC17F1A78A00D95E05 /* ExtraSensory-Info.plist */ = {isa = PBXFileReference; lastKnownFileType = text.plist.xml; path = "ExtraSensory-Info.plist"; sourceTree = "<group>"; };
		9307CBBE17F1A78A00D95E05 /* en */ = {isa = PBXFileReference; lastKnownFileType = text.plist.strings; name = en; path = en.lproj/InfoPlist.strings; sourceTree = "<group>"; };
		9307CBC017F1A78A00D95E05 /* main.m */ = {isa = PBXFileReference; lastKnownFileType = sourcecode.c.objc; path = main.m; sourceTree = "<group>"; };
		9307CBC217F1A78A00D95E05 /* ExtraSensory-Prefix.pch */ = {isa = PBXFileReference; lastKnownFileType = sourcecode.c.h; path = "ExtraSensory-Prefix.pch"; sourceTree = "<group>"; };
		9307CBC317F1A78A00D95E05 /* ES_AppDelegate.h */ = {isa = PBXFileReference; lastKnownFileType = sourcecode.c.h; path = ES_AppDelegate.h; sourceTree = "<group>"; };
		9307CBC417F1A78A00D95E05 /* ES_AppDelegate.m */ = {isa = PBXFileReference; lastKnownFileType = sourcecode.c.objc; path = ES_AppDelegate.m; sourceTree = "<group>"; };
		9307CBC717F1A78A00D95E05 /* Base */ = {isa = PBXFileReference; lastKnownFileType = file.storyboard; name = Base; path = Base.lproj/Main.storyboard; sourceTree = "<group>"; };
		9307CBCC17F1A78A00D95E05 /* Images.xcassets */ = {isa = PBXFileReference; lastKnownFileType = folder.assetcatalog; path = Images.xcassets; sourceTree = "<group>"; };
		9307CBD217F1A78A00D95E05 /* ExtraSensoryTests.xctest */ = {isa = PBXFileReference; explicitFileType = wrapper.cfbundle; includeInIndex = 0; path = ExtraSensoryTests.xctest; sourceTree = BUILT_PRODUCTS_DIR; };
		9307CBD317F1A78A00D95E05 /* XCTest.framework */ = {isa = PBXFileReference; lastKnownFileType = wrapper.framework; name = XCTest.framework; path = Library/Frameworks/XCTest.framework; sourceTree = DEVELOPER_DIR; };
		9307CBDB17F1A78A00D95E05 /* ExtraSensoryTests-Info.plist */ = {isa = PBXFileReference; lastKnownFileType = text.plist.xml; path = "ExtraSensoryTests-Info.plist"; sourceTree = "<group>"; };
		9307CBDD17F1A78A00D95E05 /* en */ = {isa = PBXFileReference; lastKnownFileType = text.plist.strings; name = en; path = en.lproj/InfoPlist.strings; sourceTree = "<group>"; };
		9307CBDF17F1A78A00D95E05 /* ExtraSensoryTests.m */ = {isa = PBXFileReference; lastKnownFileType = sourcecode.c.objc; path = ExtraSensoryTests.m; sourceTree = "<group>"; };
		9307CBE917F1CA9E00D95E05 /* CoreMotion.framework */ = {isa = PBXFileReference; lastKnownFileType = wrapper.framework; name = CoreMotion.framework; path = System/Library/Frameworks/CoreMotion.framework; sourceTree = SDKROOT; };
		9307CC3417F2075C00D95E05 /* ES_UserDataModel.xcdatamodel */ = {isa = PBXFileReference; lastKnownFileType = wrapper.xcdatamodel; path = ES_UserDataModel.xcdatamodel; sourceTree = "<group>"; };
		93146B8018024A9C00F2AAC7 /* ES_SensorSample.h */ = {isa = PBXFileReference; fileEncoding = 4; lastKnownFileType = sourcecode.c.h; name = ES_SensorSample.h; path = ../ES_SensorSample.h; sourceTree = "<group>"; };
		93146B8118024A9C00F2AAC7 /* ES_SensorSample.m */ = {isa = PBXFileReference; fileEncoding = 4; lastKnownFileType = sourcecode.c.objc; name = ES_SensorSample.m; path = ../ES_SensorSample.m; sourceTree = "<group>"; };
		93146B8318024A9D00F2AAC7 /* ES_Settings.h */ = {isa = PBXFileReference; fileEncoding = 4; lastKnownFileType = sourcecode.c.h; name = ES_Settings.h; path = ../ES_Settings.h; sourceTree = "<group>"; };
		93146B8418024A9D00F2AAC7 /* ES_Settings.m */ = {isa = PBXFileReference; fileEncoding = 4; lastKnownFileType = sourcecode.c.objc; name = ES_Settings.m; path = ../ES_Settings.m; sourceTree = "<group>"; };
		93146B8618024A9D00F2AAC7 /* ES_Activity.h */ = {isa = PBXFileReference; fileEncoding = 4; lastKnownFileType = sourcecode.c.h; name = ES_Activity.h; path = ../ES_Activity.h; sourceTree = "<group>"; };
		93146B8718024A9D00F2AAC7 /* ES_Activity.m */ = {isa = PBXFileReference; fileEncoding = 4; lastKnownFileType = sourcecode.c.objc; name = ES_Activity.m; path = ../ES_Activity.m; sourceTree = "<group>"; };
		93146B8918024A9D00F2AAC7 /* ES_ActivityStatistic.h */ = {isa = PBXFileReference; fileEncoding = 4; lastKnownFileType = sourcecode.c.h; name = ES_ActivityStatistic.h; path = ../ES_ActivityStatistic.h; sourceTree = "<group>"; };
		93146B8A18024A9D00F2AAC7 /* ES_ActivityStatistic.m */ = {isa = PBXFileReference; fileEncoding = 4; lastKnownFileType = sourcecode.c.objc; name = ES_ActivityStatistic.m; path = ../ES_ActivityStatistic.m; sourceTree = "<group>"; };
		93146B8C18024A9D00F2AAC7 /* ES_UserActivityLabel.h */ = {isa = PBXFileReference; fileEncoding = 4; lastKnownFileType = sourcecode.c.h; name = ES_UserActivityLabel.h; path = ../ES_UserActivityLabel.h; sourceTree = "<group>"; };
		93146B8D18024A9D00F2AAC7 /* ES_UserActivityLabel.m */ = {isa = PBXFileReference; fileEncoding = 4; lastKnownFileType = sourcecode.c.objc; name = ES_UserActivityLabel.m; path = ../ES_UserActivityLabel.m; sourceTree = "<group>"; };
		93146B8F18024A9D00F2AAC7 /* ES_User.h */ = {isa = PBXFileReference; fileEncoding = 4; lastKnownFileType = sourcecode.c.h; name = ES_User.h; path = ../ES_User.h; sourceTree = "<group>"; };
		93146B9018024A9D00F2AAC7 /* ES_User.m */ = {isa = PBXFileReference; fileEncoding = 4; lastKnownFileType = sourcecode.c.objc; name = ES_User.m; path = ../ES_User.m; sourceTree = "<group>"; };
		93146B9E1802CD9F00F2AAC7 /* libz.dylib */ = {isa = PBXFileReference; lastKnownFileType = "compiled.mach-o.dylib"; name = libz.dylib; path = usr/lib/libz.dylib; sourceTree = SDKROOT; };
		933F7CC917F4C80B00B05C96 /* ES_SensorManager.h */ = {isa = PBXFileReference; fileEncoding = 4; lastKnownFileType = sourcecode.c.h; path = ES_SensorManager.h; sourceTree = "<group>"; };
		933F7CCA17F4C80B00B05C96 /* ES_SensorManager.m */ = {isa = PBXFileReference; fileEncoding = 4; lastKnownFileType = sourcecode.c.objc; path = ES_SensorManager.m; sourceTree = "<group>"; };
		934377B317FF94E200521B0D /* ES_FeedbackViewController.h */ = {isa = PBXFileReference; fileEncoding = 4; lastKnownFileType = sourcecode.c.h; path = ES_FeedbackViewController.h; sourceTree = "<group>"; };
		934377B417FF94E200521B0D /* ES_FeedbackViewController.m */ = {isa = PBXFileReference; fileEncoding = 4; lastKnownFileType = sourcecode.c.objc; path = ES_FeedbackViewController.m; sourceTree = "<group>"; };
		93BC42BA17FB4C2900F06844 /* ES_Scheduler.h */ = {isa = PBXFileReference; fileEncoding = 4; lastKnownFileType = sourcecode.c.h; path = ES_Scheduler.h; sourceTree = "<group>"; };
		93BC42BB17FB4C2900F06844 /* ES_Scheduler.m */ = {isa = PBXFileReference; fileEncoding = 4; lastKnownFileType = sourcecode.c.objc; path = ES_Scheduler.m; sourceTree = "<group>"; };
		93E29C1B17FE1D3800BE0AD2 /* ES_CalendarViewTableViewController.h */ = {isa = PBXFileReference; fileEncoding = 4; lastKnownFileType = sourcecode.c.h; path = ES_CalendarViewTableViewController.h; sourceTree = "<group>"; };
		93E29C1C17FE1D3800BE0AD2 /* ES_CalendarViewTableViewController.m */ = {isa = PBXFileReference; fileEncoding = 4; lastKnownFileType = sourcecode.c.objc; path = ES_CalendarViewTableViewController.m; sourceTree = "<group>"; };
		93F659D517F6857B000638CB /* ES_DataBaseAccessor.h */ = {isa = PBXFileReference; fileEncoding = 4; lastKnownFileType = sourcecode.c.h; path = ES_DataBaseAccessor.h; sourceTree = "<group>"; };
		93F659D617F6857B000638CB /* ES_DataBaseAccessor.m */ = {isa = PBXFileReference; fileEncoding = 4; lastKnownFileType = sourcecode.c.objc; path = ES_DataBaseAccessor.m; sourceTree = "<group>"; };
		93F659DC17F6B280000638CB /* ES_NetworkAccessor.h */ = {isa = PBXFileReference; fileEncoding = 4; lastKnownFileType = sourcecode.c.h; path = ES_NetworkAccessor.h; sourceTree = "<group>"; };
		93F659DD17F6B280000638CB /* ES_NetworkAccessor.m */ = {isa = PBXFileReference; fileEncoding = 4; lastKnownFileType = sourcecode.c.objc; path = ES_NetworkAccessor.m; sourceTree = "<group>"; };
		93F678EC17F81F42000638CB /* ES_HomeViewController.h */ = {isa = PBXFileReference; fileEncoding = 4; lastKnownFileType = sourcecode.c.h; name = ES_HomeViewController.h; path = ../ES_HomeViewController.h; sourceTree = "<group>"; };
		93F678ED17F81F42000638CB /* ES_HomeViewController.m */ = {isa = PBXFileReference; fileEncoding = 4; lastKnownFileType = sourcecode.c.objc; name = ES_HomeViewController.m; path = ../ES_HomeViewController.m; sourceTree = "<group>"; };
		93F679B817F978AF000638CB /* crypt.h */ = {isa = PBXFileReference; fileEncoding = 4; lastKnownFileType = sourcecode.c.h; path = crypt.h; sourceTree = "<group>"; };
		93F679B917F978AF000638CB /* ioapi.c */ = {isa = PBXFileReference; fileEncoding = 4; lastKnownFileType = sourcecode.c.c; path = ioapi.c; sourceTree = "<group>"; };
		93F679BA17F978AF000638CB /* ioapi.h */ = {isa = PBXFileReference; fileEncoding = 4; lastKnownFileType = sourcecode.c.h; path = ioapi.h; sourceTree = "<group>"; };
		93F679BB17F978AF000638CB /* mztools.c */ = {isa = PBXFileReference; fileEncoding = 4; lastKnownFileType = sourcecode.c.c; path = mztools.c; sourceTree = "<group>"; };
		93F679BC17F978AF000638CB /* mztools.h */ = {isa = PBXFileReference; fileEncoding = 4; lastKnownFileType = sourcecode.c.h; path = mztools.h; sourceTree = "<group>"; };
		93F679BD17F978AF000638CB /* unzip.c */ = {isa = PBXFileReference; fileEncoding = 4; lastKnownFileType = sourcecode.c.c; path = unzip.c; sourceTree = "<group>"; };
		93F679BE17F978AF000638CB /* unzip.h */ = {isa = PBXFileReference; fileEncoding = 4; lastKnownFileType = sourcecode.c.h; path = unzip.h; sourceTree = "<group>"; };
		93F679BF17F978AF000638CB /* zip.c */ = {isa = PBXFileReference; fileEncoding = 4; lastKnownFileType = sourcecode.c.c; path = zip.c; sourceTree = "<group>"; };
		93F679C017F978AF000638CB /* zip.h */ = {isa = PBXFileReference; fileEncoding = 4; lastKnownFileType = sourcecode.c.h; path = zip.h; sourceTree = "<group>"; };
		93F679C117F978AF000638CB /* ZipArchive.h */ = {isa = PBXFileReference; fileEncoding = 4; lastKnownFileType = sourcecode.c.h; path = ZipArchive.h; sourceTree = "<group>"; };
		93F679C217F978AF000638CB /* ZipArchive.mm */ = {isa = PBXFileReference; fileEncoding = 4; lastKnownFileType = sourcecode.cpp.objcpp; path = ZipArchive.mm; sourceTree = "<group>"; };
/* End PBXFileReference section */

/* Begin PBXFrameworksBuildPhase section */
		9307CBAE17F1A78A00D95E05 /* Frameworks */ = {
			isa = PBXFrameworksBuildPhase;
			buildActionMask = 2147483647;
			files = (
				93146B9F1802CD9F00F2AAC7 /* libz.dylib in Frameworks */,
				9307CBEA17F1CA9E00D95E05 /* CoreMotion.framework in Frameworks */,
				9307CBB717F1A78A00D95E05 /* CoreGraphics.framework in Frameworks */,
				9307CBB917F1A78A00D95E05 /* UIKit.framework in Frameworks */,
				9307CBB517F1A78A00D95E05 /* Foundation.framework in Frameworks */,
			);
			runOnlyForDeploymentPostprocessing = 0;
		};
		9307CBCF17F1A78A00D95E05 /* Frameworks */ = {
			isa = PBXFrameworksBuildPhase;
			buildActionMask = 2147483647;
			files = (
				9307CBD417F1A78A00D95E05 /* XCTest.framework in Frameworks */,
				9307CBD617F1A78A00D95E05 /* UIKit.framework in Frameworks */,
				9307CBD517F1A78A00D95E05 /* Foundation.framework in Frameworks */,
			);
			runOnlyForDeploymentPostprocessing = 0;
		};
/* End PBXFrameworksBuildPhase section */

/* Begin PBXGroup section */
		70F882EA1806FAEE00F02411 /* Resources */ = {
			isa = PBXGroup;
			children = (
				70F883751808640200F02411 /* iOS7-blue.png */,
				70F883731808626F00F02411 /* blue-fabric.png */,
				70F882EB1806FAEE00F02411 /* activities */,
				70F8830F1806FAEE00F02411 /* activity_button.png */,
				70F883101806FAEE00F02411 /* activity_button@2x.png */,
				70F883111806FAEE00F02411 /* album-art-small.png */,
				70F883121806FAEE00F02411 /* album-art.png */,
				70F883131806FAEE00F02411 /* alerts */,
				70F883171806FAEE00F02411 /* black-linen.png */,
				70F883181806FAEE00F02411 /* black-linenold.png */,
				70F883191806FAEE00F02411 /* button-bg.png */,
				70F8831A1806FAEE00F02411 /* danger-btn-bg.png */,
				70F8831B1806FAEE00F02411 /* default_playlist.json */,
				70F8831F1806FAEF00F02411 /* music-note.png */,
				70F883201806FAEF00F02411 /* nav-menu */,
				70F883291806FAEF00F02411 /* nav-menu-icon.png */,
				70F8832A1806FAEF00F02411 /* play_btn.png */,
				70F8832B1806FAEF00F02411 /* primary-btn-bg.png */,
				70F8832C1806FAEF00F02411 /* rdio-logo.png */,
				70F8832D1806FAEF00F02411 /* rdio-logo@2x.png */,
				70F8832E1806FAEF00F02411 /* silent-on.png */,
				70F8832F1806FAEF00F02411 /* smiley.png */,
				70F883301806FAEF00F02411 /* success-btn-bg.png */,
			);
			path = Resources;
			sourceTree = "<group>";
		};
		70F882EB1806FAEE00F02411 /* activities */ = {
			isa = PBXGroup;
			children = (
				70F882EC1806FAEE00F02411 /* 100-coffee.png */,
				70F882ED1806FAEE00F02411 /* 25-weather.png */,
				70F882EE1806FAEE00F02411 /* 32-iphone.png */,
				70F882EF1806FAEE00F02411 /* biking.png */,
				70F882F01806FAEE00F02411 /* Bus-256.png */,
				70F882F11806FAEE00F02411 /* driving.png */,
				70F882F21806FAEE00F02411 /* exercising.png */,
				70F882F31806FAEE00F02411 /* house.png */,
				70F882F41806FAEE00F02411 /* indicators */,
				70F883071806FAEE00F02411 /* party-small.png */,
				70F883081806FAEE00F02411 /* party.png */,
				70F883091806FAEE00F02411 /* running.png */,
				70F8830A1806FAEE00F02411 /* sitting.png */,
				70F8830B1806FAEE00F02411 /* studying-small.png */,
				70F8830C1806FAEE00F02411 /* studying.png */,
				70F8830D1806FAEE00F02411 /* talking.png */,
				70F8830E1806FAEE00F02411 /* walking.png */,
			);
			path = activities;
			sourceTree = "<group>";
		};
		70F882F41806FAEE00F02411 /* indicators */ = {
			isa = PBXGroup;
			children = (
				70F882F51806FAEE00F02411 /* indicator-biking.png */,
				70F882F61806FAEE00F02411 /* indicator-biking@2x.png */,
				70F882F71806FAEE00F02411 /* indicator-driving.png */,
				70F882F81806FAEE00F02411 /* indicator-driving@2x.png */,
				70F882F91806FAEE00F02411 /* indicator-exercising.png */,
				70F882FA1806FAEE00F02411 /* indicator-exercising@2x.png */,
				70F882FB1806FAEE00F02411 /* indicator-housework.png */,
				70F882FC1806FAEE00F02411 /* indicator-housework@2x.png */,
				70F882FD1806FAEE00F02411 /* indicator-party.png */,
				70F882FE1806FAEE00F02411 /* indicator-party@2x.png */,
				70F882FF1806FAEE00F02411 /* indicator-running.png */,
				70F883001806FAEE00F02411 /* indicator-running@2x.png */,
				70F883011806FAEE00F02411 /* indicator-sitting.png */,
				70F883021806FAEE00F02411 /* indicator-sitting@2x.png */,
				70F883031806FAEE00F02411 /* indicator-talking.png */,
				70F883041806FAEE00F02411 /* indicator-talking@2x.png */,
				70F883051806FAEE00F02411 /* indicator-walking.png */,
				70F883061806FAEE00F02411 /* indicator-walking@2x.png */,
			);
			path = indicators;
			sourceTree = "<group>";
		};
		70F883131806FAEE00F02411 /* alerts */ = {
			isa = PBXGroup;
			children = (
				70F883141806FAEE00F02411 /* alert.wav */,
				70F883151806FAEE00F02411 /* network.png */,
				70F883161806FAEE00F02411 /* success.png */,
			);
			path = alerts;
			sourceTree = "<group>";
		};
		70F883201806FAEF00F02411 /* nav-menu */ = {
			isa = PBXGroup;
			children = (
				70F883211806FAEF00F02411 /* favorite.png */,
				70F883221806FAEF00F02411 /* feed-icon.png */,
				70F883231806FAEF00F02411 /* gear.png */,
				70F883241806FAEF00F02411 /* header-bg.png */,
				70F883251806FAEF00F02411 /* profile-icon.png */,
				70F883261806FAEF00F02411 /* settings-icon.png */,
				70F883271806FAEF00F02411 /* table-bg.png */,
				70F883281806FAEF00F02411 /* trending-icon.png */,
			);
			path = "nav-menu";
			sourceTree = "<group>";
		};
		9307CBA817F1A78A00D95E05 = {
			isa = PBXGroup;
			children = (
				70F882EA1806FAEE00F02411 /* Resources */,
				9307CBBA17F1A78A00D95E05 /* ExtraSensory */,
				9307CBD917F1A78A00D95E05 /* ExtraSensoryTests */,
				9307CBB317F1A78A00D95E05 /* Frameworks */,
				9307CBB217F1A78A00D95E05 /* Products */,
			);
			sourceTree = "<group>";
		};
		9307CBB217F1A78A00D95E05 /* Products */ = {
			isa = PBXGroup;
			children = (
				9307CBB117F1A78A00D95E05 /* ExtraSensory.app */,
				9307CBD217F1A78A00D95E05 /* ExtraSensoryTests.xctest */,
			);
			name = Products;
			sourceTree = "<group>";
		};
		9307CBB317F1A78A00D95E05 /* Frameworks */ = {
			isa = PBXGroup;
			children = (
				93146B9E1802CD9F00F2AAC7 /* libz.dylib */,
				9307CBE917F1CA9E00D95E05 /* CoreMotion.framework */,
				9307CBB417F1A78A00D95E05 /* Foundation.framework */,
				9307CBB617F1A78A00D95E05 /* CoreGraphics.framework */,
				9307CBB817F1A78A00D95E05 /* UIKit.framework */,
				9307CBD317F1A78A00D95E05 /* XCTest.framework */,
			);
			name = Frameworks;
			sourceTree = "<group>";
		};
		9307CBBA17F1A78A00D95E05 /* ExtraSensory */ = {
			isa = PBXGroup;
			children = (
				9307CBC317F1A78A00D95E05 /* ES_AppDelegate.h */,
				9307CBC417F1A78A00D95E05 /* ES_AppDelegate.m */,
				93BC42BA17FB4C2900F06844 /* ES_Scheduler.h */,
				93BC42BB17FB4C2900F06844 /* ES_Scheduler.m */,
				93F659DF17F6B299000638CB /* NetworkManagement */,
				9307CBC617F1A78A00D95E05 /* Main.storyboard */,
				9307CC6A17F220FE00D95E05 /* ViewControllers */,
				933F7CCF17F4D7C700B05C96 /* SensorManagement */,
				9307CC3317F2075C00D95E05 /* ES_UserDataModel.xcdatamodeld */,
				93F659DB17F6B1BE000638CB /* DataManagement */,
				9307CBCC17F1A78A00D95E05 /* Images.xcassets */,
				9307CBBB17F1A78A00D95E05 /* Supporting Files */,
			);
			path = ExtraSensory;
			sourceTree = "<group>";
		};
		9307CBBB17F1A78A00D95E05 /* Supporting Files */ = {
			isa = PBXGroup;
			children = (
				9307CBBC17F1A78A00D95E05 /* ExtraSensory-Info.plist */,
				9307CBBD17F1A78A00D95E05 /* InfoPlist.strings */,
				9307CBC017F1A78A00D95E05 /* main.m */,
				9307CBC217F1A78A00D95E05 /* ExtraSensory-Prefix.pch */,
			);
			name = "Supporting Files";
			sourceTree = "<group>";
		};
		9307CBD917F1A78A00D95E05 /* ExtraSensoryTests */ = {
			isa = PBXGroup;
			children = (
				9307CBDF17F1A78A00D95E05 /* ExtraSensoryTests.m */,
				9307CBDA17F1A78A00D95E05 /* Supporting Files */,
			);
			path = ExtraSensoryTests;
			sourceTree = "<group>";
		};
		9307CBDA17F1A78A00D95E05 /* Supporting Files */ = {
			isa = PBXGroup;
			children = (
				9307CBDB17F1A78A00D95E05 /* ExtraSensoryTests-Info.plist */,
				9307CBDC17F1A78A00D95E05 /* InfoPlist.strings */,
			);
			name = "Supporting Files";
			sourceTree = "<group>";
		};
		9307CC6A17F220FE00D95E05 /* ViewControllers */ = {
			isa = PBXGroup;
			children = (
				93F678EC17F81F42000638CB /* ES_HomeViewController.h */,
				93F678ED17F81F42000638CB /* ES_HomeViewController.m */,
				93E29C1B17FE1D3800BE0AD2 /* ES_CalendarViewTableViewController.h */,
				93E29C1C17FE1D3800BE0AD2 /* ES_CalendarViewTableViewController.m */,
				934377B317FF94E200521B0D /* ES_FeedbackViewController.h */,
				934377B417FF94E200521B0D /* ES_FeedbackViewController.m */,
			);
			name = ViewControllers;
			sourceTree = "<group>";
		};
		933F7CCF17F4D7C700B05C96 /* SensorManagement */ = {
			isa = PBXGroup;
			children = (
				933F7CC917F4C80B00B05C96 /* ES_SensorManager.h */,
				933F7CCA17F4C80B00B05C96 /* ES_SensorManager.m */,
			);
			name = SensorManagement;
			sourceTree = "<group>";
		};
		934377A017FEE27E00521B0D /* DataModels */ = {
			isa = PBXGroup;
			children = (
				93146B8F18024A9D00F2AAC7 /* ES_User.h */,
				93146B9018024A9D00F2AAC7 /* ES_User.m */,
				93146B8C18024A9D00F2AAC7 /* ES_UserActivityLabel.h */,
				93146B8D18024A9D00F2AAC7 /* ES_UserActivityLabel.m */,
				93146B8918024A9D00F2AAC7 /* ES_ActivityStatistic.h */,
				93146B8A18024A9D00F2AAC7 /* ES_ActivityStatistic.m */,
				93146B8618024A9D00F2AAC7 /* ES_Activity.h */,
				93146B8718024A9D00F2AAC7 /* ES_Activity.m */,
				93146B8318024A9D00F2AAC7 /* ES_Settings.h */,
				93146B8418024A9D00F2AAC7 /* ES_Settings.m */,
				93146B8018024A9C00F2AAC7 /* ES_SensorSample.h */,
				93146B8118024A9C00F2AAC7 /* ES_SensorSample.m */,
			);
			name = DataModels;
			sourceTree = "<group>";
		};
		93F659DB17F6B1BE000638CB /* DataManagement */ = {
			isa = PBXGroup;
			children = (
				93F659D517F6857B000638CB /* ES_DataBaseAccessor.h */,
				93F659D617F6857B000638CB /* ES_DataBaseAccessor.m */,
				934377A017FEE27E00521B0D /* DataModels */,
				93F679B617F97878000638CB /* ZipArchiver */,
			);
			name = DataManagement;
			sourceTree = "<group>";
		};
		93F659DF17F6B299000638CB /* NetworkManagement */ = {
			isa = PBXGroup;
			children = (
				93F659DC17F6B280000638CB /* ES_NetworkAccessor.h */,
				93F659DD17F6B280000638CB /* ES_NetworkAccessor.m */,
			);
			name = NetworkManagement;
			sourceTree = "<group>";
		};
		93F679B617F97878000638CB /* ZipArchiver */ = {
			isa = PBXGroup;
			children = (
				93F679B717F978AF000638CB /* minizip */,
				93F679C117F978AF000638CB /* ZipArchive.h */,
				93F679C217F978AF000638CB /* ZipArchive.mm */,
			);
			name = ZipArchiver;
			sourceTree = "<group>";
		};
		93F679B717F978AF000638CB /* minizip */ = {
			isa = PBXGroup;
			children = (
				93F679B817F978AF000638CB /* crypt.h */,
				93F679B917F978AF000638CB /* ioapi.c */,
				93F679BA17F978AF000638CB /* ioapi.h */,
				93F679BB17F978AF000638CB /* mztools.c */,
				93F679BC17F978AF000638CB /* mztools.h */,
				93F679BD17F978AF000638CB /* unzip.c */,
				93F679BE17F978AF000638CB /* unzip.h */,
				93F679BF17F978AF000638CB /* zip.c */,
				93F679C017F978AF000638CB /* zip.h */,
			);
			path = minizip;
			sourceTree = "<group>";
		};
/* End PBXGroup section */

/* Begin PBXNativeTarget section */
		9307CBB017F1A78A00D95E05 /* ExtraSensory */ = {
			isa = PBXNativeTarget;
			buildConfigurationList = 9307CBE317F1A78A00D95E05 /* Build configuration list for PBXNativeTarget "ExtraSensory" */;
			buildPhases = (
				9307CBAD17F1A78A00D95E05 /* Sources */,
				9307CBAE17F1A78A00D95E05 /* Frameworks */,
				9307CBAF17F1A78A00D95E05 /* Resources */,
			);
			buildRules = (
			);
			dependencies = (
			);
			name = ExtraSensory;
			productName = ExtraSensory;
			productReference = 9307CBB117F1A78A00D95E05 /* ExtraSensory.app */;
			productType = "com.apple.product-type.application";
		};
		9307CBD117F1A78A00D95E05 /* ExtraSensoryTests */ = {
			isa = PBXNativeTarget;
			buildConfigurationList = 9307CBE617F1A78A00D95E05 /* Build configuration list for PBXNativeTarget "ExtraSensoryTests" */;
			buildPhases = (
				9307CBCE17F1A78A00D95E05 /* Sources */,
				9307CBCF17F1A78A00D95E05 /* Frameworks */,
				9307CBD017F1A78A00D95E05 /* Resources */,
			);
			buildRules = (
			);
			dependencies = (
				9307CBD817F1A78A00D95E05 /* PBXTargetDependency */,
			);
			name = ExtraSensoryTests;
			productName = ExtraSensoryTests;
			productReference = 9307CBD217F1A78A00D95E05 /* ExtraSensoryTests.xctest */;
			productType = "com.apple.product-type.bundle.unit-test";
		};
/* End PBXNativeTarget section */

/* Begin PBXProject section */
		9307CBA917F1A78A00D95E05 /* Project object */ = {
			isa = PBXProject;
			attributes = {
				CLASSPREFIX = ES_;
				LastUpgradeCheck = 0500;
				ORGANIZATIONNAME = "Bryan Grounds";
				TargetAttributes = {
					9307CBB017F1A78A00D95E05 = {
						DevelopmentTeam = AA24Q7Y7CJ;
						SystemCapabilities = {
							com.apple.BackgroundModes = {
								enabled = 1;
							};
						};
					};
					9307CBD117F1A78A00D95E05 = {
						TestTargetID = 9307CBB017F1A78A00D95E05;
					};
				};
			};
			buildConfigurationList = 9307CBAC17F1A78A00D95E05 /* Build configuration list for PBXProject "ExtraSensory" */;
			compatibilityVersion = "Xcode 3.2";
			developmentRegion = English;
			hasScannedForEncodings = 0;
			knownRegions = (
				en,
				Base,
			);
			mainGroup = 9307CBA817F1A78A00D95E05;
			productRefGroup = 9307CBB217F1A78A00D95E05 /* Products */;
			projectDirPath = "";
			projectRoot = "";
			targets = (
				9307CBB017F1A78A00D95E05 /* ExtraSensory */,
				9307CBD117F1A78A00D95E05 /* ExtraSensoryTests */,
			);
		};
/* End PBXProject section */

/* Begin PBXResourcesBuildPhase section */
		9307CBAF17F1A78A00D95E05 /* Resources */ = {
			isa = PBXResourcesBuildPhase;
			buildActionMask = 2147483647;
			files = (
				70F8835B1806FAEF00F02411 /* black-linenold.png in Resources */,
				70F883381806FAEF00F02411 /* house.png in Resources */,
				70F883701806FAEF00F02411 /* silent-on.png in Resources */,
				70F883461806FAEF00F02411 /* indicator-sitting@2x.png in Resources */,
				70F883391806FAEF00F02411 /* indicator-biking.png in Resources */,
				70F883491806FAEF00F02411 /* indicator-walking.png in Resources */,
				70F883421806FAEF00F02411 /* indicator-party@2x.png in Resources */,
				70F883571806FAEF00F02411 /* alert.wav in Resources */,
				70F883631806FAEF00F02411 /* favorite.png in Resources */,
				70F883431806FAEF00F02411 /* indicator-running.png in Resources */,
				70F8833C1806FAEF00F02411 /* indicator-driving@2x.png in Resources */,
				70F883581806FAEF00F02411 /* network.png in Resources */,
				70F883561806FAEF00F02411 /* album-art.png in Resources */,
				70F8836E1806FAEF00F02411 /* rdio-logo.png in Resources */,
				70F883371806FAEF00F02411 /* exercising.png in Resources */,
				70F883671806FAEF00F02411 /* profile-icon.png in Resources */,
				70F883641806FAEF00F02411 /* feed-icon.png in Resources */,
				70F8834C1806FAEF00F02411 /* party.png in Resources */,
				70F8834E1806FAEF00F02411 /* sitting.png in Resources */,
				70F883531806FAEF00F02411 /* activity_button.png in Resources */,
				70F8834B1806FAEF00F02411 /* party-small.png in Resources */,
				70F883441806FAEF00F02411 /* indicator-running@2x.png in Resources */,
				70F883541806FAEF00F02411 /* activity_button@2x.png in Resources */,
				70F883741808626F00F02411 /* blue-fabric.png in Resources */,
				70F883711806FAEF00F02411 /* smiley.png in Resources */,
				70F883511806FAEF00F02411 /* talking.png in Resources */,
				70F883411806FAEF00F02411 /* indicator-party.png in Resources */,
				70F8834A1806FAEF00F02411 /* indicator-walking@2x.png in Resources */,
				70F883521806FAEF00F02411 /* walking.png in Resources */,
				70F8836A1806FAEF00F02411 /* trending-icon.png in Resources */,
				70F8836B1806FAEF00F02411 /* nav-menu-icon.png in Resources */,
				70F883321806FAEF00F02411 /* 25-weather.png in Resources */,
				9307CBCD17F1A78A00D95E05 /* Images.xcassets in Resources */,
				70F8833D1806FAEF00F02411 /* indicator-exercising.png in Resources */,
				70F883351806FAEF00F02411 /* Bus-256.png in Resources */,
				9307CBBF17F1A78A00D95E05 /* InfoPlist.strings in Resources */,
				70F883481806FAEF00F02411 /* indicator-talking@2x.png in Resources */,
				70F8835C1806FAEF00F02411 /* button-bg.png in Resources */,
				70F883591806FAEF00F02411 /* success.png in Resources */,
				70F8833B1806FAEF00F02411 /* indicator-driving.png in Resources */,
				70F8835A1806FAEF00F02411 /* black-linen.png in Resources */,
				70F8833A1806FAEF00F02411 /* indicator-biking@2x.png in Resources */,
				70F883361806FAEF00F02411 /* driving.png in Resources */,
				70F883331806FAEF00F02411 /* 32-iphone.png in Resources */,
				70F8833F1806FAEF00F02411 /* indicator-housework.png in Resources */,
				70F883341806FAEF00F02411 /* biking.png in Resources */,
				9307CBC817F1A78A00D95E05 /* Main.storyboard in Resources */,
				70F883451806FAEF00F02411 /* indicator-sitting.png in Resources */,
				70F8836C1806FAEF00F02411 /* play_btn.png in Resources */,
				70F8836D1806FAEF00F02411 /* primary-btn-bg.png in Resources */,
				70F883691806FAEF00F02411 /* table-bg.png in Resources */,
				70F883621806FAEF00F02411 /* music-note.png in Resources */,
				70F8834F1806FAEF00F02411 /* studying-small.png in Resources */,
				70F883761808640200F02411 /* iOS7-blue.png in Resources */,
				70F883721806FAEF00F02411 /* success-btn-bg.png in Resources */,
				70F883681806FAEF00F02411 /* settings-icon.png in Resources */,
				70F883551806FAEF00F02411 /* album-art-small.png in Resources */,
				70F8836F1806FAEF00F02411 /* rdio-logo@2x.png in Resources */,
				70F883501806FAEF00F02411 /* studying.png in Resources */,
				70F8835E1806FAEF00F02411 /* default_playlist.json in Resources */,
				70F883401806FAEF00F02411 /* indicator-housework@2x.png in Resources */,
				70F883651806FAEF00F02411 /* gear.png in Resources */,
				70F883661806FAEF00F02411 /* header-bg.png in Resources */,
				70F883311806FAEF00F02411 /* 100-coffee.png in Resources */,
				70F8835D1806FAEF00F02411 /* danger-btn-bg.png in Resources */,
				70F883471806FAEF00F02411 /* indicator-talking.png in Resources */,
				70F8833E1806FAEF00F02411 /* indicator-exercising@2x.png in Resources */,
				70F8834D1806FAEF00F02411 /* running.png in Resources */,
			);
			runOnlyForDeploymentPostprocessing = 0;
		};
		9307CBD017F1A78A00D95E05 /* Resources */ = {
			isa = PBXResourcesBuildPhase;
			buildActionMask = 2147483647;
			files = (
				9307CBDE17F1A78A00D95E05 /* InfoPlist.strings in Resources */,
			);
			runOnlyForDeploymentPostprocessing = 0;
		};
/* End PBXResourcesBuildPhase section */

/* Begin PBXSourcesBuildPhase section */
		9307CBAD17F1A78A00D95E05 /* Sources */ = {
			isa = PBXSourcesBuildPhase;
			buildActionMask = 2147483647;
			files = (
				93146B8E18024A9D00F2AAC7 /* ES_UserActivityLabel.m in Sources */,
				9307CC3517F2075C00D95E05 /* ES_UserDataModel.xcdatamodeld in Sources */,
				933F7CCB17F4C80B00B05C96 /* ES_SensorManager.m in Sources */,
				934377B517FF94E200521B0D /* ES_FeedbackViewController.m in Sources */,
				93E29C1D17FE1D3800BE0AD2 /* ES_CalendarViewTableViewController.m in Sources */,
				93F679C417F978AF000638CB /* mztools.c in Sources */,
				93F679C717F978AF000638CB /* ZipArchive.mm in Sources */,
				93F679C517F978AF000638CB /* unzip.c in Sources */,
				93146B8B18024A9D00F2AAC7 /* ES_ActivityStatistic.m in Sources */,
				93BC42BC17FB4C2900F06844 /* ES_Scheduler.m in Sources */,
				93F659DE17F6B280000638CB /* ES_NetworkAccessor.m in Sources */,
				9307CBC517F1A78A00D95E05 /* ES_AppDelegate.m in Sources */,
				93146B8818024A9D00F2AAC7 /* ES_Activity.m in Sources */,
				93F678EE17F81F42000638CB /* ES_HomeViewController.m in Sources */,
				9307CBC117F1A78A00D95E05 /* main.m in Sources */,
				93F679C317F978AF000638CB /* ioapi.c in Sources */,
				93146B9118024A9D00F2AAC7 /* ES_User.m in Sources */,
				93F679C617F978AF000638CB /* zip.c in Sources */,
				93F659D717F6857B000638CB /* ES_DataBaseAccessor.m in Sources */,
				93146B8218024A9C00F2AAC7 /* ES_SensorSample.m in Sources */,
				93146B8518024A9D00F2AAC7 /* ES_Settings.m in Sources */,
			);
			runOnlyForDeploymentPostprocessing = 0;
		};
		9307CBCE17F1A78A00D95E05 /* Sources */ = {
			isa = PBXSourcesBuildPhase;
			buildActionMask = 2147483647;
			files = (
				9307CBE017F1A78A00D95E05 /* ExtraSensoryTests.m in Sources */,
			);
			runOnlyForDeploymentPostprocessing = 0;
		};
/* End PBXSourcesBuildPhase section */

/* Begin PBXTargetDependency section */
		9307CBD817F1A78A00D95E05 /* PBXTargetDependency */ = {
			isa = PBXTargetDependency;
			target = 9307CBB017F1A78A00D95E05 /* ExtraSensory */;
			targetProxy = 9307CBD717F1A78A00D95E05 /* PBXContainerItemProxy */;
		};
/* End PBXTargetDependency section */

/* Begin PBXVariantGroup section */
		9307CBBD17F1A78A00D95E05 /* InfoPlist.strings */ = {
			isa = PBXVariantGroup;
			children = (
				9307CBBE17F1A78A00D95E05 /* en */,
			);
			name = InfoPlist.strings;
			sourceTree = "<group>";
		};
		9307CBC617F1A78A00D95E05 /* Main.storyboard */ = {
			isa = PBXVariantGroup;
			children = (
				9307CBC717F1A78A00D95E05 /* Base */,
			);
			name = Main.storyboard;
			sourceTree = "<group>";
		};
		9307CBDC17F1A78A00D95E05 /* InfoPlist.strings */ = {
			isa = PBXVariantGroup;
			children = (
				9307CBDD17F1A78A00D95E05 /* en */,
			);
			name = InfoPlist.strings;
			sourceTree = "<group>";
		};
/* End PBXVariantGroup section */

/* Begin XCBuildConfiguration section */
		9307CBE117F1A78A00D95E05 /* Debug */ = {
			isa = XCBuildConfiguration;
			buildSettings = {
				ALWAYS_SEARCH_USER_PATHS = NO;
				ARCHS = "$(ARCHS_STANDARD_INCLUDING_64_BIT)";
				CLANG_CXX_LANGUAGE_STANDARD = "gnu++0x";
				CLANG_CXX_LIBRARY = "libc++";
				CLANG_ENABLE_MODULES = YES;
				CLANG_ENABLE_OBJC_ARC = YES;
				CLANG_WARN_BOOL_CONVERSION = YES;
				CLANG_WARN_CONSTANT_CONVERSION = YES;
				CLANG_WARN_DIRECT_OBJC_ISA_USAGE = YES_ERROR;
				CLANG_WARN_EMPTY_BODY = YES;
				CLANG_WARN_ENUM_CONVERSION = YES;
				CLANG_WARN_INT_CONVERSION = YES;
				CLANG_WARN_OBJC_ROOT_CLASS = YES_ERROR;
				CLANG_WARN__DUPLICATE_METHOD_MATCH = YES;
				"CODE_SIGN_IDENTITY[sdk=iphoneos*]" = "iPhone Developer";
				COPY_PHASE_STRIP = NO;
				GCC_C_LANGUAGE_STANDARD = gnu99;
				GCC_DYNAMIC_NO_PIC = NO;
				GCC_OPTIMIZATION_LEVEL = 0;
				GCC_PREPROCESSOR_DEFINITIONS = (
					"DEBUG=1",
					"$(inherited)",
				);
				GCC_SYMBOLS_PRIVATE_EXTERN = NO;
				GCC_WARN_64_TO_32_BIT_CONVERSION = YES;
				GCC_WARN_ABOUT_RETURN_TYPE = YES_ERROR;
				GCC_WARN_UNDECLARED_SELECTOR = YES;
				GCC_WARN_UNINITIALIZED_AUTOS = YES;
				GCC_WARN_UNUSED_FUNCTION = YES;
				GCC_WARN_UNUSED_VARIABLE = YES;
				IPHONEOS_DEPLOYMENT_TARGET = 7.0;
				ONLY_ACTIVE_ARCH = YES;
				SDKROOT = iphoneos;
			};
			name = Debug;
		};
		9307CBE217F1A78A00D95E05 /* Release */ = {
			isa = XCBuildConfiguration;
			buildSettings = {
				ALWAYS_SEARCH_USER_PATHS = NO;
				ARCHS = "$(ARCHS_STANDARD_INCLUDING_64_BIT)";
				CLANG_CXX_LANGUAGE_STANDARD = "gnu++0x";
				CLANG_CXX_LIBRARY = "libc++";
				CLANG_ENABLE_MODULES = YES;
				CLANG_ENABLE_OBJC_ARC = YES;
				CLANG_WARN_BOOL_CONVERSION = YES;
				CLANG_WARN_CONSTANT_CONVERSION = YES;
				CLANG_WARN_DIRECT_OBJC_ISA_USAGE = YES_ERROR;
				CLANG_WARN_EMPTY_BODY = YES;
				CLANG_WARN_ENUM_CONVERSION = YES;
				CLANG_WARN_INT_CONVERSION = YES;
				CLANG_WARN_OBJC_ROOT_CLASS = YES_ERROR;
				CLANG_WARN__DUPLICATE_METHOD_MATCH = YES;
				"CODE_SIGN_IDENTITY[sdk=iphoneos*]" = "iPhone Developer";
				COPY_PHASE_STRIP = YES;
				ENABLE_NS_ASSERTIONS = NO;
				GCC_C_LANGUAGE_STANDARD = gnu99;
				GCC_WARN_64_TO_32_BIT_CONVERSION = YES;
				GCC_WARN_ABOUT_RETURN_TYPE = YES_ERROR;
				GCC_WARN_UNDECLARED_SELECTOR = YES;
				GCC_WARN_UNINITIALIZED_AUTOS = YES;
				GCC_WARN_UNUSED_FUNCTION = YES;
				GCC_WARN_UNUSED_VARIABLE = YES;
				IPHONEOS_DEPLOYMENT_TARGET = 7.0;
				SDKROOT = iphoneos;
				VALIDATE_PRODUCT = YES;
			};
			name = Release;
		};
		9307CBE417F1A78A00D95E05 /* Debug */ = {
			isa = XCBuildConfiguration;
			buildSettings = {
				ASSETCATALOG_COMPILER_APPICON_NAME = AppIcon;
				ASSETCATALOG_COMPILER_LAUNCHIMAGE_NAME = LaunchImage;
				CODE_SIGN_IDENTITY = "iPhone Developer";
				GCC_PRECOMPILE_PREFIX_HEADER = YES;
				GCC_PREFIX_HEADER = "ExtraSensory/ExtraSensory-Prefix.pch";
				INFOPLIST_FILE = "ExtraSensory/ExtraSensory-Info.plist";
				PRODUCT_NAME = "$(TARGET_NAME)";
				WRAPPER_EXTENSION = app;
			};
			name = Debug;
		};
		9307CBE517F1A78A00D95E05 /* Release */ = {
			isa = XCBuildConfiguration;
			buildSettings = {
				ASSETCATALOG_COMPILER_APPICON_NAME = AppIcon;
				ASSETCATALOG_COMPILER_LAUNCHIMAGE_NAME = LaunchImage;
				CODE_SIGN_IDENTITY = "iPhone Developer";
				GCC_PRECOMPILE_PREFIX_HEADER = YES;
				GCC_PREFIX_HEADER = "ExtraSensory/ExtraSensory-Prefix.pch";
				INFOPLIST_FILE = "ExtraSensory/ExtraSensory-Info.plist";
				PRODUCT_NAME = "$(TARGET_NAME)";
				WRAPPER_EXTENSION = app;
			};
			name = Release;
		};
		9307CBE717F1A78A00D95E05 /* Debug */ = {
			isa = XCBuildConfiguration;
			buildSettings = {
				ARCHS = "$(ARCHS_STANDARD_INCLUDING_64_BIT)";
				BUNDLE_LOADER = "$(BUILT_PRODUCTS_DIR)/ExtraSensory.app/ExtraSensory";
				FRAMEWORK_SEARCH_PATHS = (
					"$(SDKROOT)/Developer/Library/Frameworks",
					"$(inherited)",
					"$(DEVELOPER_FRAMEWORKS_DIR)",
				);
				GCC_PRECOMPILE_PREFIX_HEADER = YES;
				GCC_PREFIX_HEADER = "ExtraSensory/ExtraSensory-Prefix.pch";
				GCC_PREPROCESSOR_DEFINITIONS = (
					"DEBUG=1",
					"$(inherited)",
				);
				INFOPLIST_FILE = "ExtraSensoryTests/ExtraSensoryTests-Info.plist";
				PRODUCT_NAME = "$(TARGET_NAME)";
				TEST_HOST = "$(BUNDLE_LOADER)";
				WRAPPER_EXTENSION = xctest;
			};
			name = Debug;
		};
		9307CBE817F1A78A00D95E05 /* Release */ = {
			isa = XCBuildConfiguration;
			buildSettings = {
				ARCHS = "$(ARCHS_STANDARD_INCLUDING_64_BIT)";
				BUNDLE_LOADER = "$(BUILT_PRODUCTS_DIR)/ExtraSensory.app/ExtraSensory";
				FRAMEWORK_SEARCH_PATHS = (
					"$(SDKROOT)/Developer/Library/Frameworks",
					"$(inherited)",
					"$(DEVELOPER_FRAMEWORKS_DIR)",
				);
				GCC_PRECOMPILE_PREFIX_HEADER = YES;
				GCC_PREFIX_HEADER = "ExtraSensory/ExtraSensory-Prefix.pch";
				INFOPLIST_FILE = "ExtraSensoryTests/ExtraSensoryTests-Info.plist";
				PRODUCT_NAME = "$(TARGET_NAME)";
				TEST_HOST = "$(BUNDLE_LOADER)";
				WRAPPER_EXTENSION = xctest;
			};
			name = Release;
		};
/* End XCBuildConfiguration section */

/* Begin XCConfigurationList section */
		9307CBAC17F1A78A00D95E05 /* Build configuration list for PBXProject "ExtraSensory" */ = {
			isa = XCConfigurationList;
			buildConfigurations = (
				9307CBE117F1A78A00D95E05 /* Debug */,
				9307CBE217F1A78A00D95E05 /* Release */,
			);
			defaultConfigurationIsVisible = 0;
			defaultConfigurationName = Release;
		};
		9307CBE317F1A78A00D95E05 /* Build configuration list for PBXNativeTarget "ExtraSensory" */ = {
			isa = XCConfigurationList;
			buildConfigurations = (
				9307CBE417F1A78A00D95E05 /* Debug */,
				9307CBE517F1A78A00D95E05 /* Release */,
			);
			defaultConfigurationIsVisible = 0;
			defaultConfigurationName = Release;
		};
		9307CBE617F1A78A00D95E05 /* Build configuration list for PBXNativeTarget "ExtraSensoryTests" */ = {
			isa = XCConfigurationList;
			buildConfigurations = (
				9307CBE717F1A78A00D95E05 /* Debug */,
				9307CBE817F1A78A00D95E05 /* Release */,
			);
			defaultConfigurationIsVisible = 0;
			defaultConfigurationName = Release;
		};
/* End XCConfigurationList section */

/* Begin XCVersionGroup section */
		9307CC3317F2075C00D95E05 /* ES_UserDataModel.xcdatamodeld */ = {
			isa = XCVersionGroup;
			children = (
				9307CC3417F2075C00D95E05 /* ES_UserDataModel.xcdatamodel */,
			);
			currentVersion = 9307CC3417F2075C00D95E05 /* ES_UserDataModel.xcdatamodel */;
			path = ES_UserDataModel.xcdatamodeld;
			sourceTree = "<group>";
			versionGroupType = wrapper.xcdatamodel;
		};
/* End XCVersionGroup section */
	};
	rootObject = 9307CBA917F1A78A00D95E05 /* Project object */;
}
